// !$*UTF8*$!
{
	archiveVersion = 1;
	classes = {
	};
	objectVersion = 56;
	objects = {

/* Begin PBXBuildFile section */
		B155417A2C0FE4E800DAAB37 /* AppDelegate.swift in Sources */ = {isa = PBXBuildFile; fileRef = B15541792C0FE4E800DAAB37 /* AppDelegate.swift */; };
		B155417C2C0FE4E800DAAB37 /* SceneDelegate.swift in Sources */ = {isa = PBXBuildFile; fileRef = B155417B2C0FE4E800DAAB37 /* SceneDelegate.swift */; };
		B155417E2C0FE4E800DAAB37 /* ViewController.swift in Sources */ = {isa = PBXBuildFile; fileRef = B155417D2C0FE4E800DAAB37 /* ViewController.swift */; };
		B15541832C0FE4EA00DAAB37 /* Assets.xcassets in Resources */ = {isa = PBXBuildFile; fileRef = B15541822C0FE4EA00DAAB37 /* Assets.xcassets */; };
		B15541862C0FE4EA00DAAB37 /* LaunchScreen.storyboard in Resources */ = {isa = PBXBuildFile; fileRef = B15541842C0FE4EA00DAAB37 /* LaunchScreen.storyboard */; };
		B155418F2C0FE51200DAAB37 /* SnapKit in Frameworks */ = {isa = PBXBuildFile; productRef = B155418E2C0FE51200DAAB37 /* SnapKit */; };
		B15541922C0FE51F00DAAB37 /* Alamofire in Frameworks */ = {isa = PBXBuildFile; productRef = B15541912C0FE51F00DAAB37 /* Alamofire */; };
		B15541952C0FE53100DAAB37 /* Kingfisher in Frameworks */ = {isa = PBXBuildFile; productRef = B15541942C0FE53100DAAB37 /* Kingfisher */; };
		B15541982C0FE55800DAAB37 /* Toast in Frameworks */ = {isa = PBXBuildFile; productRef = B15541972C0FE55800DAAB37 /* Toast */; };
		B155419A2C0FF26600DAAB37 /* Lotto.swift in Sources */ = {isa = PBXBuildFile; fileRef = B15541992C0FF26500DAAB37 /* Lotto.swift */; };
		B155419C2C0FFD9A00DAAB37 /* MarketViewController.swift in Sources */ = {isa = PBXBuildFile; fileRef = B155419B2C0FFD9A00DAAB37 /* MarketViewController.swift */; };
		B155419E2C10041300DAAB37 /* MarketTableViewCell.swift in Sources */ = {isa = PBXBuildFile; fileRef = B155419D2C10041300DAAB37 /* MarketTableViewCell.swift */; };
		B15541A02C1013E300DAAB37 /* CollectionViewController.swift in Sources */ = {isa = PBXBuildFile; fileRef = B155419F2C1013E300DAAB37 /* CollectionViewController.swift */; };
		B15541A22C10140D00DAAB37 /* APIKey.swift in Sources */ = {isa = PBXBuildFile; fileRef = B15541A12C10140D00DAAB37 /* APIKey.swift */; };
		B1642D0D2C17E630003032F9 /* BookTableViewCell.swift in Sources */ = {isa = PBXBuildFile; fileRef = B1642D0C2C17E630003032F9 /* BookTableViewCell.swift */; };
		B1642D0F2C17F387003032F9 /* KakaoBook.swift in Sources */ = {isa = PBXBuildFile; fileRef = B1642D0E2C17F387003032F9 /* KakaoBook.swift */; };
		B1642D112C182C41003032F9 /* BookCollectionViewController.swift in Sources */ = {isa = PBXBuildFile; fileRef = B1642D102C182C41003032F9 /* BookCollectionViewController.swift */; };
		B1642D132C182E70003032F9 /* BookCollectionViewCell.swift in Sources */ = {isa = PBXBuildFile; fileRef = B1642D122C182E70003032F9 /* BookCollectionViewCell.swift */; };
		B1642D1C2C1927A2003032F9 /* ReuseIdentifierProtocol.swift in Sources */ = {isa = PBXBuildFile; fileRef = B1642D1B2C1927A1003032F9 /* ReuseIdentifierProtocol.swift */; };
		B1642D1F2C193464003032F9 /* SignViewController.swift in Sources */ = {isa = PBXBuildFile; fileRef = B1642D1E2C193464003032F9 /* SignViewController.swift */; };
		B1642D222C19370C003032F9 /* BlackRadiusTextField.swift in Sources */ = {isa = PBXBuildFile; fileRef = B1642D212C19370C003032F9 /* BlackRadiusTextField.swift */; };
		B1642D262C194892003032F9 /* Constant.swift in Sources */ = {isa = PBXBuildFile; fileRef = B1642D252C194892003032F9 /* Constant.swift */; };
		B1642EB02C291DF5003032F9 /* LottoManager.swift in Sources */ = {isa = PBXBuildFile; fileRef = B1642EAF2C291DF5003032F9 /* LottoManager.swift */; };
		B182B1722C168B06009C00B1 /* BookViewController.swift in Sources */ = {isa = PBXBuildFile; fileRef = B182B1712C168B06009C00B1 /* BookViewController.swift */; };
		B182B1742C1695B8009C00B1 /* Book.swift in Sources */ = {isa = PBXBuildFile; fileRef = B182B1732C1695B8009C00B1 /* Book.swift */; };
/* End PBXBuildFile section */

/* Begin PBXFileReference section */
		B15541762C0FE4E800DAAB37 /* SeSACNetworkBasicUp.app */ = {isa = PBXFileReference; explicitFileType = wrapper.application; includeInIndex = 0; path = SeSACNetworkBasicUp.app; sourceTree = BUILT_PRODUCTS_DIR; };
		B15541792C0FE4E800DAAB37 /* AppDelegate.swift */ = {isa = PBXFileReference; lastKnownFileType = sourcecode.swift; path = AppDelegate.swift; sourceTree = "<group>"; };
		B155417B2C0FE4E800DAAB37 /* SceneDelegate.swift */ = {isa = PBXFileReference; lastKnownFileType = sourcecode.swift; path = SceneDelegate.swift; sourceTree = "<group>"; };
		B155417D2C0FE4E800DAAB37 /* ViewController.swift */ = {isa = PBXFileReference; lastKnownFileType = sourcecode.swift; path = ViewController.swift; sourceTree = "<group>"; };
		B15541822C0FE4EA00DAAB37 /* Assets.xcassets */ = {isa = PBXFileReference; lastKnownFileType = folder.assetcatalog; path = Assets.xcassets; sourceTree = "<group>"; };
		B15541852C0FE4EA00DAAB37 /* Base */ = {isa = PBXFileReference; lastKnownFileType = file.storyboard; name = Base; path = Base.lproj/LaunchScreen.storyboard; sourceTree = "<group>"; };
		B15541872C0FE4EA00DAAB37 /* Info.plist */ = {isa = PBXFileReference; lastKnownFileType = text.plist.xml; path = Info.plist; sourceTree = "<group>"; };
		B15541992C0FF26500DAAB37 /* Lotto.swift */ = {isa = PBXFileReference; lastKnownFileType = sourcecode.swift; path = Lotto.swift; sourceTree = "<group>"; };
		B155419B2C0FFD9A00DAAB37 /* MarketViewController.swift */ = {isa = PBXFileReference; lastKnownFileType = sourcecode.swift; path = MarketViewController.swift; sourceTree = "<group>"; };
		B155419D2C10041300DAAB37 /* MarketTableViewCell.swift */ = {isa = PBXFileReference; lastKnownFileType = sourcecode.swift; path = MarketTableViewCell.swift; sourceTree = "<group>"; };
		B155419F2C1013E300DAAB37 /* CollectionViewController.swift */ = {isa = PBXFileReference; lastKnownFileType = sourcecode.swift; path = CollectionViewController.swift; sourceTree = "<group>"; };
		B15541A12C10140D00DAAB37 /* APIKey.swift */ = {isa = PBXFileReference; lastKnownFileType = sourcecode.swift; path = APIKey.swift; sourceTree = "<group>"; };
		B1642D0C2C17E630003032F9 /* BookTableViewCell.swift */ = {isa = PBXFileReference; lastKnownFileType = sourcecode.swift; path = BookTableViewCell.swift; sourceTree = "<group>"; };
		B1642D0E2C17F387003032F9 /* KakaoBook.swift */ = {isa = PBXFileReference; lastKnownFileType = sourcecode.swift; path = KakaoBook.swift; sourceTree = "<group>"; };
		B1642D102C182C41003032F9 /* BookCollectionViewController.swift */ = {isa = PBXFileReference; lastKnownFileType = sourcecode.swift; path = BookCollectionViewController.swift; sourceTree = "<group>"; };
		B1642D122C182E70003032F9 /* BookCollectionViewCell.swift */ = {isa = PBXFileReference; lastKnownFileType = sourcecode.swift; path = BookCollectionViewCell.swift; sourceTree = "<group>"; };
		B1642D1B2C1927A1003032F9 /* ReuseIdentifierProtocol.swift */ = {isa = PBXFileReference; lastKnownFileType = sourcecode.swift; path = ReuseIdentifierProtocol.swift; sourceTree = "<group>"; };
		B1642D1E2C193464003032F9 /* SignViewController.swift */ = {isa = PBXFileReference; lastKnownFileType = sourcecode.swift; path = SignViewController.swift; sourceTree = "<group>"; };
		B1642D212C19370C003032F9 /* BlackRadiusTextField.swift */ = {isa = PBXFileReference; lastKnownFileType = sourcecode.swift; path = BlackRadiusTextField.swift; sourceTree = "<group>"; };
		B1642D252C194892003032F9 /* Constant.swift */ = {isa = PBXFileReference; lastKnownFileType = sourcecode.swift; path = Constant.swift; sourceTree = "<group>"; };
		B1642EAF2C291DF5003032F9 /* LottoManager.swift */ = {isa = PBXFileReference; lastKnownFileType = sourcecode.swift; path = LottoManager.swift; sourceTree = "<group>"; };
		B182B1712C168B06009C00B1 /* BookViewController.swift */ = {isa = PBXFileReference; lastKnownFileType = sourcecode.swift; path = BookViewController.swift; sourceTree = "<group>"; };
		B182B1732C1695B8009C00B1 /* Book.swift */ = {isa = PBXFileReference; lastKnownFileType = sourcecode.swift; path = Book.swift; sourceTree = "<group>"; };
/* End PBXFileReference section */

/* Begin PBXFrameworksBuildPhase section */
		B15541732C0FE4E800DAAB37 /* Frameworks */ = {
			isa = PBXFrameworksBuildPhase;
			buildActionMask = 2147483647;
			files = (
				B15541982C0FE55800DAAB37 /* Toast in Frameworks */,
				B15541952C0FE53100DAAB37 /* Kingfisher in Frameworks */,
				B155418F2C0FE51200DAAB37 /* SnapKit in Frameworks */,
				B15541922C0FE51F00DAAB37 /* Alamofire in Frameworks */,
			);
			runOnlyForDeploymentPostprocessing = 0;
		};
/* End PBXFrameworksBuildPhase section */

/* Begin PBXGroup section */
		B155416D2C0FE4E800DAAB37 = {
			isa = PBXGroup;
			children = (
				B15541782C0FE4E800DAAB37 /* SeSACNetworkBasicUp */,
				B15541772C0FE4E800DAAB37 /* Products */,
			);
			sourceTree = "<group>";
		};
		B15541772C0FE4E800DAAB37 /* Products */ = {
			isa = PBXGroup;
			children = (
				B15541762C0FE4E800DAAB37 /* SeSACNetworkBasicUp.app */,
			);
			name = Products;
			sourceTree = "<group>";
		};
		B15541782C0FE4E800DAAB37 /* SeSACNetworkBasicUp */ = {
			isa = PBXGroup;
			children = (
				B15541792C0FE4E800DAAB37 /* AppDelegate.swift */,
				B155417B2C0FE4E800DAAB37 /* SceneDelegate.swift */,
				B1642D1B2C1927A1003032F9 /* ReuseIdentifierProtocol.swift */,
				B1642EAF2C291DF5003032F9 /* LottoManager.swift */,
				B1642D242C194856003032F9 /* Constant */,
				B1642D202C1936CC003032F9 /* CustomView */,
				B1642D1D2C193449003032F9 /* Sign */,
				B1642D232C19466C003032F9 /* Market */,
				B182B1702C168AF0009C00B1 /* Book */,
				B15541822C0FE4EA00DAAB37 /* Assets.xcassets */,
				B15541842C0FE4EA00DAAB37 /* LaunchScreen.storyboard */,
				B15541872C0FE4EA00DAAB37 /* Info.plist */,
			);
			path = SeSACNetworkBasicUp;
			sourceTree = "<group>";
		};
		B1642D1D2C193449003032F9 /* Sign */ = {
			isa = PBXGroup;
			children = (
				B1642D1E2C193464003032F9 /* SignViewController.swift */,
			);
			path = Sign;
			sourceTree = "<group>";
		};
		B1642D202C1936CC003032F9 /* CustomView */ = {
			isa = PBXGroup;
			children = (
				B1642D212C19370C003032F9 /* BlackRadiusTextField.swift */,
			);
			path = CustomView;
			sourceTree = "<group>";
		};
		B1642D232C19466C003032F9 /* Market */ = {
			isa = PBXGroup;
			children = (
				B155417D2C0FE4E800DAAB37 /* ViewController.swift */,
				B15541992C0FF26500DAAB37 /* Lotto.swift */,
				B155419B2C0FFD9A00DAAB37 /* MarketViewController.swift */,
				B155419D2C10041300DAAB37 /* MarketTableViewCell.swift */,
			);
			path = Market;
			sourceTree = "<group>";
		};
		B1642D242C194856003032F9 /* Constant */ = {
			isa = PBXGroup;
			children = (
				B15541A12C10140D00DAAB37 /* APIKey.swift */,
				B1642D252C194892003032F9 /* Constant.swift */,
			);
			path = Constant;
			sourceTree = "<group>";
		};
		B182B1702C168AF0009C00B1 /* Book */ = {
			isa = PBXGroup;
			children = (
				B182B1712C168B06009C00B1 /* BookViewController.swift */,
				B1642D0C2C17E630003032F9 /* BookTableViewCell.swift */,
				B182B1732C1695B8009C00B1 /* Book.swift */,
				B1642D102C182C41003032F9 /* BookCollectionViewController.swift */,
				B1642D122C182E70003032F9 /* BookCollectionViewCell.swift */,
				B155419F2C1013E300DAAB37 /* CollectionViewController.swift */,
				B1642D0E2C17F387003032F9 /* KakaoBook.swift */,
			);
			path = Book;
			sourceTree = "<group>";
		};
/* End PBXGroup section */

/* Begin PBXNativeTarget section */
		B15541752C0FE4E800DAAB37 /* SeSACNetworkBasicUp */ = {
			isa = PBXNativeTarget;
			buildConfigurationList = B155418A2C0FE4EA00DAAB37 /* Build configuration list for PBXNativeTarget "SeSACNetworkBasicUp" */;
			buildPhases = (
				B15541722C0FE4E800DAAB37 /* Sources */,
				B15541732C0FE4E800DAAB37 /* Frameworks */,
				B15541742C0FE4E800DAAB37 /* Resources */,
			);
			buildRules = (
			);
			dependencies = (
			);
			name = SeSACNetworkBasicUp;
			packageProductDependencies = (
				B155418E2C0FE51200DAAB37 /* SnapKit */,
				B15541912C0FE51F00DAAB37 /* Alamofire */,
				B15541942C0FE53100DAAB37 /* Kingfisher */,
				B15541972C0FE55800DAAB37 /* Toast */,
			);
			productName = SeSACNetworkBasicUp;
			productReference = B15541762C0FE4E800DAAB37 /* SeSACNetworkBasicUp.app */;
			productType = "com.apple.product-type.application";
		};
/* End PBXNativeTarget section */

/* Begin PBXProject section */
		B155416E2C0FE4E800DAAB37 /* Project object */ = {
			isa = PBXProject;
			attributes = {
				BuildIndependentTargetsInParallel = 1;
				LastSwiftUpdateCheck = 1520;
				LastUpgradeCheck = 1520;
				TargetAttributes = {
					B15541752C0FE4E800DAAB37 = {
						CreatedOnToolsVersion = 15.2;
					};
				};
			};
			buildConfigurationList = B15541712C0FE4E800DAAB37 /* Build configuration list for PBXProject "SeSACNetworkBasicUp" */;
			compatibilityVersion = "Xcode 14.0";
			developmentRegion = en;
			hasScannedForEncodings = 0;
			knownRegions = (
				en,
				Base,
			);
			mainGroup = B155416D2C0FE4E800DAAB37;
			packageReferences = (
				B155418D2C0FE51200DAAB37 /* XCRemoteSwiftPackageReference "SnapKit" */,
				B15541902C0FE51F00DAAB37 /* XCRemoteSwiftPackageReference "Alamofire" */,
				B15541932C0FE53100DAAB37 /* XCRemoteSwiftPackageReference "Kingfisher" */,
				B15541962C0FE55800DAAB37 /* XCRemoteSwiftPackageReference "Toast-Swift" */,
			);
			productRefGroup = B15541772C0FE4E800DAAB37 /* Products */;
			projectDirPath = "";
			projectRoot = "";
			targets = (
				B15541752C0FE4E800DAAB37 /* SeSACNetworkBasicUp */,
			);
		};
/* End PBXProject section */

/* Begin PBXResourcesBuildPhase section */
		B15541742C0FE4E800DAAB37 /* Resources */ = {
			isa = PBXResourcesBuildPhase;
			buildActionMask = 2147483647;
			files = (
				B15541862C0FE4EA00DAAB37 /* LaunchScreen.storyboard in Resources */,
				B15541832C0FE4EA00DAAB37 /* Assets.xcassets in Resources */,
			);
			runOnlyForDeploymentPostprocessing = 0;
		};
/* End PBXResourcesBuildPhase section */

/* Begin PBXSourcesBuildPhase section */
		B15541722C0FE4E800DAAB37 /* Sources */ = {
			isa = PBXSourcesBuildPhase;
			buildActionMask = 2147483647;
			files = (
				B155419A2C0FF26600DAAB37 /* Lotto.swift in Sources */,
				B155417E2C0FE4E800DAAB37 /* ViewController.swift in Sources */,
				B1642D222C19370C003032F9 /* BlackRadiusTextField.swift in Sources */,
				B15541A22C10140D00DAAB37 /* APIKey.swift in Sources */,
				B1642D1F2C193464003032F9 /* SignViewController.swift in Sources */,
				B1642D0D2C17E630003032F9 /* BookTableViewCell.swift in Sources */,
				B1642D0F2C17F387003032F9 /* KakaoBook.swift in Sources */,
				B1642D1C2C1927A2003032F9 /* ReuseIdentifierProtocol.swift in Sources */,
				B155419C2C0FFD9A00DAAB37 /* MarketViewController.swift in Sources */,
				B155417A2C0FE4E800DAAB37 /* AppDelegate.swift in Sources */,
				B182B1742C1695B8009C00B1 /* Book.swift in Sources */,
				B1642D262C194892003032F9 /* Constant.swift in Sources */,
				B15541A02C1013E300DAAB37 /* CollectionViewController.swift in Sources */,
				B182B1722C168B06009C00B1 /* BookViewController.swift in Sources */,
				B1642D112C182C41003032F9 /* BookCollectionViewController.swift in Sources */,
				B1642EB02C291DF5003032F9 /* LottoManager.swift in Sources */,
				B1642D132C182E70003032F9 /* BookCollectionViewCell.swift in Sources */,
				B155417C2C0FE4E800DAAB37 /* SceneDelegate.swift in Sources */,
				B155419E2C10041300DAAB37 /* MarketTableViewCell.swift in Sources */,
			);
			runOnlyForDeploymentPostprocessing = 0;
		};
/* End PBXSourcesBuildPhase section */

/* Begin PBXVariantGroup section */
		B15541842C0FE4EA00DAAB37 /* LaunchScreen.storyboard */ = {
			isa = PBXVariantGroup;
			children = (
				B15541852C0FE4EA00DAAB37 /* Base */,
			);
			name = LaunchScreen.storyboard;
			sourceTree = "<group>";
		};
/* End PBXVariantGroup section */

/* Begin XCBuildConfiguration section */
		B15541882C0FE4EA00DAAB37 /* Debug */ = {
			isa = XCBuildConfiguration;
			buildSettings = {
				ALWAYS_SEARCH_USER_PATHS = NO;
				ASSETCATALOG_COMPILER_GENERATE_SWIFT_ASSET_SYMBOL_EXTENSIONS = YES;
				CLANG_ANALYZER_NONNULL = YES;
				CLANG_ANALYZER_NUMBER_OBJECT_CONVERSION = YES_AGGRESSIVE;
				CLANG_CXX_LANGUAGE_STANDARD = "gnu++20";
				CLANG_ENABLE_MODULES = YES;
				CLANG_ENABLE_OBJC_ARC = YES;
				CLANG_ENABLE_OBJC_WEAK = YES;
				CLANG_WARN_BLOCK_CAPTURE_AUTORELEASING = YES;
				CLANG_WARN_BOOL_CONVERSION = YES;
				CLANG_WARN_COMMA = YES;
				CLANG_WARN_CONSTANT_CONVERSION = YES;
				CLANG_WARN_DEPRECATED_OBJC_IMPLEMENTATIONS = YES;
				CLANG_WARN_DIRECT_OBJC_ISA_USAGE = YES_ERROR;
				CLANG_WARN_DOCUMENTATION_COMMENTS = YES;
				CLANG_WARN_EMPTY_BODY = YES;
				CLANG_WARN_ENUM_CONVERSION = YES;
				CLANG_WARN_INFINITE_RECURSION = YES;
				CLANG_WARN_INT_CONVERSION = YES;
				CLANG_WARN_NON_LITERAL_NULL_CONVERSION = YES;
				CLANG_WARN_OBJC_IMPLICIT_RETAIN_SELF = YES;
				CLANG_WARN_OBJC_LITERAL_CONVERSION = YES;
				CLANG_WARN_OBJC_ROOT_CLASS = YES_ERROR;
				CLANG_WARN_QUOTED_INCLUDE_IN_FRAMEWORK_HEADER = YES;
				CLANG_WARN_RANGE_LOOP_ANALYSIS = YES;
				CLANG_WARN_STRICT_PROTOTYPES = YES;
				CLANG_WARN_SUSPICIOUS_MOVE = YES;
				CLANG_WARN_UNGUARDED_AVAILABILITY = YES_AGGRESSIVE;
				CLANG_WARN_UNREACHABLE_CODE = YES;
				CLANG_WARN__DUPLICATE_METHOD_MATCH = YES;
				COPY_PHASE_STRIP = NO;
				DEBUG_INFORMATION_FORMAT = dwarf;
				ENABLE_STRICT_OBJC_MSGSEND = YES;
				ENABLE_TESTABILITY = YES;
				ENABLE_USER_SCRIPT_SANDBOXING = YES;
				GCC_C_LANGUAGE_STANDARD = gnu17;
				GCC_DYNAMIC_NO_PIC = NO;
				GCC_NO_COMMON_BLOCKS = YES;
				GCC_OPTIMIZATION_LEVEL = 0;
				GCC_PREPROCESSOR_DEFINITIONS = (
					"DEBUG=1",
					"$(inherited)",
				);
				GCC_WARN_64_TO_32_BIT_CONVERSION = YES;
				GCC_WARN_ABOUT_RETURN_TYPE = YES_ERROR;
				GCC_WARN_UNDECLARED_SELECTOR = YES;
				GCC_WARN_UNINITIALIZED_AUTOS = YES_AGGRESSIVE;
				GCC_WARN_UNUSED_FUNCTION = YES;
				GCC_WARN_UNUSED_VARIABLE = YES;
				IPHONEOS_DEPLOYMENT_TARGET = 17.2;
				LOCALIZATION_PREFERS_STRING_CATALOGS = YES;
				MTL_ENABLE_DEBUG_INFO = INCLUDE_SOURCE;
				MTL_FAST_MATH = YES;
				ONLY_ACTIVE_ARCH = YES;
				SDKROOT = iphoneos;
				SWIFT_ACTIVE_COMPILATION_CONDITIONS = "DEBUG $(inherited)";
				SWIFT_OPTIMIZATION_LEVEL = "-Onone";
			};
			name = Debug;
		};
		B15541892C0FE4EA00DAAB37 /* Release */ = {
			isa = XCBuildConfiguration;
			buildSettings = {
				ALWAYS_SEARCH_USER_PATHS = NO;
				ASSETCATALOG_COMPILER_GENERATE_SWIFT_ASSET_SYMBOL_EXTENSIONS = YES;
				CLANG_ANALYZER_NONNULL = YES;
				CLANG_ANALYZER_NUMBER_OBJECT_CONVERSION = YES_AGGRESSIVE;
				CLANG_CXX_LANGUAGE_STANDARD = "gnu++20";
				CLANG_ENABLE_MODULES = YES;
				CLANG_ENABLE_OBJC_ARC = YES;
				CLANG_ENABLE_OBJC_WEAK = YES;
				CLANG_WARN_BLOCK_CAPTURE_AUTORELEASING = YES;
				CLANG_WARN_BOOL_CONVERSION = YES;
				CLANG_WARN_COMMA = YES;
				CLANG_WARN_CONSTANT_CONVERSION = YES;
				CLANG_WARN_DEPRECATED_OBJC_IMPLEMENTATIONS = YES;
				CLANG_WARN_DIRECT_OBJC_ISA_USAGE = YES_ERROR;
				CLANG_WARN_DOCUMENTATION_COMMENTS = YES;
				CLANG_WARN_EMPTY_BODY = YES;
				CLANG_WARN_ENUM_CONVERSION = YES;
				CLANG_WARN_INFINITE_RECURSION = YES;
				CLANG_WARN_INT_CONVERSION = YES;
				CLANG_WARN_NON_LITERAL_NULL_CONVERSION = YES;
				CLANG_WARN_OBJC_IMPLICIT_RETAIN_SELF = YES;
				CLANG_WARN_OBJC_LITERAL_CONVERSION = YES;
				CLANG_WARN_OBJC_ROOT_CLASS = YES_ERROR;
				CLANG_WARN_QUOTED_INCLUDE_IN_FRAMEWORK_HEADER = YES;
				CLANG_WARN_RANGE_LOOP_ANALYSIS = YES;
				CLANG_WARN_STRICT_PROTOTYPES = YES;
				CLANG_WARN_SUSPICIOUS_MOVE = YES;
				CLANG_WARN_UNGUARDED_AVAILABILITY = YES_AGGRESSIVE;
				CLANG_WARN_UNREACHABLE_CODE = YES;
				CLANG_WARN__DUPLICATE_METHOD_MATCH = YES;
				COPY_PHASE_STRIP = NO;
				DEBUG_INFORMATION_FORMAT = "dwarf-with-dsym";
				ENABLE_NS_ASSERTIONS = NO;
				ENABLE_STRICT_OBJC_MSGSEND = YES;
				ENABLE_USER_SCRIPT_SANDBOXING = YES;
				GCC_C_LANGUAGE_STANDARD = gnu17;
				GCC_NO_COMMON_BLOCKS = YES;
				GCC_WARN_64_TO_32_BIT_CONVERSION = YES;
				GCC_WARN_ABOUT_RETURN_TYPE = YES_ERROR;
				GCC_WARN_UNDECLARED_SELECTOR = YES;
				GCC_WARN_UNINITIALIZED_AUTOS = YES_AGGRESSIVE;
				GCC_WARN_UNUSED_FUNCTION = YES;
				GCC_WARN_UNUSED_VARIABLE = YES;
				IPHONEOS_DEPLOYMENT_TARGET = 17.2;
				LOCALIZATION_PREFERS_STRING_CATALOGS = YES;
				MTL_ENABLE_DEBUG_INFO = NO;
				MTL_FAST_MATH = YES;
				SDKROOT = iphoneos;
				SWIFT_COMPILATION_MODE = wholemodule;
				VALIDATE_PRODUCT = YES;
			};
			name = Release;
		};
		B155418B2C0FE4EA00DAAB37 /* Debug */ = {
			isa = XCBuildConfiguration;
			buildSettings = {
				ASSETCATALOG_COMPILER_APPICON_NAME = AppIcon;
				ASSETCATALOG_COMPILER_GLOBAL_ACCENT_COLOR_NAME = AccentColor;
				CODE_SIGN_STYLE = Automatic;
				CURRENT_PROJECT_VERSION = 1;
				DEVELOPMENT_TEAM = A8L5QZ969G;
				GENERATE_INFOPLIST_FILE = YES;
				INFOPLIST_FILE = SeSACNetworkBasicUp/Info.plist;
				INFOPLIST_KEY_UIApplicationSupportsIndirectInputEvents = YES;
				INFOPLIST_KEY_UILaunchStoryboardName = LaunchScreen;
				INFOPLIST_KEY_UISupportedInterfaceOrientations = UIInterfaceOrientationPortrait;
				INFOPLIST_KEY_UISupportedInterfaceOrientations_iPad = "UIInterfaceOrientationLandscapeLeft UIInterfaceOrientationLandscapeRight UIInterfaceOrientationPortrait UIInterfaceOrientationPortraitUpsideDown";
				IPHONEOS_DEPLOYMENT_TARGET = 16.2;
				LD_RUNPATH_SEARCH_PATHS = (
					"$(inherited)",
					"@executable_path/Frameworks",
				);
				MARKETING_VERSION = 1.0;
				PRODUCT_BUNDLE_IDENTIFIER = com.thanky.SeSACNetworkBasicUp;
				PRODUCT_NAME = "$(TARGET_NAME)";
				SUPPORTED_PLATFORMS = "iphoneos iphonesimulator";
				SUPPORTS_MACCATALYST = NO;
				SUPPORTS_MAC_DESIGNED_FOR_IPHONE_IPAD = NO;
				SUPPORTS_XR_DESIGNED_FOR_IPHONE_IPAD = NO;
				SWIFT_EMIT_LOC_STRINGS = YES;
				SWIFT_VERSION = 5.0;
				TARGETED_DEVICE_FAMILY = 1;
			};
			name = Debug;
		};
		B155418C2C0FE4EA00DAAB37 /* Release */ = {
			isa = XCBuildConfiguration;
			buildSettings = {
				ASSETCATALOG_COMPILER_APPICON_NAME = AppIcon;
				ASSETCATALOG_COMPILER_GLOBAL_ACCENT_COLOR_NAME = AccentColor;
				CODE_SIGN_STYLE = Automatic;
				CURRENT_PROJECT_VERSION = 1;
				DEVELOPMENT_TEAM = A8L5QZ969G;
				GENERATE_INFOPLIST_FILE = YES;
				INFOPLIST_FILE = SeSACNetworkBasicUp/Info.plist;
				INFOPLIST_KEY_UIApplicationSupportsIndirectInputEvents = YES;
				INFOPLIST_KEY_UILaunchStoryboardName = LaunchScreen;
				INFOPLIST_KEY_UISupportedInterfaceOrientations = UIInterfaceOrientationPortrait;
				INFOPLIST_KEY_UISupportedInterfaceOrientations_iPad = "UIInterfaceOrientationLandscapeLeft UIInterfaceOrientationLandscapeRight UIInterfaceOrientationPortrait UIInterfaceOrientationPortraitUpsideDown";
				IPHONEOS_DEPLOYMENT_TARGET = 16.2;
				LD_RUNPATH_SEARCH_PATHS = (
					"$(inherited)",
					"@executable_path/Frameworks",
				);
				MARKETING_VERSION = 1.0;
				PRODUCT_BUNDLE_IDENTIFIER = com.thanky.SeSACNetworkBasicUp;
				PRODUCT_NAME = "$(TARGET_NAME)";
				SUPPORTED_PLATFORMS = "iphoneos iphonesimulator";
				SUPPORTS_MACCATALYST = NO;
				SUPPORTS_MAC_DESIGNED_FOR_IPHONE_IPAD = NO;
				SUPPORTS_XR_DESIGNED_FOR_IPHONE_IPAD = NO;
				SWIFT_EMIT_LOC_STRINGS = YES;
				SWIFT_VERSION = 5.0;
				TARGETED_DEVICE_FAMILY = 1;
			};
			name = Release;
		};
/* End XCBuildConfiguration section */

/* Begin XCConfigurationList section */
		B15541712C0FE4E800DAAB37 /* Build configuration list for PBXProject "SeSACNetworkBasicUp" */ = {
			isa = XCConfigurationList;
			buildConfigurations = (
				B15541882C0FE4EA00DAAB37 /* Debug */,
				B15541892C0FE4EA00DAAB37 /* Release */,
			);
			defaultConfigurationIsVisible = 0;
			defaultConfigurationName = Release;
		};
		B155418A2C0FE4EA00DAAB37 /* Build configuration list for PBXNativeTarget "SeSACNetworkBasicUp" */ = {
			isa = XCConfigurationList;
			buildConfigurations = (
				B155418B2C0FE4EA00DAAB37 /* Debug */,
				B155418C2C0FE4EA00DAAB37 /* Release */,
			);
			defaultConfigurationIsVisible = 0;
			defaultConfigurationName = Release;
		};
/* End XCConfigurationList section */

/* Begin XCRemoteSwiftPackageReference section */
		B155418D2C0FE51200DAAB37 /* XCRemoteSwiftPackageReference "SnapKit" */ = {
			isa = XCRemoteSwiftPackageReference;
			repositoryURL = "https://github.com/SnapKit/SnapKit";
			requirement = {
				kind = upToNextMajorVersion;
				minimumVersion = 5.7.1;
			};
		};
		B15541902C0FE51F00DAAB37 /* XCRemoteSwiftPackageReference "Alamofire" */ = {
			isa = XCRemoteSwiftPackageReference;
			repositoryURL = "https://github.com/Alamofire/Alamofire.git";
			requirement = {
				kind = upToNextMajorVersion;
				minimumVersion = 5.9.1;
			};
		};
		B15541932C0FE53100DAAB37 /* XCRemoteSwiftPackageReference "Kingfisher" */ = {
			isa = XCRemoteSwiftPackageReference;
			repositoryURL = "https://github.com/onevcat/Kingfisher";
			requirement = {
				kind = upToNextMajorVersion;
				minimumVersion = 7.11.0;
			};
		};
		B15541962C0FE55800DAAB37 /* XCRemoteSwiftPackageReference "Toast-Swift" */ = {
			isa = XCRemoteSwiftPackageReference;
			repositoryURL = "https://github.com/scalessec/Toast-Swift";
			requirement = {
				kind = upToNextMajorVersion;
				minimumVersion = 5.1.1;
			};
		};
/* End XCRemoteSwiftPackageReference section */

/* Begin XCSwiftPackageProductDependency section */
		B155418E2C0FE51200DAAB37 /* SnapKit */ = {
			isa = XCSwiftPackageProductDependency;
			package = B155418D2C0FE51200DAAB37 /* XCRemoteSwiftPackageReference "SnapKit" */;
			productName = SnapKit;
		};
		B15541912C0FE51F00DAAB37 /* Alamofire */ = {
			isa = XCSwiftPackageProductDependency;
			package = B15541902C0FE51F00DAAB37 /* XCRemoteSwiftPackageReference "Alamofire" */;
			productName = Alamofire;
		};
		B15541942C0FE53100DAAB37 /* Kingfisher */ = {
			isa = XCSwiftPackageProductDependency;
			package = B15541932C0FE53100DAAB37 /* XCRemoteSwiftPackageReference "Kingfisher" */;
			productName = Kingfisher;
		};
		B15541972C0FE55800DAAB37 /* Toast */ = {
			isa = XCSwiftPackageProductDependency;
			package = B15541962C0FE55800DAAB37 /* XCRemoteSwiftPackageReference "Toast-Swift" */;
			productName = Toast;
		};
/* End XCSwiftPackageProductDependency section */
	};
	rootObject = B155416E2C0FE4E800DAAB37 /* Project object */;
}
