// !$*UTF8*$!
{
	archiveVersion = 1;
	classes = {
	};
	objectVersion = 56;
	objects = {

/* Begin PBXBuildFile section */
		B15541E82C10A5C100DAAB37 /* AppDelegate.swift in Sources */ = {isa = PBXBuildFile; fileRef = B15541E72C10A5C100DAAB37 /* AppDelegate.swift */; };
		B15541EA2C10A5C100DAAB37 /* SceneDelegate.swift in Sources */ = {isa = PBXBuildFile; fileRef = B15541E92C10A5C100DAAB37 /* SceneDelegate.swift */; };
		B15541EC2C10A5C100DAAB37 /* ViewController.swift in Sources */ = {isa = PBXBuildFile; fileRef = B15541EB2C10A5C100DAAB37 /* ViewController.swift */; };
		B15541F12C10A5C300DAAB37 /* Assets.xcassets in Resources */ = {isa = PBXBuildFile; fileRef = B15541F02C10A5C300DAAB37 /* Assets.xcassets */; };
		B15541F42C10A5C300DAAB37 /* LaunchScreen.storyboard in Resources */ = {isa = PBXBuildFile; fileRef = B15541F22C10A5C300DAAB37 /* LaunchScreen.storyboard */; };
		B15541FD2C10A91800DAAB37 /* SnapKit in Frameworks */ = {isa = PBXBuildFile; productRef = B15541FC2C10A91800DAAB37 /* SnapKit */; };
		B15542002C10A93900DAAB37 /* Alamofire in Frameworks */ = {isa = PBXBuildFile; productRef = B15541FF2C10A93900DAAB37 /* Alamofire */; };
		B15542022C10AD2F00DAAB37 /* APIKey.swift in Sources */ = {isa = PBXBuildFile; fileRef = B15542012C10AD2F00DAAB37 /* APIKey.swift */; };
		B15542042C10B33A00DAAB37 /* MovieTableViewCell.swift in Sources */ = {isa = PBXBuildFile; fileRef = B15542032C10B33A00DAAB37 /* MovieTableViewCell.swift */; };
		B15542062C10D3CF00DAAB37 /* Models.swift in Sources */ = {isa = PBXBuildFile; fileRef = B15542052C10D3CF00DAAB37 /* Models.swift */; };
/* End PBXBuildFile section */

/* Begin PBXFileReference section */
		B15541E42C10A5C100DAAB37 /* MovieBoxOffice.app */ = {isa = PBXFileReference; explicitFileType = wrapper.application; includeInIndex = 0; path = MovieBoxOffice.app; sourceTree = BUILT_PRODUCTS_DIR; };
		B15541E72C10A5C100DAAB37 /* AppDelegate.swift */ = {isa = PBXFileReference; lastKnownFileType = sourcecode.swift; path = AppDelegate.swift; sourceTree = "<group>"; };
		B15541E92C10A5C100DAAB37 /* SceneDelegate.swift */ = {isa = PBXFileReference; lastKnownFileType = sourcecode.swift; path = SceneDelegate.swift; sourceTree = "<group>"; };
		B15541EB2C10A5C100DAAB37 /* ViewController.swift */ = {isa = PBXFileReference; lastKnownFileType = sourcecode.swift; path = ViewController.swift; sourceTree = "<group>"; };
		B15541F02C10A5C300DAAB37 /* Assets.xcassets */ = {isa = PBXFileReference; lastKnownFileType = folder.assetcatalog; path = Assets.xcassets; sourceTree = "<group>"; };
		B15541F32C10A5C300DAAB37 /* Base */ = {isa = PBXFileReference; lastKnownFileType = file.storyboard; name = Base; path = Base.lproj/LaunchScreen.storyboard; sourceTree = "<group>"; };
		B15541F52C10A5C300DAAB37 /* Info.plist */ = {isa = PBXFileReference; lastKnownFileType = text.plist.xml; path = Info.plist; sourceTree = "<group>"; };
		B15542012C10AD2F00DAAB37 /* APIKey.swift */ = {isa = PBXFileReference; lastKnownFileType = sourcecode.swift; path = APIKey.swift; sourceTree = "<group>"; };
		B15542032C10B33A00DAAB37 /* MovieTableViewCell.swift */ = {isa = PBXFileReference; lastKnownFileType = sourcecode.swift; path = MovieTableViewCell.swift; sourceTree = "<group>"; };
		B15542052C10D3CF00DAAB37 /* Models.swift */ = {isa = PBXFileReference; lastKnownFileType = sourcecode.swift; path = Models.swift; sourceTree = "<group>"; };
/* End PBXFileReference section */

/* Begin PBXFrameworksBuildPhase section */
		B15541E12C10A5C100DAAB37 /* Frameworks */ = {
			isa = PBXFrameworksBuildPhase;
			buildActionMask = 2147483647;
			files = (
				B15541FD2C10A91800DAAB37 /* SnapKit in Frameworks */,
				B15542002C10A93900DAAB37 /* Alamofire in Frameworks */,
			);
			runOnlyForDeploymentPostprocessing = 0;
		};
/* End PBXFrameworksBuildPhase section */

/* Begin PBXGroup section */
		B15541DB2C10A5C100DAAB37 = {
			isa = PBXGroup;
			children = (
				B15541E62C10A5C100DAAB37 /* MovieBoxOffice */,
				B15541E52C10A5C100DAAB37 /* Products */,
			);
			sourceTree = "<group>";
		};
		B15541E52C10A5C100DAAB37 /* Products */ = {
			isa = PBXGroup;
			children = (
				B15541E42C10A5C100DAAB37 /* MovieBoxOffice.app */,
			);
			name = Products;
			sourceTree = "<group>";
		};
		B15541E62C10A5C100DAAB37 /* MovieBoxOffice */ = {
			isa = PBXGroup;
			children = (
				B15541E72C10A5C100DAAB37 /* AppDelegate.swift */,
				B15541E92C10A5C100DAAB37 /* SceneDelegate.swift */,
				B15541EB2C10A5C100DAAB37 /* ViewController.swift */,
				B15542032C10B33A00DAAB37 /* MovieTableViewCell.swift */,
				B15542012C10AD2F00DAAB37 /* APIKey.swift */,
				B15542052C10D3CF00DAAB37 /* Models.swift */,
				B15541F02C10A5C300DAAB37 /* Assets.xcassets */,
				B15541F22C10A5C300DAAB37 /* LaunchScreen.storyboard */,
				B15541F52C10A5C300DAAB37 /* Info.plist */,
			);
			path = MovieBoxOffice;
			sourceTree = "<group>";
		};
/* End PBXGroup section */

/* Begin PBXNativeTarget section */
		B15541E32C10A5C100DAAB37 /* MovieBoxOffice */ = {
			isa = PBXNativeTarget;
			buildConfigurationList = B15541F82C10A5C300DAAB37 /* Build configuration list for PBXNativeTarget "MovieBoxOffice" */;
			buildPhases = (
				B15541E02C10A5C100DAAB37 /* Sources */,
				B15541E12C10A5C100DAAB37 /* Frameworks */,
				B15541E22C10A5C100DAAB37 /* Resources */,
			);
			buildRules = (
			);
			dependencies = (
			);
			name = MovieBoxOffice;
			packageProductDependencies = (
				B15541FC2C10A91800DAAB37 /* SnapKit */,
				B15541FF2C10A93900DAAB37 /* Alamofire */,
			);
			productName = MovieBoxOffice;
			productReference = B15541E42C10A5C100DAAB37 /* MovieBoxOffice.app */;
			productType = "com.apple.product-type.application";
		};
/* End PBXNativeTarget section */

/* Begin PBXProject section */
		B15541DC2C10A5C100DAAB37 /* Project object */ = {
			isa = PBXProject;
			attributes = {
				BuildIndependentTargetsInParallel = 1;
				LastSwiftUpdateCheck = 1520;
				LastUpgradeCheck = 1520;
				TargetAttributes = {
					B15541E32C10A5C100DAAB37 = {
						CreatedOnToolsVersion = 15.2;
					};
				};
			};
			buildConfigurationList = B15541DF2C10A5C100DAAB37 /* Build configuration list for PBXProject "MovieBoxOffice" */;
			compatibilityVersion = "Xcode 14.0";
			developmentRegion = en;
			hasScannedForEncodings = 0;
			knownRegions = (
				en,
				Base,
			);
			mainGroup = B15541DB2C10A5C100DAAB37;
			packageReferences = (
				B15541FB2C10A91800DAAB37 /* XCRemoteSwiftPackageReference "SnapKit" */,
				B15541FE2C10A93900DAAB37 /* XCRemoteSwiftPackageReference "Alamofire" */,
			);
			productRefGroup = B15541E52C10A5C100DAAB37 /* Products */;
			projectDirPath = "";
			projectRoot = "";
			targets = (
				B15541E32C10A5C100DAAB37 /* MovieBoxOffice */,
			);
		};
/* End PBXProject section */

/* Begin PBXResourcesBuildPhase section */
		B15541E22C10A5C100DAAB37 /* Resources */ = {
			isa = PBXResourcesBuildPhase;
			buildActionMask = 2147483647;
			files = (
				B15541F42C10A5C300DAAB37 /* LaunchScreen.storyboard in Resources */,
				B15541F12C10A5C300DAAB37 /* Assets.xcassets in Resources */,
			);
			runOnlyForDeploymentPostprocessing = 0;
		};
/* End PBXResourcesBuildPhase section */

/* Begin PBXSourcesBuildPhase section */
		B15541E02C10A5C100DAAB37 /* Sources */ = {
			isa = PBXSourcesBuildPhase;
			buildActionMask = 2147483647;
			files = (
				B15542042C10B33A00DAAB37 /* MovieTableViewCell.swift in Sources */,
				B15541EC2C10A5C100DAAB37 /* ViewController.swift in Sources */,
				B15541E82C10A5C100DAAB37 /* AppDelegate.swift in Sources */,
				B15542062C10D3CF00DAAB37 /* Models.swift in Sources */,
				B15542022C10AD2F00DAAB37 /* APIKey.swift in Sources */,
				B15541EA2C10A5C100DAAB37 /* SceneDelegate.swift in Sources */,
			);
			runOnlyForDeploymentPostprocessing = 0;
		};
/* End PBXSourcesBuildPhase section */

/* Begin PBXVariantGroup section */
		B15541F22C10A5C300DAAB37 /* LaunchScreen.storyboard */ = {
			isa = PBXVariantGroup;
			children = (
				B15541F32C10A5C300DAAB37 /* Base */,
			);
			name = LaunchScreen.storyboard;
			sourceTree = "<group>";
		};
/* End PBXVariantGroup section */

/* Begin XCBuildConfiguration section */
		B15541F62C10A5C300DAAB37 /* Debug */ = {
			isa = XCBuildConfiguration;
			buildSettings = {
				ALWAYS_SEARCH_USER_PATHS = NO;
				ASSETCATALOG_COMPILER_GENERATE_SWIFT_ASSET_SYMBOL_EXTENSIONS = YES;
				CLANG_ANALYZER_NONNULL = YES;
				CLANG_ANALYZER_NUMBER_OBJECT_CONVERSION = YES_AGGRESSIVE;
				CLANG_CXX_LANGUAGE_STANDARD = "gnu++20";
				CLANG_ENABLE_MODULES = YES;
				CLANG_ENABLE_OBJC_ARC = YES;
				CLANG_ENABLE_OBJC_WEAK = YES;
				CLANG_WARN_BLOCK_CAPTURE_AUTORELEASING = YES;
				CLANG_WARN_BOOL_CONVERSION = YES;
				CLANG_WARN_COMMA = YES;
				CLANG_WARN_CONSTANT_CONVERSION = YES;
				CLANG_WARN_DEPRECATED_OBJC_IMPLEMENTATIONS = YES;
				CLANG_WARN_DIRECT_OBJC_ISA_USAGE = YES_ERROR;
				CLANG_WARN_DOCUMENTATION_COMMENTS = YES;
				CLANG_WARN_EMPTY_BODY = YES;
				CLANG_WARN_ENUM_CONVERSION = YES;
				CLANG_WARN_INFINITE_RECURSION = YES;
				CLANG_WARN_INT_CONVERSION = YES;
				CLANG_WARN_NON_LITERAL_NULL_CONVERSION = YES;
				CLANG_WARN_OBJC_IMPLICIT_RETAIN_SELF = YES;
				CLANG_WARN_OBJC_LITERAL_CONVERSION = YES;
				CLANG_WARN_OBJC_ROOT_CLASS = YES_ERROR;
				CLANG_WARN_QUOTED_INCLUDE_IN_FRAMEWORK_HEADER = YES;
				CLANG_WARN_RANGE_LOOP_ANALYSIS = YES;
				CLANG_WARN_STRICT_PROTOTYPES = YES;
				CLANG_WARN_SUSPICIOUS_MOVE = YES;
				CLANG_WARN_UNGUARDED_AVAILABILITY = YES_AGGRESSIVE;
				CLANG_WARN_UNREACHABLE_CODE = YES;
				CLANG_WARN__DUPLICATE_METHOD_MATCH = YES;
				COPY_PHASE_STRIP = NO;
				DEBUG_INFORMATION_FORMAT = dwarf;
				ENABLE_STRICT_OBJC_MSGSEND = YES;
				ENABLE_TESTABILITY = YES;
				ENABLE_USER_SCRIPT_SANDBOXING = YES;
				GCC_C_LANGUAGE_STANDARD = gnu17;
				GCC_DYNAMIC_NO_PIC = NO;
				GCC_NO_COMMON_BLOCKS = YES;
				GCC_OPTIMIZATION_LEVEL = 0;
				GCC_PREPROCESSOR_DEFINITIONS = (
					"DEBUG=1",
					"$(inherited)",
				);
				GCC_WARN_64_TO_32_BIT_CONVERSION = YES;
				GCC_WARN_ABOUT_RETURN_TYPE = YES_ERROR;
				GCC_WARN_UNDECLARED_SELECTOR = YES;
				GCC_WARN_UNINITIALIZED_AUTOS = YES_AGGRESSIVE;
				GCC_WARN_UNUSED_FUNCTION = YES;
				GCC_WARN_UNUSED_VARIABLE = YES;
				IPHONEOS_DEPLOYMENT_TARGET = 17.2;
				LOCALIZATION_PREFERS_STRING_CATALOGS = YES;
				MTL_ENABLE_DEBUG_INFO = INCLUDE_SOURCE;
				MTL_FAST_MATH = YES;
				ONLY_ACTIVE_ARCH = YES;
				SDKROOT = iphoneos;
				SWIFT_ACTIVE_COMPILATION_CONDITIONS = "DEBUG $(inherited)";
				SWIFT_OPTIMIZATION_LEVEL = "-Onone";
			};
			name = Debug;
		};
		B15541F72C10A5C300DAAB37 /* Release */ = {
			isa = XCBuildConfiguration;
			buildSettings = {
				ALWAYS_SEARCH_USER_PATHS = NO;
				ASSETCATALOG_COMPILER_GENERATE_SWIFT_ASSET_SYMBOL_EXTENSIONS = YES;
				CLANG_ANALYZER_NONNULL = YES;
				CLANG_ANALYZER_NUMBER_OBJECT_CONVERSION = YES_AGGRESSIVE;
				CLANG_CXX_LANGUAGE_STANDARD = "gnu++20";
				CLANG_ENABLE_MODULES = YES;
				CLANG_ENABLE_OBJC_ARC = YES;
				CLANG_ENABLE_OBJC_WEAK = YES;
				CLANG_WARN_BLOCK_CAPTURE_AUTORELEASING = YES;
				CLANG_WARN_BOOL_CONVERSION = YES;
				CLANG_WARN_COMMA = YES;
				CLANG_WARN_CONSTANT_CONVERSION = YES;
				CLANG_WARN_DEPRECATED_OBJC_IMPLEMENTATIONS = YES;
				CLANG_WARN_DIRECT_OBJC_ISA_USAGE = YES_ERROR;
				CLANG_WARN_DOCUMENTATION_COMMENTS = YES;
				CLANG_WARN_EMPTY_BODY = YES;
				CLANG_WARN_ENUM_CONVERSION = YES;
				CLANG_WARN_INFINITE_RECURSION = YES;
				CLANG_WARN_INT_CONVERSION = YES;
				CLANG_WARN_NON_LITERAL_NULL_CONVERSION = YES;
				CLANG_WARN_OBJC_IMPLICIT_RETAIN_SELF = YES;
				CLANG_WARN_OBJC_LITERAL_CONVERSION = YES;
				CLANG_WARN_OBJC_ROOT_CLASS = YES_ERROR;
				CLANG_WARN_QUOTED_INCLUDE_IN_FRAMEWORK_HEADER = YES;
				CLANG_WARN_RANGE_LOOP_ANALYSIS = YES;
				CLANG_WARN_STRICT_PROTOTYPES = YES;
				CLANG_WARN_SUSPICIOUS_MOVE = YES;
				CLANG_WARN_UNGUARDED_AVAILABILITY = YES_AGGRESSIVE;
				CLANG_WARN_UNREACHABLE_CODE = YES;
				CLANG_WARN__DUPLICATE_METHOD_MATCH = YES;
				COPY_PHASE_STRIP = NO;
				DEBUG_INFORMATION_FORMAT = "dwarf-with-dsym";
				ENABLE_NS_ASSERTIONS = NO;
				ENABLE_STRICT_OBJC_MSGSEND = YES;
				ENABLE_USER_SCRIPT_SANDBOXING = YES;
				GCC_C_LANGUAGE_STANDARD = gnu17;
				GCC_NO_COMMON_BLOCKS = YES;
				GCC_WARN_64_TO_32_BIT_CONVERSION = YES;
				GCC_WARN_ABOUT_RETURN_TYPE = YES_ERROR;
				GCC_WARN_UNDECLARED_SELECTOR = YES;
				GCC_WARN_UNINITIALIZED_AUTOS = YES_AGGRESSIVE;
				GCC_WARN_UNUSED_FUNCTION = YES;
				GCC_WARN_UNUSED_VARIABLE = YES;
				IPHONEOS_DEPLOYMENT_TARGET = 17.2;
				LOCALIZATION_PREFERS_STRING_CATALOGS = YES;
				MTL_ENABLE_DEBUG_INFO = NO;
				MTL_FAST_MATH = YES;
				SDKROOT = iphoneos;
				SWIFT_COMPILATION_MODE = wholemodule;
				VALIDATE_PRODUCT = YES;
			};
			name = Release;
		};
		B15541F92C10A5C300DAAB37 /* Debug */ = {
			isa = XCBuildConfiguration;
			buildSettings = {
				ASSETCATALOG_COMPILER_APPICON_NAME = AppIcon;
				ASSETCATALOG_COMPILER_GLOBAL_ACCENT_COLOR_NAME = AccentColor;
				CODE_SIGN_STYLE = Automatic;
				CURRENT_PROJECT_VERSION = 1;
				DEVELOPMENT_TEAM = A8L5QZ969G;
				GENERATE_INFOPLIST_FILE = YES;
				INFOPLIST_FILE = MovieBoxOffice/Info.plist;
				INFOPLIST_KEY_UIApplicationSupportsIndirectInputEvents = YES;
				INFOPLIST_KEY_UILaunchStoryboardName = LaunchScreen;
				INFOPLIST_KEY_UISupportedInterfaceOrientations = UIInterfaceOrientationPortrait;
				INFOPLIST_KEY_UISupportedInterfaceOrientations_iPad = "UIInterfaceOrientationLandscapeLeft UIInterfaceOrientationLandscapeRight UIInterfaceOrientationPortrait UIInterfaceOrientationPortraitUpsideDown";
				IPHONEOS_DEPLOYMENT_TARGET = 16.2;
				LD_RUNPATH_SEARCH_PATHS = (
					"$(inherited)",
					"@executable_path/Frameworks",
				);
				MARKETING_VERSION = 1.0;
				PRODUCT_BUNDLE_IDENTIFIER = com.thanky.MovieBoxOffice;
				PRODUCT_NAME = "$(TARGET_NAME)";
				SUPPORTED_PLATFORMS = "iphoneos iphonesimulator";
				SUPPORTS_MACCATALYST = NO;
				SUPPORTS_MAC_DESIGNED_FOR_IPHONE_IPAD = NO;
				SUPPORTS_XR_DESIGNED_FOR_IPHONE_IPAD = NO;
				SWIFT_EMIT_LOC_STRINGS = YES;
				SWIFT_VERSION = 5.0;
				TARGETED_DEVICE_FAMILY = 1;
			};
			name = Debug;
		};
		B15541FA2C10A5C300DAAB37 /* Release */ = {
			isa = XCBuildConfiguration;
			buildSettings = {
				ASSETCATALOG_COMPILER_APPICON_NAME = AppIcon;
				ASSETCATALOG_COMPILER_GLOBAL_ACCENT_COLOR_NAME = AccentColor;
				CODE_SIGN_STYLE = Automatic;
				CURRENT_PROJECT_VERSION = 1;
				DEVELOPMENT_TEAM = A8L5QZ969G;
				GENERATE_INFOPLIST_FILE = YES;
				INFOPLIST_FILE = MovieBoxOffice/Info.plist;
				INFOPLIST_KEY_UIApplicationSupportsIndirectInputEvents = YES;
				INFOPLIST_KEY_UILaunchStoryboardName = LaunchScreen;
				INFOPLIST_KEY_UISupportedInterfaceOrientations = UIInterfaceOrientationPortrait;
				INFOPLIST_KEY_UISupportedInterfaceOrientations_iPad = "UIInterfaceOrientationLandscapeLeft UIInterfaceOrientationLandscapeRight UIInterfaceOrientationPortrait UIInterfaceOrientationPortraitUpsideDown";
				IPHONEOS_DEPLOYMENT_TARGET = 16.2;
				LD_RUNPATH_SEARCH_PATHS = (
					"$(inherited)",
					"@executable_path/Frameworks",
				);
				MARKETING_VERSION = 1.0;
				PRODUCT_BUNDLE_IDENTIFIER = com.thanky.MovieBoxOffice;
				PRODUCT_NAME = "$(TARGET_NAME)";
				SUPPORTED_PLATFORMS = "iphoneos iphonesimulator";
				SUPPORTS_MACCATALYST = NO;
				SUPPORTS_MAC_DESIGNED_FOR_IPHONE_IPAD = NO;
				SUPPORTS_XR_DESIGNED_FOR_IPHONE_IPAD = NO;
				SWIFT_EMIT_LOC_STRINGS = YES;
				SWIFT_VERSION = 5.0;
				TARGETED_DEVICE_FAMILY = 1;
			};
			name = Release;
		};
/* End XCBuildConfiguration section */

/* Begin XCConfigurationList section */
		B15541DF2C10A5C100DAAB37 /* Build configuration list for PBXProject "MovieBoxOffice" */ = {
			isa = XCConfigurationList;
			buildConfigurations = (
				B15541F62C10A5C300DAAB37 /* Debug */,
				B15541F72C10A5C300DAAB37 /* Release */,
			);
			defaultConfigurationIsVisible = 0;
			defaultConfigurationName = Release;
		};
		B15541F82C10A5C300DAAB37 /* Build configuration list for PBXNativeTarget "MovieBoxOffice" */ = {
			isa = XCConfigurationList;
			buildConfigurations = (
				B15541F92C10A5C300DAAB37 /* Debug */,
				B15541FA2C10A5C300DAAB37 /* Release */,
			);
			defaultConfigurationIsVisible = 0;
			defaultConfigurationName = Release;
		};
/* End XCConfigurationList section */

/* Begin XCRemoteSwiftPackageReference section */
		B15541FB2C10A91800DAAB37 /* XCRemoteSwiftPackageReference "SnapKit" */ = {
			isa = XCRemoteSwiftPackageReference;
			repositoryURL = "https://github.com/SnapKit/SnapKit";
			requirement = {
				kind = upToNextMajorVersion;
				minimumVersion = 5.7.1;
			};
		};
		B15541FE2C10A93900DAAB37 /* XCRemoteSwiftPackageReference "Alamofire" */ = {
			isa = XCRemoteSwiftPackageReference;
			repositoryURL = "https://github.com/Alamofire/Alamofire.git";
			requirement = {
				kind = upToNextMajorVersion;
				minimumVersion = 5.9.1;
			};
		};
/* End XCRemoteSwiftPackageReference section */

/* Begin XCSwiftPackageProductDependency section */
		B15541FC2C10A91800DAAB37 /* SnapKit */ = {
			isa = XCSwiftPackageProductDependency;
			package = B15541FB2C10A91800DAAB37 /* XCRemoteSwiftPackageReference "SnapKit" */;
			productName = SnapKit;
		};
		B15541FF2C10A93900DAAB37 /* Alamofire */ = {
			isa = XCSwiftPackageProductDependency;
			package = B15541FE2C10A93900DAAB37 /* XCRemoteSwiftPackageReference "Alamofire" */;
			productName = Alamofire;
		};
/* End XCSwiftPackageProductDependency section */
	};
	rootObject = B15541DC2C10A5C100DAAB37 /* Project object */;
}
