// !$*UTF8*$!
{
	archiveVersion = 1;
	classes = {
	};
	objectVersion = 56;
	objects = {

/* Begin PBXBuildFile section */
		B1CE5F6B2C343F23000F4AA1 /* AppDelegate.swift in Sources */ = {isa = PBXBuildFile; fileRef = B1CE5F6A2C343F23000F4AA1 /* AppDelegate.swift */; };
		B1CE5F6D2C343F23000F4AA1 /* SceneDelegate.swift in Sources */ = {isa = PBXBuildFile; fileRef = B1CE5F6C2C343F23000F4AA1 /* SceneDelegate.swift */; };
		B1CE5F742C343F25000F4AA1 /* Assets.xcassets in Resources */ = {isa = PBXBuildFile; fileRef = B1CE5F732C343F25000F4AA1 /* Assets.xcassets */; };
		B1CE5F772C343F25000F4AA1 /* LaunchScreen.storyboard in Resources */ = {isa = PBXBuildFile; fileRef = B1CE5F752C343F25000F4AA1 /* LaunchScreen.storyboard */; };
		B1CE5F862C34431C000F4AA1 /* BaseView.swift in Sources */ = {isa = PBXBuildFile; fileRef = B1CE5F852C34431C000F4AA1 /* BaseView.swift */; };
		B1CE5F882C344330000F4AA1 /* BaseViewController.swift in Sources */ = {isa = PBXBuildFile; fileRef = B1CE5F872C344330000F4AA1 /* BaseViewController.swift */; };
		B1CE5F8A2C344359000F4AA1 /* BaseTableViewCell.swift in Sources */ = {isa = PBXBuildFile; fileRef = B1CE5F892C344359000F4AA1 /* BaseTableViewCell.swift */; };
		B1CE5F8C2C344370000F4AA1 /* BaseCollectionViewCell.swift in Sources */ = {isa = PBXBuildFile; fileRef = B1CE5F8B2C344370000F4AA1 /* BaseCollectionViewCell.swift */; };
		B1CE5F8E2C3443B1000F4AA1 /* REFont.swift in Sources */ = {isa = PBXBuildFile; fileRef = B1CE5F8D2C3443B1000F4AA1 /* REFont.swift */; };
		B1CE5F912C344461000F4AA1 /* ListDetailViewController.swift in Sources */ = {isa = PBXBuildFile; fileRef = B1CE5F902C344461000F4AA1 /* ListDetailViewController.swift */; };
		B1CE5F952C3444DE000F4AA1 /* NewReminderViewController.swift in Sources */ = {isa = PBXBuildFile; fileRef = B1CE5F942C3444DE000F4AA1 /* NewReminderViewController.swift */; };
		B1CE5F972C3444FA000F4AA1 /* NewListViewController.swift in Sources */ = {isa = PBXBuildFile; fileRef = B1CE5F962C3444FA000F4AA1 /* NewListViewController.swift */; };
		B1CE5F9A2C344573000F4AA1 /* RealmSwift in Frameworks */ = {isa = PBXBuildFile; productRef = B1CE5F992C344573000F4AA1 /* RealmSwift */; };
		B1CE5F9D2C3445A2000F4AA1 /* SnapKit in Frameworks */ = {isa = PBXBuildFile; productRef = B1CE5F9C2C3445A2000F4AA1 /* SnapKit */; };
		B1CE5F9F2C345118000F4AA1 /* MainHeaderCollectionViewCell.swift in Sources */ = {isa = PBXBuildFile; fileRef = B1CE5F9E2C345118000F4AA1 /* MainHeaderCollectionViewCell.swift */; };
		B1CE5FA12C34513E000F4AA1 /* ReuseIdentifierProtocol.swift in Sources */ = {isa = PBXBuildFile; fileRef = B1CE5FA02C34513E000F4AA1 /* ReuseIdentifierProtocol.swift */; };
		B1CE5FA42C3457FC000F4AA1 /* MainViewController.swift in Sources */ = {isa = PBXBuildFile; fileRef = B1CE5FA32C3457FC000F4AA1 /* MainViewController.swift */; };
		B1CE5FA82C3460D4000F4AA1 /* MainHeaderView.swift in Sources */ = {isa = PBXBuildFile; fileRef = B1CE5FA72C3460D4000F4AA1 /* MainHeaderView.swift */; };
		B1CE5FAA2C3460E6000F4AA1 /* MainBodyTableViewCell.swift in Sources */ = {isa = PBXBuildFile; fileRef = B1CE5FA92C3460E6000F4AA1 /* MainBodyTableViewCell.swift */; };
		B1CE5FAE2C34BD0B000F4AA1 /* NewReminderContentsTableViewCell.swift in Sources */ = {isa = PBXBuildFile; fileRef = B1CE5FAD2C34BD0B000F4AA1 /* NewReminderContentsTableViewCell.swift */; };
		B1CE5FB02C34BF50000F4AA1 /* TitleTableViewCell.swift in Sources */ = {isa = PBXBuildFile; fileRef = B1CE5FAF2C34BF50000F4AA1 /* TitleTableViewCell.swift */; };
		B1CE5FB32C34C0E9000F4AA1 /* Enums.swift in Sources */ = {isa = PBXBuildFile; fileRef = B1CE5FB22C34C0E9000F4AA1 /* Enums.swift */; };
		B1CE5FB52C34C97D000F4AA1 /* RealmSwift.swift in Sources */ = {isa = PBXBuildFile; fileRef = B1CE5FB42C34C97D000F4AA1 /* RealmSwift.swift */; };
		B1CE5FB72C34CBB4000F4AA1 /* ListDetailTableViewCell.swift in Sources */ = {isa = PBXBuildFile; fileRef = B1CE5FB62C34CBB4000F4AA1 /* ListDetailTableViewCell.swift */; };
		B1CE5FBC2C3559E0000F4AA1 /* Reminder.swift in Sources */ = {isa = PBXBuildFile; fileRef = B1CE5FBB2C3559E0000F4AA1 /* Reminder.swift */; };
		B1CE5FBF2C35721E000F4AA1 /* RadioButton.swift in Sources */ = {isa = PBXBuildFile; fileRef = B1CE5FBE2C35721E000F4AA1 /* RadioButton.swift */; };
/* End PBXBuildFile section */

/* Begin PBXFileReference section */
		B1CE5F672C343F23000F4AA1 /* Reminder.app */ = {isa = PBXFileReference; explicitFileType = wrapper.application; includeInIndex = 0; path = Reminder.app; sourceTree = BUILT_PRODUCTS_DIR; };
		B1CE5F6A2C343F23000F4AA1 /* AppDelegate.swift */ = {isa = PBXFileReference; lastKnownFileType = sourcecode.swift; path = AppDelegate.swift; sourceTree = "<group>"; };
		B1CE5F6C2C343F23000F4AA1 /* SceneDelegate.swift */ = {isa = PBXFileReference; lastKnownFileType = sourcecode.swift; path = SceneDelegate.swift; sourceTree = "<group>"; };
		B1CE5F732C343F25000F4AA1 /* Assets.xcassets */ = {isa = PBXFileReference; lastKnownFileType = folder.assetcatalog; path = Assets.xcassets; sourceTree = "<group>"; };
		B1CE5F762C343F25000F4AA1 /* Base */ = {isa = PBXFileReference; lastKnownFileType = file.storyboard; name = Base; path = Base.lproj/LaunchScreen.storyboard; sourceTree = "<group>"; };
		B1CE5F782C343F25000F4AA1 /* Info.plist */ = {isa = PBXFileReference; lastKnownFileType = text.plist.xml; path = Info.plist; sourceTree = "<group>"; };
		B1CE5F852C34431C000F4AA1 /* BaseView.swift */ = {isa = PBXFileReference; lastKnownFileType = sourcecode.swift; path = BaseView.swift; sourceTree = "<group>"; };
		B1CE5F872C344330000F4AA1 /* BaseViewController.swift */ = {isa = PBXFileReference; lastKnownFileType = sourcecode.swift; path = BaseViewController.swift; sourceTree = "<group>"; };
		B1CE5F892C344359000F4AA1 /* BaseTableViewCell.swift */ = {isa = PBXFileReference; lastKnownFileType = sourcecode.swift; path = BaseTableViewCell.swift; sourceTree = "<group>"; };
		B1CE5F8B2C344370000F4AA1 /* BaseCollectionViewCell.swift */ = {isa = PBXFileReference; lastKnownFileType = sourcecode.swift; path = BaseCollectionViewCell.swift; sourceTree = "<group>"; };
		B1CE5F8D2C3443B1000F4AA1 /* REFont.swift */ = {isa = PBXFileReference; lastKnownFileType = sourcecode.swift; path = REFont.swift; sourceTree = "<group>"; };
		B1CE5F902C344461000F4AA1 /* ListDetailViewController.swift */ = {isa = PBXFileReference; lastKnownFileType = sourcecode.swift; path = ListDetailViewController.swift; sourceTree = "<group>"; };
		B1CE5F942C3444DE000F4AA1 /* NewReminderViewController.swift */ = {isa = PBXFileReference; lastKnownFileType = sourcecode.swift; path = NewReminderViewController.swift; sourceTree = "<group>"; };
		B1CE5F962C3444FA000F4AA1 /* NewListViewController.swift */ = {isa = PBXFileReference; lastKnownFileType = sourcecode.swift; path = NewListViewController.swift; sourceTree = "<group>"; };
		B1CE5F9E2C345118000F4AA1 /* MainHeaderCollectionViewCell.swift */ = {isa = PBXFileReference; lastKnownFileType = sourcecode.swift; path = MainHeaderCollectionViewCell.swift; sourceTree = "<group>"; };
		B1CE5FA02C34513E000F4AA1 /* ReuseIdentifierProtocol.swift */ = {isa = PBXFileReference; lastKnownFileType = sourcecode.swift; path = ReuseIdentifierProtocol.swift; sourceTree = "<group>"; };
		B1CE5FA32C3457FC000F4AA1 /* MainViewController.swift */ = {isa = PBXFileReference; lastKnownFileType = sourcecode.swift; path = MainViewController.swift; sourceTree = "<group>"; };
		B1CE5FA72C3460D4000F4AA1 /* MainHeaderView.swift */ = {isa = PBXFileReference; lastKnownFileType = sourcecode.swift; path = MainHeaderView.swift; sourceTree = "<group>"; };
		B1CE5FA92C3460E6000F4AA1 /* MainBodyTableViewCell.swift */ = {isa = PBXFileReference; lastKnownFileType = sourcecode.swift; path = MainBodyTableViewCell.swift; sourceTree = "<group>"; };
		B1CE5FAD2C34BD0B000F4AA1 /* NewReminderContentsTableViewCell.swift */ = {isa = PBXFileReference; lastKnownFileType = sourcecode.swift; path = NewReminderContentsTableViewCell.swift; sourceTree = "<group>"; };
		B1CE5FAF2C34BF50000F4AA1 /* TitleTableViewCell.swift */ = {isa = PBXFileReference; lastKnownFileType = sourcecode.swift; path = TitleTableViewCell.swift; sourceTree = "<group>"; };
		B1CE5FB22C34C0E9000F4AA1 /* Enums.swift */ = {isa = PBXFileReference; lastKnownFileType = sourcecode.swift; path = Enums.swift; sourceTree = "<group>"; };
		B1CE5FB42C34C97D000F4AA1 /* RealmSwift.swift */ = {isa = PBXFileReference; lastKnownFileType = sourcecode.swift; path = RealmSwift.swift; sourceTree = "<group>"; };
		B1CE5FB62C34CBB4000F4AA1 /* ListDetailTableViewCell.swift */ = {isa = PBXFileReference; lastKnownFileType = sourcecode.swift; path = ListDetailTableViewCell.swift; sourceTree = "<group>"; };
		B1CE5FBB2C3559E0000F4AA1 /* Reminder.swift */ = {isa = PBXFileReference; lastKnownFileType = sourcecode.swift; path = Reminder.swift; sourceTree = "<group>"; };
		B1CE5FBE2C35721E000F4AA1 /* RadioButton.swift */ = {isa = PBXFileReference; lastKnownFileType = sourcecode.swift; path = RadioButton.swift; sourceTree = "<group>"; };
/* End PBXFileReference section */

/* Begin PBXFrameworksBuildPhase section */
		B1CE5F642C343F23000F4AA1 /* Frameworks */ = {
			isa = PBXFrameworksBuildPhase;
			buildActionMask = 2147483647;
			files = (
				B1CE5F9A2C344573000F4AA1 /* RealmSwift in Frameworks */,
				B1CE5F9D2C3445A2000F4AA1 /* SnapKit in Frameworks */,
			);
			runOnlyForDeploymentPostprocessing = 0;
		};
/* End PBXFrameworksBuildPhase section */

/* Begin PBXGroup section */
		B1CE5F5E2C343F23000F4AA1 = {
			isa = PBXGroup;
			children = (
				B1CE5F692C343F23000F4AA1 /* Reminder */,
				B1CE5F682C343F23000F4AA1 /* Products */,
			);
			sourceTree = "<group>";
		};
		B1CE5F682C343F23000F4AA1 /* Products */ = {
			isa = PBXGroup;
			children = (
				B1CE5F672C343F23000F4AA1 /* Reminder.app */,
			);
			name = Products;
			sourceTree = "<group>";
		};
		B1CE5F692C343F23000F4AA1 /* Reminder */ = {
			isa = PBXGroup;
			children = (
				B1CE5F802C344185000F4AA1 /* Delegates */,
				B1CE5F7E2C344160000F4AA1 /* Resources */,
				B1CE5F7F2C34416A000F4AA1 /* Features */,
				B1CE5F782C343F25000F4AA1 /* Info.plist */,
			);
			path = Reminder;
			sourceTree = "<group>";
		};
		B1CE5F7E2C344160000F4AA1 /* Resources */ = {
			isa = PBXGroup;
			children = (
				B1CE5FBD2C35720A000F4AA1 /* CustomView */,
				B1CE5FB12C34C0C9000F4AA1 /* Models */,
				B1CE5FA22C345145000F4AA1 /* Protocol */,
				B1CE5F842C3442E3000F4AA1 /* Base */,
				B1CE5F812C3441B8000F4AA1 /* DesignSource */,
			);
			path = Resources;
			sourceTree = "<group>";
		};
		B1CE5F7F2C34416A000F4AA1 /* Features */ = {
			isa = PBXGroup;
			children = (
				B1CE5FAC2C34BCE7000F4AA1 /* ReUseCell */,
				B1CE5F932C3444B3000F4AA1 /* NewList */,
				B1CE5F922C3444A6000F4AA1 /* NewReminder */,
				B1CE5F8F2C34440C000F4AA1 /* ListDetail */,
				B1CE5F832C344202000F4AA1 /* Main */,
				B1CE5F822C3441DE000F4AA1 /* Launch */,
			);
			path = Features;
			sourceTree = "<group>";
		};
		B1CE5F802C344185000F4AA1 /* Delegates */ = {
			isa = PBXGroup;
			children = (
				B1CE5F6A2C343F23000F4AA1 /* AppDelegate.swift */,
				B1CE5F6C2C343F23000F4AA1 /* SceneDelegate.swift */,
			);
			path = Delegates;
			sourceTree = "<group>";
		};
		B1CE5F812C3441B8000F4AA1 /* DesignSource */ = {
			isa = PBXGroup;
			children = (
				B1CE5F732C343F25000F4AA1 /* Assets.xcassets */,
				B1CE5F8D2C3443B1000F4AA1 /* REFont.swift */,
			);
			path = DesignSource;
			sourceTree = "<group>";
		};
		B1CE5F822C3441DE000F4AA1 /* Launch */ = {
			isa = PBXGroup;
			children = (
				B1CE5F752C343F25000F4AA1 /* LaunchScreen.storyboard */,
			);
			path = Launch;
			sourceTree = "<group>";
		};
		B1CE5F832C344202000F4AA1 /* Main */ = {
			isa = PBXGroup;
			children = (
				B1CE5FAB2C3460EC000F4AA1 /* Cell */,
				B1CE5FA32C3457FC000F4AA1 /* MainViewController.swift */,
			);
			path = Main;
			sourceTree = "<group>";
		};
		B1CE5F842C3442E3000F4AA1 /* Base */ = {
			isa = PBXGroup;
			children = (
				B1CE5F852C34431C000F4AA1 /* BaseView.swift */,
				B1CE5F872C344330000F4AA1 /* BaseViewController.swift */,
				B1CE5F892C344359000F4AA1 /* BaseTableViewCell.swift */,
				B1CE5F8B2C344370000F4AA1 /* BaseCollectionViewCell.swift */,
			);
			path = Base;
			sourceTree = "<group>";
		};
		B1CE5F8F2C34440C000F4AA1 /* ListDetail */ = {
			isa = PBXGroup;
			children = (
				B1CE5F902C344461000F4AA1 /* ListDetailViewController.swift */,
				B1CE5FB62C34CBB4000F4AA1 /* ListDetailTableViewCell.swift */,
			);
			path = ListDetail;
			sourceTree = "<group>";
		};
		B1CE5F922C3444A6000F4AA1 /* NewReminder */ = {
			isa = PBXGroup;
			children = (
				B1CE5F942C3444DE000F4AA1 /* NewReminderViewController.swift */,
			);
			path = NewReminder;
			sourceTree = "<group>";
		};
		B1CE5F932C3444B3000F4AA1 /* NewList */ = {
			isa = PBXGroup;
			children = (
				B1CE5F962C3444FA000F4AA1 /* NewListViewController.swift */,
			);
			path = NewList;
			sourceTree = "<group>";
		};
		B1CE5FA22C345145000F4AA1 /* Protocol */ = {
			isa = PBXGroup;
			children = (
				B1CE5FA02C34513E000F4AA1 /* ReuseIdentifierProtocol.swift */,
			);
			path = Protocol;
			sourceTree = "<group>";
		};
		B1CE5FAB2C3460EC000F4AA1 /* Cell */ = {
			isa = PBXGroup;
			children = (
				B1CE5F9E2C345118000F4AA1 /* MainHeaderCollectionViewCell.swift */,
				B1CE5FA92C3460E6000F4AA1 /* MainBodyTableViewCell.swift */,
				B1CE5FA72C3460D4000F4AA1 /* MainHeaderView.swift */,
			);
			path = Cell;
			sourceTree = "<group>";
		};
		B1CE5FAC2C34BCE7000F4AA1 /* ReUseCell */ = {
			isa = PBXGroup;
			children = (
				B1CE5FAD2C34BD0B000F4AA1 /* NewReminderContentsTableViewCell.swift */,
				B1CE5FAF2C34BF50000F4AA1 /* TitleTableViewCell.swift */,
			);
			path = ReUseCell;
			sourceTree = "<group>";
		};
		B1CE5FB12C34C0C9000F4AA1 /* Models */ = {
			isa = PBXGroup;
			children = (
				B1CE5FB22C34C0E9000F4AA1 /* Enums.swift */,
				B1CE5FB42C34C97D000F4AA1 /* RealmSwift.swift */,
				B1CE5FBB2C3559E0000F4AA1 /* Reminder.swift */,
			);
			path = Models;
			sourceTree = "<group>";
		};
		B1CE5FBD2C35720A000F4AA1 /* CustomView */ = {
			isa = PBXGroup;
			children = (
				B1CE5FBE2C35721E000F4AA1 /* RadioButton.swift */,
			);
			path = CustomView;
			sourceTree = "<group>";
		};
/* End PBXGroup section */

/* Begin PBXNativeTarget section */
		B1CE5F662C343F23000F4AA1 /* Reminder */ = {
			isa = PBXNativeTarget;
			buildConfigurationList = B1CE5F7B2C343F25000F4AA1 /* Build configuration list for PBXNativeTarget "Reminder" */;
			buildPhases = (
				B1CE5F632C343F23000F4AA1 /* Sources */,
				B1CE5F642C343F23000F4AA1 /* Frameworks */,
				B1CE5F652C343F23000F4AA1 /* Resources */,
			);
			buildRules = (
			);
			dependencies = (
			);
			name = Reminder;
			packageProductDependencies = (
				B1CE5F992C344573000F4AA1 /* RealmSwift */,
				B1CE5F9C2C3445A2000F4AA1 /* SnapKit */,
			);
			productName = Reminder;
			productReference = B1CE5F672C343F23000F4AA1 /* Reminder.app */;
			productType = "com.apple.product-type.application";
		};
/* End PBXNativeTarget section */

/* Begin PBXProject section */
		B1CE5F5F2C343F23000F4AA1 /* Project object */ = {
			isa = PBXProject;
			attributes = {
				BuildIndependentTargetsInParallel = 1;
				LastSwiftUpdateCheck = 1520;
				LastUpgradeCheck = 1520;
				TargetAttributes = {
					B1CE5F662C343F23000F4AA1 = {
						CreatedOnToolsVersion = 15.2;
					};
				};
			};
			buildConfigurationList = B1CE5F622C343F23000F4AA1 /* Build configuration list for PBXProject "Reminder" */;
			compatibilityVersion = "Xcode 14.0";
			developmentRegion = en;
			hasScannedForEncodings = 0;
			knownRegions = (
				en,
				Base,
			);
			mainGroup = B1CE5F5E2C343F23000F4AA1;
			packageReferences = (
				B1CE5F982C344573000F4AA1 /* XCRemoteSwiftPackageReference "realm-swift" */,
				B1CE5F9B2C3445A2000F4AA1 /* XCRemoteSwiftPackageReference "SnapKit" */,
			);
			productRefGroup = B1CE5F682C343F23000F4AA1 /* Products */;
			projectDirPath = "";
			projectRoot = "";
			targets = (
				B1CE5F662C343F23000F4AA1 /* Reminder */,
			);
		};
/* End PBXProject section */

/* Begin PBXResourcesBuildPhase section */
		B1CE5F652C343F23000F4AA1 /* Resources */ = {
			isa = PBXResourcesBuildPhase;
			buildActionMask = 2147483647;
			files = (
				B1CE5F772C343F25000F4AA1 /* LaunchScreen.storyboard in Resources */,
				B1CE5F742C343F25000F4AA1 /* Assets.xcassets in Resources */,
			);
			runOnlyForDeploymentPostprocessing = 0;
		};
/* End PBXResourcesBuildPhase section */

/* Begin PBXSourcesBuildPhase section */
		B1CE5F632C343F23000F4AA1 /* Sources */ = {
			isa = PBXSourcesBuildPhase;
			buildActionMask = 2147483647;
			files = (
				B1CE5F972C3444FA000F4AA1 /* NewListViewController.swift in Sources */,
				B1CE5F882C344330000F4AA1 /* BaseViewController.swift in Sources */,
				B1CE5FB72C34CBB4000F4AA1 /* ListDetailTableViewCell.swift in Sources */,
				B1CE5F8C2C344370000F4AA1 /* BaseCollectionViewCell.swift in Sources */,
				B1CE5F6B2C343F23000F4AA1 /* AppDelegate.swift in Sources */,
				B1CE5FAA2C3460E6000F4AA1 /* MainBodyTableViewCell.swift in Sources */,
				B1CE5FAE2C34BD0B000F4AA1 /* NewReminderContentsTableViewCell.swift in Sources */,
				B1CE5F6D2C343F23000F4AA1 /* SceneDelegate.swift in Sources */,
				B1CE5FA82C3460D4000F4AA1 /* MainHeaderView.swift in Sources */,
				B1CE5F8E2C3443B1000F4AA1 /* REFont.swift in Sources */,
				B1CE5FA12C34513E000F4AA1 /* ReuseIdentifierProtocol.swift in Sources */,
				B1CE5FBF2C35721E000F4AA1 /* RadioButton.swift in Sources */,
				B1CE5FB52C34C97D000F4AA1 /* RealmSwift.swift in Sources */,
				B1CE5FB02C34BF50000F4AA1 /* TitleTableViewCell.swift in Sources */,
				B1CE5F9F2C345118000F4AA1 /* MainHeaderCollectionViewCell.swift in Sources */,
				B1CE5FA42C3457FC000F4AA1 /* MainViewController.swift in Sources */,
				B1CE5FBC2C3559E0000F4AA1 /* Reminder.swift in Sources */,
				B1CE5F912C344461000F4AA1 /* ListDetailViewController.swift in Sources */,
				B1CE5F952C3444DE000F4AA1 /* NewReminderViewController.swift in Sources */,
				B1CE5F8A2C344359000F4AA1 /* BaseTableViewCell.swift in Sources */,
				B1CE5F862C34431C000F4AA1 /* BaseView.swift in Sources */,
				B1CE5FB32C34C0E9000F4AA1 /* Enums.swift in Sources */,
			);
			runOnlyForDeploymentPostprocessing = 0;
		};
/* End PBXSourcesBuildPhase section */

/* Begin PBXVariantGroup section */
		B1CE5F752C343F25000F4AA1 /* LaunchScreen.storyboard */ = {
			isa = PBXVariantGroup;
			children = (
				B1CE5F762C343F25000F4AA1 /* Base */,
			);
			name = LaunchScreen.storyboard;
			sourceTree = "<group>";
		};
/* End PBXVariantGroup section */

/* Begin XCBuildConfiguration section */
		B1CE5F792C343F25000F4AA1 /* Debug */ = {
			isa = XCBuildConfiguration;
			buildSettings = {
				ALWAYS_SEARCH_USER_PATHS = NO;
				ASSETCATALOG_COMPILER_GENERATE_SWIFT_ASSET_SYMBOL_EXTENSIONS = YES;
				CLANG_ANALYZER_NONNULL = YES;
				CLANG_ANALYZER_NUMBER_OBJECT_CONVERSION = YES_AGGRESSIVE;
				CLANG_CXX_LANGUAGE_STANDARD = "gnu++20";
				CLANG_ENABLE_MODULES = YES;
				CLANG_ENABLE_OBJC_ARC = YES;
				CLANG_ENABLE_OBJC_WEAK = YES;
				CLANG_WARN_BLOCK_CAPTURE_AUTORELEASING = YES;
				CLANG_WARN_BOOL_CONVERSION = YES;
				CLANG_WARN_COMMA = YES;
				CLANG_WARN_CONSTANT_CONVERSION = YES;
				CLANG_WARN_DEPRECATED_OBJC_IMPLEMENTATIONS = YES;
				CLANG_WARN_DIRECT_OBJC_ISA_USAGE = YES_ERROR;
				CLANG_WARN_DOCUMENTATION_COMMENTS = YES;
				CLANG_WARN_EMPTY_BODY = YES;
				CLANG_WARN_ENUM_CONVERSION = YES;
				CLANG_WARN_INFINITE_RECURSION = YES;
				CLANG_WARN_INT_CONVERSION = YES;
				CLANG_WARN_NON_LITERAL_NULL_CONVERSION = YES;
				CLANG_WARN_OBJC_IMPLICIT_RETAIN_SELF = YES;
				CLANG_WARN_OBJC_LITERAL_CONVERSION = YES;
				CLANG_WARN_OBJC_ROOT_CLASS = YES_ERROR;
				CLANG_WARN_QUOTED_INCLUDE_IN_FRAMEWORK_HEADER = YES;
				CLANG_WARN_RANGE_LOOP_ANALYSIS = YES;
				CLANG_WARN_STRICT_PROTOTYPES = YES;
				CLANG_WARN_SUSPICIOUS_MOVE = YES;
				CLANG_WARN_UNGUARDED_AVAILABILITY = YES_AGGRESSIVE;
				CLANG_WARN_UNREACHABLE_CODE = YES;
				CLANG_WARN__DUPLICATE_METHOD_MATCH = YES;
				COPY_PHASE_STRIP = NO;
				DEBUG_INFORMATION_FORMAT = dwarf;
				ENABLE_STRICT_OBJC_MSGSEND = YES;
				ENABLE_TESTABILITY = YES;
				ENABLE_USER_SCRIPT_SANDBOXING = YES;
				GCC_C_LANGUAGE_STANDARD = gnu17;
				GCC_DYNAMIC_NO_PIC = NO;
				GCC_NO_COMMON_BLOCKS = YES;
				GCC_OPTIMIZATION_LEVEL = 0;
				GCC_PREPROCESSOR_DEFINITIONS = (
					"DEBUG=1",
					"$(inherited)",
				);
				GCC_WARN_64_TO_32_BIT_CONVERSION = YES;
				GCC_WARN_ABOUT_RETURN_TYPE = YES_ERROR;
				GCC_WARN_UNDECLARED_SELECTOR = YES;
				GCC_WARN_UNINITIALIZED_AUTOS = YES_AGGRESSIVE;
				GCC_WARN_UNUSED_FUNCTION = YES;
				GCC_WARN_UNUSED_VARIABLE = YES;
				IPHONEOS_DEPLOYMENT_TARGET = 17.2;
				LOCALIZATION_PREFERS_STRING_CATALOGS = YES;
				MTL_ENABLE_DEBUG_INFO = INCLUDE_SOURCE;
				MTL_FAST_MATH = YES;
				ONLY_ACTIVE_ARCH = YES;
				SDKROOT = iphoneos;
				SWIFT_ACTIVE_COMPILATION_CONDITIONS = "DEBUG $(inherited)";
				SWIFT_OPTIMIZATION_LEVEL = "-Onone";
			};
			name = Debug;
		};
		B1CE5F7A2C343F25000F4AA1 /* Release */ = {
			isa = XCBuildConfiguration;
			buildSettings = {
				ALWAYS_SEARCH_USER_PATHS = NO;
				ASSETCATALOG_COMPILER_GENERATE_SWIFT_ASSET_SYMBOL_EXTENSIONS = YES;
				CLANG_ANALYZER_NONNULL = YES;
				CLANG_ANALYZER_NUMBER_OBJECT_CONVERSION = YES_AGGRESSIVE;
				CLANG_CXX_LANGUAGE_STANDARD = "gnu++20";
				CLANG_ENABLE_MODULES = YES;
				CLANG_ENABLE_OBJC_ARC = YES;
				CLANG_ENABLE_OBJC_WEAK = YES;
				CLANG_WARN_BLOCK_CAPTURE_AUTORELEASING = YES;
				CLANG_WARN_BOOL_CONVERSION = YES;
				CLANG_WARN_COMMA = YES;
				CLANG_WARN_CONSTANT_CONVERSION = YES;
				CLANG_WARN_DEPRECATED_OBJC_IMPLEMENTATIONS = YES;
				CLANG_WARN_DIRECT_OBJC_ISA_USAGE = YES_ERROR;
				CLANG_WARN_DOCUMENTATION_COMMENTS = YES;
				CLANG_WARN_EMPTY_BODY = YES;
				CLANG_WARN_ENUM_CONVERSION = YES;
				CLANG_WARN_INFINITE_RECURSION = YES;
				CLANG_WARN_INT_CONVERSION = YES;
				CLANG_WARN_NON_LITERAL_NULL_CONVERSION = YES;
				CLANG_WARN_OBJC_IMPLICIT_RETAIN_SELF = YES;
				CLANG_WARN_OBJC_LITERAL_CONVERSION = YES;
				CLANG_WARN_OBJC_ROOT_CLASS = YES_ERROR;
				CLANG_WARN_QUOTED_INCLUDE_IN_FRAMEWORK_HEADER = YES;
				CLANG_WARN_RANGE_LOOP_ANALYSIS = YES;
				CLANG_WARN_STRICT_PROTOTYPES = YES;
				CLANG_WARN_SUSPICIOUS_MOVE = YES;
				CLANG_WARN_UNGUARDED_AVAILABILITY = YES_AGGRESSIVE;
				CLANG_WARN_UNREACHABLE_CODE = YES;
				CLANG_WARN__DUPLICATE_METHOD_MATCH = YES;
				COPY_PHASE_STRIP = NO;
				DEBUG_INFORMATION_FORMAT = "dwarf-with-dsym";
				ENABLE_NS_ASSERTIONS = NO;
				ENABLE_STRICT_OBJC_MSGSEND = YES;
				ENABLE_USER_SCRIPT_SANDBOXING = YES;
				GCC_C_LANGUAGE_STANDARD = gnu17;
				GCC_NO_COMMON_BLOCKS = YES;
				GCC_WARN_64_TO_32_BIT_CONVERSION = YES;
				GCC_WARN_ABOUT_RETURN_TYPE = YES_ERROR;
				GCC_WARN_UNDECLARED_SELECTOR = YES;
				GCC_WARN_UNINITIALIZED_AUTOS = YES_AGGRESSIVE;
				GCC_WARN_UNUSED_FUNCTION = YES;
				GCC_WARN_UNUSED_VARIABLE = YES;
				IPHONEOS_DEPLOYMENT_TARGET = 17.2;
				LOCALIZATION_PREFERS_STRING_CATALOGS = YES;
				MTL_ENABLE_DEBUG_INFO = NO;
				MTL_FAST_MATH = YES;
				SDKROOT = iphoneos;
				SWIFT_COMPILATION_MODE = wholemodule;
				VALIDATE_PRODUCT = YES;
			};
			name = Release;
		};
		B1CE5F7C2C343F25000F4AA1 /* Debug */ = {
			isa = XCBuildConfiguration;
			buildSettings = {
				ASSETCATALOG_COMPILER_APPICON_NAME = AppIcon;
				ASSETCATALOG_COMPILER_GLOBAL_ACCENT_COLOR_NAME = AccentColor;
				CODE_SIGN_STYLE = Automatic;
				CURRENT_PROJECT_VERSION = 1;
				DEVELOPMENT_TEAM = A8L5QZ969G;
				GENERATE_INFOPLIST_FILE = YES;
				INFOPLIST_FILE = Reminder/Info.plist;
				INFOPLIST_KEY_UIApplicationSupportsIndirectInputEvents = YES;
				INFOPLIST_KEY_UILaunchStoryboardName = LaunchScreen;
				INFOPLIST_KEY_UISupportedInterfaceOrientations = UIInterfaceOrientationPortrait;
				INFOPLIST_KEY_UISupportedInterfaceOrientations_iPad = "UIInterfaceOrientationLandscapeLeft UIInterfaceOrientationLandscapeRight UIInterfaceOrientationPortrait";
				IPHONEOS_DEPLOYMENT_TARGET = 16.0;
				LD_RUNPATH_SEARCH_PATHS = (
					"$(inherited)",
					"@executable_path/Frameworks",
				);
				MARKETING_VERSION = 1.0;
				PRODUCT_BUNDLE_IDENTIFIER = com.thanky.Reminder;
				PRODUCT_NAME = "$(TARGET_NAME)";
				SUPPORTED_PLATFORMS = "iphoneos iphonesimulator";
				SUPPORTS_MACCATALYST = NO;
				SUPPORTS_MAC_DESIGNED_FOR_IPHONE_IPAD = NO;
				SUPPORTS_XR_DESIGNED_FOR_IPHONE_IPAD = NO;
				SWIFT_EMIT_LOC_STRINGS = YES;
				SWIFT_VERSION = 5.0;
				TARGETED_DEVICE_FAMILY = 1;
			};
			name = Debug;
		};
		B1CE5F7D2C343F25000F4AA1 /* Release */ = {
			isa = XCBuildConfiguration;
			buildSettings = {
				ASSETCATALOG_COMPILER_APPICON_NAME = AppIcon;
				ASSETCATALOG_COMPILER_GLOBAL_ACCENT_COLOR_NAME = AccentColor;
				CODE_SIGN_STYLE = Automatic;
				CURRENT_PROJECT_VERSION = 1;
				DEVELOPMENT_TEAM = A8L5QZ969G;
				GENERATE_INFOPLIST_FILE = YES;
				INFOPLIST_FILE = Reminder/Info.plist;
				INFOPLIST_KEY_UIApplicationSupportsIndirectInputEvents = YES;
				INFOPLIST_KEY_UILaunchStoryboardName = LaunchScreen;
				INFOPLIST_KEY_UISupportedInterfaceOrientations = UIInterfaceOrientationPortrait;
				INFOPLIST_KEY_UISupportedInterfaceOrientations_iPad = "UIInterfaceOrientationLandscapeLeft UIInterfaceOrientationLandscapeRight UIInterfaceOrientationPortrait";
				IPHONEOS_DEPLOYMENT_TARGET = 16.0;
				LD_RUNPATH_SEARCH_PATHS = (
					"$(inherited)",
					"@executable_path/Frameworks",
				);
				MARKETING_VERSION = 1.0;
				PRODUCT_BUNDLE_IDENTIFIER = com.thanky.Reminder;
				PRODUCT_NAME = "$(TARGET_NAME)";
				SUPPORTED_PLATFORMS = "iphoneos iphonesimulator";
				SUPPORTS_MACCATALYST = NO;
				SUPPORTS_MAC_DESIGNED_FOR_IPHONE_IPAD = NO;
				SUPPORTS_XR_DESIGNED_FOR_IPHONE_IPAD = NO;
				SWIFT_EMIT_LOC_STRINGS = YES;
				SWIFT_VERSION = 5.0;
				TARGETED_DEVICE_FAMILY = 1;
			};
			name = Release;
		};
/* End XCBuildConfiguration section */

/* Begin XCConfigurationList section */
		B1CE5F622C343F23000F4AA1 /* Build configuration list for PBXProject "Reminder" */ = {
			isa = XCConfigurationList;
			buildConfigurations = (
				B1CE5F792C343F25000F4AA1 /* Debug */,
				B1CE5F7A2C343F25000F4AA1 /* Release */,
			);
			defaultConfigurationIsVisible = 0;
			defaultConfigurationName = Release;
		};
		B1CE5F7B2C343F25000F4AA1 /* Build configuration list for PBXNativeTarget "Reminder" */ = {
			isa = XCConfigurationList;
			buildConfigurations = (
				B1CE5F7C2C343F25000F4AA1 /* Debug */,
				B1CE5F7D2C343F25000F4AA1 /* Release */,
			);
			defaultConfigurationIsVisible = 0;
			defaultConfigurationName = Release;
		};
/* End XCConfigurationList section */

/* Begin XCRemoteSwiftPackageReference section */
		B1CE5F982C344573000F4AA1 /* XCRemoteSwiftPackageReference "realm-swift" */ = {
			isa = XCRemoteSwiftPackageReference;
			repositoryURL = "https://github.com/realm/realm-swift.git";
			requirement = {
				kind = exactVersion;
				version = 10.52.1;
			};
		};
		B1CE5F9B2C3445A2000F4AA1 /* XCRemoteSwiftPackageReference "SnapKit" */ = {
			isa = XCRemoteSwiftPackageReference;
			repositoryURL = "https://github.com/SnapKit/SnapKit";
			requirement = {
				kind = upToNextMajorVersion;
				minimumVersion = 5.7.1;
			};
		};
/* End XCRemoteSwiftPackageReference section */

/* Begin XCSwiftPackageProductDependency section */
		B1CE5F992C344573000F4AA1 /* RealmSwift */ = {
			isa = XCSwiftPackageProductDependency;
			package = B1CE5F982C344573000F4AA1 /* XCRemoteSwiftPackageReference "realm-swift" */;
			productName = RealmSwift;
		};
		B1CE5F9C2C3445A2000F4AA1 /* SnapKit */ = {
			isa = XCSwiftPackageProductDependency;
			package = B1CE5F9B2C3445A2000F4AA1 /* XCRemoteSwiftPackageReference "SnapKit" */;
			productName = SnapKit;
		};
/* End XCSwiftPackageProductDependency section */
	};
	rootObject = B1CE5F5F2C343F23000F4AA1 /* Project object */;
}
