// !$*UTF8*$!
{
	archiveVersion = 1;
	classes = {
	};
	objectVersion = 56;
	objects = {

/* Begin PBXBuildFile section */
		B1CE60E02C4199CF000F4AA1 /* AppDelegate.swift in Sources */ = {isa = PBXBuildFile; fileRef = B1CE60DF2C4199CF000F4AA1 /* AppDelegate.swift */; };
		B1CE60E22C4199CF000F4AA1 /* SceneDelegate.swift in Sources */ = {isa = PBXBuildFile; fileRef = B1CE60E12C4199CF000F4AA1 /* SceneDelegate.swift */; };
		B1CE60E42C4199CF000F4AA1 /* pre-ViewController.swift in Sources */ = {isa = PBXBuildFile; fileRef = B1CE60E32C4199CF000F4AA1 /* pre-ViewController.swift */; };
		B1CE60E92C4199D1000F4AA1 /* Assets.xcassets in Resources */ = {isa = PBXBuildFile; fileRef = B1CE60E82C4199D1000F4AA1 /* Assets.xcassets */; };
		B1CE60EC2C4199D1000F4AA1 /* LaunchScreen.storyboard in Resources */ = {isa = PBXBuildFile; fileRef = B1CE60EA2C4199D1000F4AA1 /* LaunchScreen.storyboard */; };
		B1CE60F42C419B89000F4AA1 /* pre-Item.swift in Sources */ = {isa = PBXBuildFile; fileRef = B1CE60F32C419B89000F4AA1 /* pre-Item.swift */; };
		B1CE60F62C419BDC000F4AA1 /* pre-BannerCollectionViewCell.swift in Sources */ = {isa = PBXBuildFile; fileRef = B1CE60F52C419BDC000F4AA1 /* pre-BannerCollectionViewCell.swift */; };
		B1CE61212C424E13000F4AA1 /* pre-NormalCaroselCollectionViewCell.swift in Sources */ = {isa = PBXBuildFile; fileRef = B1CE61202C424E13000F4AA1 /* pre-NormalCaroselCollectionViewCell.swift */; };
		B1CE61232C426753000F4AA1 /* pre-ListCarouselCollectionViewCell.swift in Sources */ = {isa = PBXBuildFile; fileRef = B1CE61222C426753000F4AA1 /* pre-ListCarouselCollectionViewCell.swift */; };
		B1CE61342C4291F3000F4AA1 /* Kingfisher in Frameworks */ = {isa = PBXBuildFile; productRef = B1CE61332C4291F3000F4AA1 /* Kingfisher */; };
		B1CE61372C429203000F4AA1 /* SnapKit in Frameworks */ = {isa = PBXBuildFile; productRef = B1CE61362C429203000F4AA1 /* SnapKit */; };
		B1CE613A2C4292B1000F4AA1 /* RxCocoa in Frameworks */ = {isa = PBXBuildFile; productRef = B1CE61392C4292B1000F4AA1 /* RxCocoa */; };
		B1CE613C2C4292B1000F4AA1 /* RxSwift in Frameworks */ = {isa = PBXBuildFile; productRef = B1CE613B2C4292B1000F4AA1 /* RxSwift */; };
		B1CE61402C429472000F4AA1 /* APIKey.swift in Sources */ = {isa = PBXBuildFile; fileRef = B1CE613F2C429472000F4AA1 /* APIKey.swift */; };
		B1CE61432C42A4C8000F4AA1 /* TV.swift in Sources */ = {isa = PBXBuildFile; fileRef = B1CE61422C42A4C8000F4AA1 /* TV.swift */; };
		B1CE61462C42A80A000F4AA1 /* Movie.swift in Sources */ = {isa = PBXBuildFile; fileRef = B1CE61452C42A80A000F4AA1 /* Movie.swift */; };
		B1CE61482C42A940000F4AA1 /* MovieResult.swift in Sources */ = {isa = PBXBuildFile; fileRef = B1CE61472C42A940000F4AA1 /* MovieResult.swift */; };
		B1CE614A2C42AA2E000F4AA1 /* Network.swift in Sources */ = {isa = PBXBuildFile; fileRef = B1CE61492C42AA2E000F4AA1 /* Network.swift */; };
		B1CE614D2C42AE6C000F4AA1 /* RxAlamofire in Frameworks */ = {isa = PBXBuildFile; productRef = B1CE614C2C42AE6C000F4AA1 /* RxAlamofire */; };
		B1CE614F2C42AF83000F4AA1 /* TVNetwork.swift in Sources */ = {isa = PBXBuildFile; fileRef = B1CE614E2C42AF83000F4AA1 /* TVNetwork.swift */; };
		B1CE61512C42B04C000F4AA1 /* MovieNetwork.swift in Sources */ = {isa = PBXBuildFile; fileRef = B1CE61502C42B04C000F4AA1 /* MovieNetwork.swift */; };
		B1CE61532C42B104000F4AA1 /* NetworkProvider.swift in Sources */ = {isa = PBXBuildFile; fileRef = B1CE61522C42B104000F4AA1 /* NetworkProvider.swift */; };
		B1CE61562C42C129000F4AA1 /* ButtonView.swift in Sources */ = {isa = PBXBuildFile; fileRef = B1CE61552C42C129000F4AA1 /* ButtonView.swift */; };
		B1CE61582C42C237000F4AA1 /* HomeViewController.swift in Sources */ = {isa = PBXBuildFile; fileRef = B1CE61572C42C237000F4AA1 /* HomeViewController.swift */; };
		B1CE615A2C42C903000F4AA1 /* HomeViewModel.swift in Sources */ = {isa = PBXBuildFile; fileRef = B1CE61592C42C903000F4AA1 /* HomeViewModel.swift */; };
		B1CE615D2C4372C9000F4AA1 /* NormalCollectionViewCell.swift in Sources */ = {isa = PBXBuildFile; fileRef = B1CE615C2C4372C9000F4AA1 /* NormalCollectionViewCell.swift */; };
		B1CE615F2C438C2A000F4AA1 /* Content.swift in Sources */ = {isa = PBXBuildFile; fileRef = B1CE615E2C438C2A000F4AA1 /* Content.swift */; };
		B1CE61612C438FFC000F4AA1 /* BigImageCollectionViewCell.swift in Sources */ = {isa = PBXBuildFile; fileRef = B1CE61602C438FFC000F4AA1 /* BigImageCollectionViewCell.swift */; };
		B1CE61632C4392EA000F4AA1 /* ListCollectionViewCell.swift in Sources */ = {isa = PBXBuildFile; fileRef = B1CE61622C4392EA000F4AA1 /* ListCollectionViewCell.swift */; };
		B1CE61652C439B00000F4AA1 /* HeaderView.swift in Sources */ = {isa = PBXBuildFile; fileRef = B1CE61642C439AFF000F4AA1 /* HeaderView.swift */; };
		B1CE61672C43C7F2000F4AA1 /* ReviewViewController.swift in Sources */ = {isa = PBXBuildFile; fileRef = B1CE61662C43C7F2000F4AA1 /* ReviewViewController.swift */; };
		B1CE61692C43D5FF000F4AA1 /* Review.swift in Sources */ = {isa = PBXBuildFile; fileRef = B1CE61682C43D5FF000F4AA1 /* Review.swift */; };
		B1CE616B2C43D96A000F4AA1 /* ReviewNetwork.swift in Sources */ = {isa = PBXBuildFile; fileRef = B1CE616A2C43D96A000F4AA1 /* ReviewNetwork.swift */; };
		B1CE616F2C43DD74000F4AA1 /* ReviewViewModel.swift in Sources */ = {isa = PBXBuildFile; fileRef = B1CE616E2C43DD74000F4AA1 /* ReviewViewModel.swift */; };
		B1CE61732C43E83C000F4AA1 /* ReviewHeaderCollectionViewCell.swift in Sources */ = {isa = PBXBuildFile; fileRef = B1CE61722C43E83C000F4AA1 /* ReviewHeaderCollectionViewCell.swift */; };
		B1CE61752C43F265000F4AA1 /* ReviewCollectionViewCell.swift in Sources */ = {isa = PBXBuildFile; fileRef = B1CE61742C43F265000F4AA1 /* ReviewCollectionViewCell.swift */; };
/* End PBXBuildFile section */

/* Begin PBXFileReference section */
		B1CE60DC2C4199CF000F4AA1 /* ModernLayout.app */ = {isa = PBXFileReference; explicitFileType = wrapper.application; includeInIndex = 0; path = ModernLayout.app; sourceTree = BUILT_PRODUCTS_DIR; };
		B1CE60DF2C4199CF000F4AA1 /* AppDelegate.swift */ = {isa = PBXFileReference; lastKnownFileType = sourcecode.swift; path = AppDelegate.swift; sourceTree = "<group>"; };
		B1CE60E12C4199CF000F4AA1 /* SceneDelegate.swift */ = {isa = PBXFileReference; lastKnownFileType = sourcecode.swift; path = SceneDelegate.swift; sourceTree = "<group>"; };
		B1CE60E32C4199CF000F4AA1 /* pre-ViewController.swift */ = {isa = PBXFileReference; lastKnownFileType = sourcecode.swift; path = "pre-ViewController.swift"; sourceTree = "<group>"; };
		B1CE60E82C4199D1000F4AA1 /* Assets.xcassets */ = {isa = PBXFileReference; lastKnownFileType = folder.assetcatalog; path = Assets.xcassets; sourceTree = "<group>"; };
		B1CE60EB2C4199D1000F4AA1 /* Base */ = {isa = PBXFileReference; lastKnownFileType = file.storyboard; name = Base; path = Base.lproj/LaunchScreen.storyboard; sourceTree = "<group>"; };
		B1CE60ED2C4199D1000F4AA1 /* Info.plist */ = {isa = PBXFileReference; lastKnownFileType = text.plist.xml; path = Info.plist; sourceTree = "<group>"; };
		B1CE60F32C419B89000F4AA1 /* pre-Item.swift */ = {isa = PBXFileReference; lastKnownFileType = sourcecode.swift; path = "pre-Item.swift"; sourceTree = "<group>"; };
		B1CE60F52C419BDC000F4AA1 /* pre-BannerCollectionViewCell.swift */ = {isa = PBXFileReference; lastKnownFileType = sourcecode.swift; path = "pre-BannerCollectionViewCell.swift"; sourceTree = "<group>"; };
		B1CE61202C424E13000F4AA1 /* pre-NormalCaroselCollectionViewCell.swift */ = {isa = PBXFileReference; lastKnownFileType = sourcecode.swift; path = "pre-NormalCaroselCollectionViewCell.swift"; sourceTree = "<group>"; };
		B1CE61222C426753000F4AA1 /* pre-ListCarouselCollectionViewCell.swift */ = {isa = PBXFileReference; lastKnownFileType = sourcecode.swift; path = "pre-ListCarouselCollectionViewCell.swift"; sourceTree = "<group>"; };
		B1CE613F2C429472000F4AA1 /* APIKey.swift */ = {isa = PBXFileReference; lastKnownFileType = sourcecode.swift; path = APIKey.swift; sourceTree = "<group>"; };
		B1CE61422C42A4C8000F4AA1 /* TV.swift */ = {isa = PBXFileReference; lastKnownFileType = sourcecode.swift; path = TV.swift; sourceTree = "<group>"; };
		B1CE61452C42A80A000F4AA1 /* Movie.swift */ = {isa = PBXFileReference; lastKnownFileType = sourcecode.swift; path = Movie.swift; sourceTree = "<group>"; };
		B1CE61472C42A940000F4AA1 /* MovieResult.swift */ = {isa = PBXFileReference; lastKnownFileType = sourcecode.swift; path = MovieResult.swift; sourceTree = "<group>"; };
		B1CE61492C42AA2E000F4AA1 /* Network.swift */ = {isa = PBXFileReference; lastKnownFileType = sourcecode.swift; path = Network.swift; sourceTree = "<group>"; };
		B1CE614E2C42AF83000F4AA1 /* TVNetwork.swift */ = {isa = PBXFileReference; lastKnownFileType = sourcecode.swift; path = TVNetwork.swift; sourceTree = "<group>"; };
		B1CE61502C42B04C000F4AA1 /* MovieNetwork.swift */ = {isa = PBXFileReference; lastKnownFileType = sourcecode.swift; path = MovieNetwork.swift; sourceTree = "<group>"; };
		B1CE61522C42B104000F4AA1 /* NetworkProvider.swift */ = {isa = PBXFileReference; lastKnownFileType = sourcecode.swift; path = NetworkProvider.swift; sourceTree = "<group>"; };
		B1CE61552C42C129000F4AA1 /* ButtonView.swift */ = {isa = PBXFileReference; lastKnownFileType = sourcecode.swift; path = ButtonView.swift; sourceTree = "<group>"; };
		B1CE61572C42C237000F4AA1 /* HomeViewController.swift */ = {isa = PBXFileReference; lastKnownFileType = sourcecode.swift; path = HomeViewController.swift; sourceTree = "<group>"; };
		B1CE61592C42C903000F4AA1 /* HomeViewModel.swift */ = {isa = PBXFileReference; lastKnownFileType = sourcecode.swift; path = HomeViewModel.swift; sourceTree = "<group>"; };
		B1CE615C2C4372C9000F4AA1 /* NormalCollectionViewCell.swift */ = {isa = PBXFileReference; lastKnownFileType = sourcecode.swift; path = NormalCollectionViewCell.swift; sourceTree = "<group>"; };
		B1CE615E2C438C2A000F4AA1 /* Content.swift */ = {isa = PBXFileReference; lastKnownFileType = sourcecode.swift; path = Content.swift; sourceTree = "<group>"; };
		B1CE61602C438FFC000F4AA1 /* BigImageCollectionViewCell.swift */ = {isa = PBXFileReference; lastKnownFileType = sourcecode.swift; path = BigImageCollectionViewCell.swift; sourceTree = "<group>"; };
		B1CE61622C4392EA000F4AA1 /* ListCollectionViewCell.swift */ = {isa = PBXFileReference; lastKnownFileType = sourcecode.swift; path = ListCollectionViewCell.swift; sourceTree = "<group>"; };
		B1CE61642C439AFF000F4AA1 /* HeaderView.swift */ = {isa = PBXFileReference; lastKnownFileType = sourcecode.swift; path = HeaderView.swift; sourceTree = "<group>"; };
		B1CE61662C43C7F2000F4AA1 /* ReviewViewController.swift */ = {isa = PBXFileReference; lastKnownFileType = sourcecode.swift; path = ReviewViewController.swift; sourceTree = "<group>"; };
		B1CE61682C43D5FF000F4AA1 /* Review.swift */ = {isa = PBXFileReference; lastKnownFileType = sourcecode.swift; path = Review.swift; sourceTree = "<group>"; };
		B1CE616A2C43D96A000F4AA1 /* ReviewNetwork.swift */ = {isa = PBXFileReference; lastKnownFileType = sourcecode.swift; path = ReviewNetwork.swift; sourceTree = "<group>"; };
		B1CE616E2C43DD74000F4AA1 /* ReviewViewModel.swift */ = {isa = PBXFileReference; lastKnownFileType = sourcecode.swift; path = ReviewViewModel.swift; sourceTree = "<group>"; };
		B1CE61722C43E83C000F4AA1 /* ReviewHeaderCollectionViewCell.swift */ = {isa = PBXFileReference; lastKnownFileType = sourcecode.swift; path = ReviewHeaderCollectionViewCell.swift; sourceTree = "<group>"; };
		B1CE61742C43F265000F4AA1 /* ReviewCollectionViewCell.swift */ = {isa = PBXFileReference; lastKnownFileType = sourcecode.swift; path = ReviewCollectionViewCell.swift; sourceTree = "<group>"; };
/* End PBXFileReference section */

/* Begin PBXFrameworksBuildPhase section */
		B1CE60D92C4199CF000F4AA1 /* Frameworks */ = {
			isa = PBXFrameworksBuildPhase;
			buildActionMask = 2147483647;
			files = (
				B1CE613A2C4292B1000F4AA1 /* RxCocoa in Frameworks */,
				B1CE61342C4291F3000F4AA1 /* Kingfisher in Frameworks */,
				B1CE613C2C4292B1000F4AA1 /* RxSwift in Frameworks */,
				B1CE614D2C42AE6C000F4AA1 /* RxAlamofire in Frameworks */,
				B1CE61372C429203000F4AA1 /* SnapKit in Frameworks */,
			);
			runOnlyForDeploymentPostprocessing = 0;
		};
/* End PBXFrameworksBuildPhase section */

/* Begin PBXGroup section */
		B1CE60D32C4199CF000F4AA1 = {
			isa = PBXGroup;
			children = (
				B1CE60DE2C4199CF000F4AA1 /* ModernLayout */,
				B1CE60DD2C4199CF000F4AA1 /* Products */,
				B1CE614B2C42AE6C000F4AA1 /* Frameworks */,
			);
			sourceTree = "<group>";
		};
		B1CE60DD2C4199CF000F4AA1 /* Products */ = {
			isa = PBXGroup;
			children = (
				B1CE60DC2C4199CF000F4AA1 /* ModernLayout.app */,
			);
			name = Products;
			sourceTree = "<group>";
		};
		B1CE60DE2C4199CF000F4AA1 /* ModernLayout */ = {
			isa = PBXGroup;
			children = (
				B1CE616D2C43DD63000F4AA1 /* Review */,
				B1CE616C2C43DD56000F4AA1 /* Home */,
				B1CE615B2C4372B7000F4AA1 /* Cell */,
				B1CE61542C42B315000F4AA1 /* Practice */,
				B1CE60DF2C4199CF000F4AA1 /* AppDelegate.swift */,
				B1CE60E12C4199CF000F4AA1 /* SceneDelegate.swift */,
				B1CE60EA2C4199D1000F4AA1 /* LaunchScreen.storyboard */,
				B1CE60E82C4199D1000F4AA1 /* Assets.xcassets */,
				B1CE60ED2C4199D1000F4AA1 /* Info.plist */,
				B1CE613E2C429464000F4AA1 /* Network */,
				B1CE61552C42C129000F4AA1 /* ButtonView.swift */,
			);
			path = ModernLayout;
			sourceTree = "<group>";
		};
		B1CE613E2C429464000F4AA1 /* Network */ = {
			isa = PBXGroup;
			children = (
				B1CE61412C42A4B9000F4AA1 /* Entities */,
				B1CE613F2C429472000F4AA1 /* APIKey.swift */,
				B1CE61492C42AA2E000F4AA1 /* Network.swift */,
				B1CE61502C42B04C000F4AA1 /* MovieNetwork.swift */,
				B1CE614E2C42AF83000F4AA1 /* TVNetwork.swift */,
				B1CE61522C42B104000F4AA1 /* NetworkProvider.swift */,
				B1CE616A2C43D96A000F4AA1 /* ReviewNetwork.swift */,
			);
			path = Network;
			sourceTree = "<group>";
		};
		B1CE61412C42A4B9000F4AA1 /* Entities */ = {
			isa = PBXGroup;
			children = (
				B1CE61422C42A4C8000F4AA1 /* TV.swift */,
				B1CE61452C42A80A000F4AA1 /* Movie.swift */,
				B1CE61472C42A940000F4AA1 /* MovieResult.swift */,
				B1CE615E2C438C2A000F4AA1 /* Content.swift */,
				B1CE61682C43D5FF000F4AA1 /* Review.swift */,
			);
			path = Entities;
			sourceTree = "<group>";
		};
		B1CE614B2C42AE6C000F4AA1 /* Frameworks */ = {
			isa = PBXGroup;
			children = (
			);
			name = Frameworks;
			sourceTree = "<group>";
		};
		B1CE61542C42B315000F4AA1 /* Practice */ = {
			isa = PBXGroup;
			children = (
				B1CE60F32C419B89000F4AA1 /* pre-Item.swift */,
				B1CE60F52C419BDC000F4AA1 /* pre-BannerCollectionViewCell.swift */,
				B1CE61202C424E13000F4AA1 /* pre-NormalCaroselCollectionViewCell.swift */,
				B1CE61222C426753000F4AA1 /* pre-ListCarouselCollectionViewCell.swift */,
				B1CE60E32C4199CF000F4AA1 /* pre-ViewController.swift */,
			);
			path = Practice;
			sourceTree = "<group>";
		};
		B1CE615B2C4372B7000F4AA1 /* Cell */ = {
			isa = PBXGroup;
			children = (
				B1CE61712C43E81D000F4AA1 /* Review */,
				B1CE61702C43E818000F4AA1 /* Home */,
			);
			path = Cell;
			sourceTree = "<group>";
		};
		B1CE616C2C43DD56000F4AA1 /* Home */ = {
			isa = PBXGroup;
			children = (
				B1CE61572C42C237000F4AA1 /* HomeViewController.swift */,
				B1CE61592C42C903000F4AA1 /* HomeViewModel.swift */,
			);
			path = Home;
			sourceTree = "<group>";
		};
		B1CE616D2C43DD63000F4AA1 /* Review */ = {
			isa = PBXGroup;
			children = (
				B1CE61662C43C7F2000F4AA1 /* ReviewViewController.swift */,
				B1CE616E2C43DD74000F4AA1 /* ReviewViewModel.swift */,
			);
			path = Review;
			sourceTree = "<group>";
		};
		B1CE61702C43E818000F4AA1 /* Home */ = {
			isa = PBXGroup;
			children = (
				B1CE615C2C4372C9000F4AA1 /* NormalCollectionViewCell.swift */,
				B1CE61622C4392EA000F4AA1 /* ListCollectionViewCell.swift */,
				B1CE61642C439AFF000F4AA1 /* HeaderView.swift */,
				B1CE61602C438FFC000F4AA1 /* BigImageCollectionViewCell.swift */,
			);
			path = Home;
			sourceTree = "<group>";
		};
		B1CE61712C43E81D000F4AA1 /* Review */ = {
			isa = PBXGroup;
			children = (
				B1CE61742C43F265000F4AA1 /* ReviewCollectionViewCell.swift */,
				B1CE61722C43E83C000F4AA1 /* ReviewHeaderCollectionViewCell.swift */,
			);
			path = Review;
			sourceTree = "<group>";
		};
/* End PBXGroup section */

/* Begin PBXNativeTarget section */
		B1CE60DB2C4199CF000F4AA1 /* ModernLayout */ = {
			isa = PBXNativeTarget;
			buildConfigurationList = B1CE60F02C4199D1000F4AA1 /* Build configuration list for PBXNativeTarget "ModernLayout" */;
			buildPhases = (
				B1CE60D82C4199CF000F4AA1 /* Sources */,
				B1CE60D92C4199CF000F4AA1 /* Frameworks */,
				B1CE60DA2C4199CF000F4AA1 /* Resources */,
			);
			buildRules = (
			);
			dependencies = (
			);
			name = ModernLayout;
			packageProductDependencies = (
				B1CE61332C4291F3000F4AA1 /* Kingfisher */,
				B1CE61362C429203000F4AA1 /* SnapKit */,
				B1CE61392C4292B1000F4AA1 /* RxCocoa */,
				B1CE613B2C4292B1000F4AA1 /* RxSwift */,
				B1CE614C2C42AE6C000F4AA1 /* RxAlamofire */,
			);
			productName = ModernLayout;
			productReference = B1CE60DC2C4199CF000F4AA1 /* ModernLayout.app */;
			productType = "com.apple.product-type.application";
		};
/* End PBXNativeTarget section */

/* Begin PBXProject section */
		B1CE60D42C4199CF000F4AA1 /* Project object */ = {
			isa = PBXProject;
			attributes = {
				BuildIndependentTargetsInParallel = 1;
				LastSwiftUpdateCheck = 1520;
				LastUpgradeCheck = 1520;
				TargetAttributes = {
					B1CE60DB2C4199CF000F4AA1 = {
						CreatedOnToolsVersion = 15.2;
					};
				};
			};
			buildConfigurationList = B1CE60D72C4199CF000F4AA1 /* Build configuration list for PBXProject "ModernLayout" */;
			compatibilityVersion = "Xcode 14.0";
			developmentRegion = en;
			hasScannedForEncodings = 0;
			knownRegions = (
				en,
				Base,
			);
			mainGroup = B1CE60D32C4199CF000F4AA1;
			packageReferences = (
				B1CE61322C4291F3000F4AA1 /* XCRemoteSwiftPackageReference "Kingfisher" */,
				B1CE61352C429203000F4AA1 /* XCRemoteSwiftPackageReference "SnapKit" */,
				B1CE61382C4292B1000F4AA1 /* XCRemoteSwiftPackageReference "RxSwift" */,
				B1CE613D2C4292E9000F4AA1 /* XCRemoteSwiftPackageReference "RxAlamofire" */,
			);
			productRefGroup = B1CE60DD2C4199CF000F4AA1 /* Products */;
			projectDirPath = "";
			projectRoot = "";
			targets = (
				B1CE60DB2C4199CF000F4AA1 /* ModernLayout */,
			);
		};
/* End PBXProject section */

/* Begin PBXResourcesBuildPhase section */
		B1CE60DA2C4199CF000F4AA1 /* Resources */ = {
			isa = PBXResourcesBuildPhase;
			buildActionMask = 2147483647;
			files = (
				B1CE60EC2C4199D1000F4AA1 /* LaunchScreen.storyboard in Resources */,
				B1CE60E92C4199D1000F4AA1 /* Assets.xcassets in Resources */,
			);
			runOnlyForDeploymentPostprocessing = 0;
		};
/* End PBXResourcesBuildPhase section */

/* Begin PBXSourcesBuildPhase section */
		B1CE60D82C4199CF000F4AA1 /* Sources */ = {
			isa = PBXSourcesBuildPhase;
			buildActionMask = 2147483647;
			files = (
				B1CE616B2C43D96A000F4AA1 /* ReviewNetwork.swift in Sources */,
				B1CE616F2C43DD74000F4AA1 /* ReviewViewModel.swift in Sources */,
				B1CE61692C43D5FF000F4AA1 /* Review.swift in Sources */,
				B1CE61632C4392EA000F4AA1 /* ListCollectionViewCell.swift in Sources */,
				B1CE60F42C419B89000F4AA1 /* pre-Item.swift in Sources */,
				B1CE615A2C42C903000F4AA1 /* HomeViewModel.swift in Sources */,
				B1CE61482C42A940000F4AA1 /* MovieResult.swift in Sources */,
				B1CE615F2C438C2A000F4AA1 /* Content.swift in Sources */,
				B1CE615D2C4372C9000F4AA1 /* NormalCollectionViewCell.swift in Sources */,
				B1CE61562C42C129000F4AA1 /* ButtonView.swift in Sources */,
				B1CE61582C42C237000F4AA1 /* HomeViewController.swift in Sources */,
				B1CE614A2C42AA2E000F4AA1 /* Network.swift in Sources */,
				B1CE61612C438FFC000F4AA1 /* BigImageCollectionViewCell.swift in Sources */,
				B1CE60E42C4199CF000F4AA1 /* pre-ViewController.swift in Sources */,
				B1CE614F2C42AF83000F4AA1 /* TVNetwork.swift in Sources */,
				B1CE61432C42A4C8000F4AA1 /* TV.swift in Sources */,
				B1CE61402C429472000F4AA1 /* APIKey.swift in Sources */,
				B1CE61672C43C7F2000F4AA1 /* ReviewViewController.swift in Sources */,
				B1CE61512C42B04C000F4AA1 /* MovieNetwork.swift in Sources */,
				B1CE61462C42A80A000F4AA1 /* Movie.swift in Sources */,
				B1CE60E02C4199CF000F4AA1 /* AppDelegate.swift in Sources */,
				B1CE61232C426753000F4AA1 /* pre-ListCarouselCollectionViewCell.swift in Sources */,
				B1CE61212C424E13000F4AA1 /* pre-NormalCaroselCollectionViewCell.swift in Sources */,
				B1CE60F62C419BDC000F4AA1 /* pre-BannerCollectionViewCell.swift in Sources */,
				B1CE60E22C4199CF000F4AA1 /* SceneDelegate.swift in Sources */,
				B1CE61732C43E83C000F4AA1 /* ReviewHeaderCollectionViewCell.swift in Sources */,
				B1CE61652C439B00000F4AA1 /* HeaderView.swift in Sources */,
				B1CE61752C43F265000F4AA1 /* ReviewCollectionViewCell.swift in Sources */,
				B1CE61532C42B104000F4AA1 /* NetworkProvider.swift in Sources */,
			);
			runOnlyForDeploymentPostprocessing = 0;
		};
/* End PBXSourcesBuildPhase section */

/* Begin PBXVariantGroup section */
		B1CE60EA2C4199D1000F4AA1 /* LaunchScreen.storyboard */ = {
			isa = PBXVariantGroup;
			children = (
				B1CE60EB2C4199D1000F4AA1 /* Base */,
			);
			name = LaunchScreen.storyboard;
			sourceTree = "<group>";
		};
/* End PBXVariantGroup section */

/* Begin XCBuildConfiguration section */
		B1CE60EE2C4199D1000F4AA1 /* Debug */ = {
			isa = XCBuildConfiguration;
			buildSettings = {
				ALWAYS_SEARCH_USER_PATHS = NO;
				ASSETCATALOG_COMPILER_GENERATE_SWIFT_ASSET_SYMBOL_EXTENSIONS = YES;
				CLANG_ANALYZER_NONNULL = YES;
				CLANG_ANALYZER_NUMBER_OBJECT_CONVERSION = YES_AGGRESSIVE;
				CLANG_CXX_LANGUAGE_STANDARD = "gnu++20";
				CLANG_ENABLE_MODULES = YES;
				CLANG_ENABLE_OBJC_ARC = YES;
				CLANG_ENABLE_OBJC_WEAK = YES;
				CLANG_WARN_BLOCK_CAPTURE_AUTORELEASING = YES;
				CLANG_WARN_BOOL_CONVERSION = YES;
				CLANG_WARN_COMMA = YES;
				CLANG_WARN_CONSTANT_CONVERSION = YES;
				CLANG_WARN_DEPRECATED_OBJC_IMPLEMENTATIONS = YES;
				CLANG_WARN_DIRECT_OBJC_ISA_USAGE = YES_ERROR;
				CLANG_WARN_DOCUMENTATION_COMMENTS = YES;
				CLANG_WARN_EMPTY_BODY = YES;
				CLANG_WARN_ENUM_CONVERSION = YES;
				CLANG_WARN_INFINITE_RECURSION = YES;
				CLANG_WARN_INT_CONVERSION = YES;
				CLANG_WARN_NON_LITERAL_NULL_CONVERSION = YES;
				CLANG_WARN_OBJC_IMPLICIT_RETAIN_SELF = YES;
				CLANG_WARN_OBJC_LITERAL_CONVERSION = YES;
				CLANG_WARN_OBJC_ROOT_CLASS = YES_ERROR;
				CLANG_WARN_QUOTED_INCLUDE_IN_FRAMEWORK_HEADER = YES;
				CLANG_WARN_RANGE_LOOP_ANALYSIS = YES;
				CLANG_WARN_STRICT_PROTOTYPES = YES;
				CLANG_WARN_SUSPICIOUS_MOVE = YES;
				CLANG_WARN_UNGUARDED_AVAILABILITY = YES_AGGRESSIVE;
				CLANG_WARN_UNREACHABLE_CODE = YES;
				CLANG_WARN__DUPLICATE_METHOD_MATCH = YES;
				COPY_PHASE_STRIP = NO;
				DEBUG_INFORMATION_FORMAT = dwarf;
				ENABLE_STRICT_OBJC_MSGSEND = YES;
				ENABLE_TESTABILITY = YES;
				ENABLE_USER_SCRIPT_SANDBOXING = YES;
				GCC_C_LANGUAGE_STANDARD = gnu17;
				GCC_DYNAMIC_NO_PIC = NO;
				GCC_NO_COMMON_BLOCKS = YES;
				GCC_OPTIMIZATION_LEVEL = 0;
				GCC_PREPROCESSOR_DEFINITIONS = (
					"DEBUG=1",
					"$(inherited)",
				);
				GCC_WARN_64_TO_32_BIT_CONVERSION = YES;
				GCC_WARN_ABOUT_RETURN_TYPE = YES_ERROR;
				GCC_WARN_UNDECLARED_SELECTOR = YES;
				GCC_WARN_UNINITIALIZED_AUTOS = YES_AGGRESSIVE;
				GCC_WARN_UNUSED_FUNCTION = YES;
				GCC_WARN_UNUSED_VARIABLE = YES;
				IPHONEOS_DEPLOYMENT_TARGET = 17.2;
				LOCALIZATION_PREFERS_STRING_CATALOGS = YES;
				MTL_ENABLE_DEBUG_INFO = INCLUDE_SOURCE;
				MTL_FAST_MATH = YES;
				ONLY_ACTIVE_ARCH = YES;
				SDKROOT = iphoneos;
				SWIFT_ACTIVE_COMPILATION_CONDITIONS = "DEBUG $(inherited)";
				SWIFT_OPTIMIZATION_LEVEL = "-Onone";
			};
			name = Debug;
		};
		B1CE60EF2C4199D1000F4AA1 /* Release */ = {
			isa = XCBuildConfiguration;
			buildSettings = {
				ALWAYS_SEARCH_USER_PATHS = NO;
				ASSETCATALOG_COMPILER_GENERATE_SWIFT_ASSET_SYMBOL_EXTENSIONS = YES;
				CLANG_ANALYZER_NONNULL = YES;
				CLANG_ANALYZER_NUMBER_OBJECT_CONVERSION = YES_AGGRESSIVE;
				CLANG_CXX_LANGUAGE_STANDARD = "gnu++20";
				CLANG_ENABLE_MODULES = YES;
				CLANG_ENABLE_OBJC_ARC = YES;
				CLANG_ENABLE_OBJC_WEAK = YES;
				CLANG_WARN_BLOCK_CAPTURE_AUTORELEASING = YES;
				CLANG_WARN_BOOL_CONVERSION = YES;
				CLANG_WARN_COMMA = YES;
				CLANG_WARN_CONSTANT_CONVERSION = YES;
				CLANG_WARN_DEPRECATED_OBJC_IMPLEMENTATIONS = YES;
				CLANG_WARN_DIRECT_OBJC_ISA_USAGE = YES_ERROR;
				CLANG_WARN_DOCUMENTATION_COMMENTS = YES;
				CLANG_WARN_EMPTY_BODY = YES;
				CLANG_WARN_ENUM_CONVERSION = YES;
				CLANG_WARN_INFINITE_RECURSION = YES;
				CLANG_WARN_INT_CONVERSION = YES;
				CLANG_WARN_NON_LITERAL_NULL_CONVERSION = YES;
				CLANG_WARN_OBJC_IMPLICIT_RETAIN_SELF = YES;
				CLANG_WARN_OBJC_LITERAL_CONVERSION = YES;
				CLANG_WARN_OBJC_ROOT_CLASS = YES_ERROR;
				CLANG_WARN_QUOTED_INCLUDE_IN_FRAMEWORK_HEADER = YES;
				CLANG_WARN_RANGE_LOOP_ANALYSIS = YES;
				CLANG_WARN_STRICT_PROTOTYPES = YES;
				CLANG_WARN_SUSPICIOUS_MOVE = YES;
				CLANG_WARN_UNGUARDED_AVAILABILITY = YES_AGGRESSIVE;
				CLANG_WARN_UNREACHABLE_CODE = YES;
				CLANG_WARN__DUPLICATE_METHOD_MATCH = YES;
				COPY_PHASE_STRIP = NO;
				DEBUG_INFORMATION_FORMAT = "dwarf-with-dsym";
				ENABLE_NS_ASSERTIONS = NO;
				ENABLE_STRICT_OBJC_MSGSEND = YES;
				ENABLE_USER_SCRIPT_SANDBOXING = YES;
				GCC_C_LANGUAGE_STANDARD = gnu17;
				GCC_NO_COMMON_BLOCKS = YES;
				GCC_WARN_64_TO_32_BIT_CONVERSION = YES;
				GCC_WARN_ABOUT_RETURN_TYPE = YES_ERROR;
				GCC_WARN_UNDECLARED_SELECTOR = YES;
				GCC_WARN_UNINITIALIZED_AUTOS = YES_AGGRESSIVE;
				GCC_WARN_UNUSED_FUNCTION = YES;
				GCC_WARN_UNUSED_VARIABLE = YES;
				IPHONEOS_DEPLOYMENT_TARGET = 17.2;
				LOCALIZATION_PREFERS_STRING_CATALOGS = YES;
				MTL_ENABLE_DEBUG_INFO = NO;
				MTL_FAST_MATH = YES;
				SDKROOT = iphoneos;
				SWIFT_COMPILATION_MODE = wholemodule;
				VALIDATE_PRODUCT = YES;
			};
			name = Release;
		};
		B1CE60F12C4199D1000F4AA1 /* Debug */ = {
			isa = XCBuildConfiguration;
			buildSettings = {
				ASSETCATALOG_COMPILER_APPICON_NAME = AppIcon;
				ASSETCATALOG_COMPILER_GLOBAL_ACCENT_COLOR_NAME = AccentColor;
				CODE_SIGN_STYLE = Automatic;
				CURRENT_PROJECT_VERSION = 1;
				DEVELOPMENT_TEAM = A8L5QZ969G;
				GENERATE_INFOPLIST_FILE = YES;
				INFOPLIST_FILE = ModernLayout/Info.plist;
				INFOPLIST_KEY_UIApplicationSupportsIndirectInputEvents = YES;
				INFOPLIST_KEY_UILaunchStoryboardName = LaunchScreen;
				INFOPLIST_KEY_UISupportedInterfaceOrientations = UIInterfaceOrientationPortrait;
				INFOPLIST_KEY_UISupportedInterfaceOrientations_iPad = "UIInterfaceOrientationLandscapeLeft UIInterfaceOrientationLandscapeRight UIInterfaceOrientationPortrait UIInterfaceOrientationPortraitUpsideDown";
				LD_RUNPATH_SEARCH_PATHS = (
					"$(inherited)",
					"@executable_path/Frameworks",
				);
				MARKETING_VERSION = 1.0;
				PRODUCT_BUNDLE_IDENTIFIER = com.thanky.ModernLayout;
				PRODUCT_NAME = "$(TARGET_NAME)";
				SUPPORTED_PLATFORMS = "iphoneos iphonesimulator";
				SUPPORTS_MACCATALYST = NO;
				SUPPORTS_MAC_DESIGNED_FOR_IPHONE_IPAD = NO;
				SUPPORTS_XR_DESIGNED_FOR_IPHONE_IPAD = NO;
				SWIFT_EMIT_LOC_STRINGS = YES;
				SWIFT_VERSION = 5.0;
				TARGETED_DEVICE_FAMILY = 1;
			};
			name = Debug;
		};
		B1CE60F22C4199D1000F4AA1 /* Release */ = {
			isa = XCBuildConfiguration;
			buildSettings = {
				ASSETCATALOG_COMPILER_APPICON_NAME = AppIcon;
				ASSETCATALOG_COMPILER_GLOBAL_ACCENT_COLOR_NAME = AccentColor;
				CODE_SIGN_STYLE = Automatic;
				CURRENT_PROJECT_VERSION = 1;
				DEVELOPMENT_TEAM = A8L5QZ969G;
				GENERATE_INFOPLIST_FILE = YES;
				INFOPLIST_FILE = ModernLayout/Info.plist;
				INFOPLIST_KEY_UIApplicationSupportsIndirectInputEvents = YES;
				INFOPLIST_KEY_UILaunchStoryboardName = LaunchScreen;
				INFOPLIST_KEY_UISupportedInterfaceOrientations = UIInterfaceOrientationPortrait;
				INFOPLIST_KEY_UISupportedInterfaceOrientations_iPad = "UIInterfaceOrientationLandscapeLeft UIInterfaceOrientationLandscapeRight UIInterfaceOrientationPortrait UIInterfaceOrientationPortraitUpsideDown";
				LD_RUNPATH_SEARCH_PATHS = (
					"$(inherited)",
					"@executable_path/Frameworks",
				);
				MARKETING_VERSION = 1.0;
				PRODUCT_BUNDLE_IDENTIFIER = com.thanky.ModernLayout;
				PRODUCT_NAME = "$(TARGET_NAME)";
				SUPPORTED_PLATFORMS = "iphoneos iphonesimulator";
				SUPPORTS_MACCATALYST = NO;
				SUPPORTS_MAC_DESIGNED_FOR_IPHONE_IPAD = NO;
				SUPPORTS_XR_DESIGNED_FOR_IPHONE_IPAD = NO;
				SWIFT_EMIT_LOC_STRINGS = YES;
				SWIFT_VERSION = 5.0;
				TARGETED_DEVICE_FAMILY = 1;
			};
			name = Release;
		};
/* End XCBuildConfiguration section */

/* Begin XCConfigurationList section */
		B1CE60D72C4199CF000F4AA1 /* Build configuration list for PBXProject "ModernLayout" */ = {
			isa = XCConfigurationList;
			buildConfigurations = (
				B1CE60EE2C4199D1000F4AA1 /* Debug */,
				B1CE60EF2C4199D1000F4AA1 /* Release */,
			);
			defaultConfigurationIsVisible = 0;
			defaultConfigurationName = Release;
		};
		B1CE60F02C4199D1000F4AA1 /* Build configuration list for PBXNativeTarget "ModernLayout" */ = {
			isa = XCConfigurationList;
			buildConfigurations = (
				B1CE60F12C4199D1000F4AA1 /* Debug */,
				B1CE60F22C4199D1000F4AA1 /* Release */,
			);
			defaultConfigurationIsVisible = 0;
			defaultConfigurationName = Release;
		};
/* End XCConfigurationList section */

/* Begin XCRemoteSwiftPackageReference section */
		B1CE61322C4291F3000F4AA1 /* XCRemoteSwiftPackageReference "Kingfisher" */ = {
			isa = XCRemoteSwiftPackageReference;
			repositoryURL = "https://github.com/onevcat/Kingfisher";
			requirement = {
				kind = upToNextMajorVersion;
				minimumVersion = 7.12.0;
			};
		};
		B1CE61352C429203000F4AA1 /* XCRemoteSwiftPackageReference "SnapKit" */ = {
			isa = XCRemoteSwiftPackageReference;
			repositoryURL = "https://github.com/SnapKit/SnapKit";
			requirement = {
				kind = upToNextMajorVersion;
				minimumVersion = 5.7.1;
			};
		};
		B1CE61382C4292B1000F4AA1 /* XCRemoteSwiftPackageReference "RxSwift" */ = {
			isa = XCRemoteSwiftPackageReference;
			repositoryURL = "https://github.com/ReactiveX/RxSwift";
			requirement = {
				kind = upToNextMajorVersion;
				minimumVersion = 6.6.0;
			};
		};
		B1CE613D2C4292E9000F4AA1 /* XCRemoteSwiftPackageReference "RxAlamofire" */ = {
			isa = XCRemoteSwiftPackageReference;
			repositoryURL = "https://github.com/RxSwiftCommunity/RxAlamofire";
			requirement = {
				kind = upToNextMajorVersion;
				minimumVersion = 6.0.0;
			};
		};
/* End XCRemoteSwiftPackageReference section */

/* Begin XCSwiftPackageProductDependency section */
		B1CE61332C4291F3000F4AA1 /* Kingfisher */ = {
			isa = XCSwiftPackageProductDependency;
			package = B1CE61322C4291F3000F4AA1 /* XCRemoteSwiftPackageReference "Kingfisher" */;
			productName = Kingfisher;
		};
		B1CE61362C429203000F4AA1 /* SnapKit */ = {
			isa = XCSwiftPackageProductDependency;
			package = B1CE61352C429203000F4AA1 /* XCRemoteSwiftPackageReference "SnapKit" */;
			productName = SnapKit;
		};
		B1CE61392C4292B1000F4AA1 /* RxCocoa */ = {
			isa = XCSwiftPackageProductDependency;
			package = B1CE61382C4292B1000F4AA1 /* XCRemoteSwiftPackageReference "RxSwift" */;
			productName = RxCocoa;
		};
		B1CE613B2C4292B1000F4AA1 /* RxSwift */ = {
			isa = XCSwiftPackageProductDependency;
			package = B1CE61382C4292B1000F4AA1 /* XCRemoteSwiftPackageReference "RxSwift" */;
			productName = RxSwift;
		};
		B1CE614C2C42AE6C000F4AA1 /* RxAlamofire */ = {
			isa = XCSwiftPackageProductDependency;
			package = B1CE613D2C4292E9000F4AA1 /* XCRemoteSwiftPackageReference "RxAlamofire" */;
			productName = RxAlamofire;
		};
/* End XCSwiftPackageProductDependency section */
	};
	rootObject = B1CE60D42C4199CF000F4AA1 /* Project object */;
}
