// !$*UTF8*$!
{
	archiveVersion = 1;
	classes = {
	};
	objectVersion = 56;
	objects = {

/* Begin PBXBuildFile section */
		B1CE60822C3E81F3000F4AA1 /* AppDelegate.swift in Sources */ = {isa = PBXBuildFile; fileRef = B1CE60812C3E81F3000F4AA1 /* AppDelegate.swift */; };
		B1CE60842C3E81F3000F4AA1 /* SceneDelegate.swift in Sources */ = {isa = PBXBuildFile; fileRef = B1CE60832C3E81F3000F4AA1 /* SceneDelegate.swift */; };
		B1CE60862C3E81F3000F4AA1 /* MainViewController.swift in Sources */ = {isa = PBXBuildFile; fileRef = B1CE60852C3E81F3000F4AA1 /* MainViewController.swift */; };
		B1CE608B2C3E81F5000F4AA1 /* Assets.xcassets in Resources */ = {isa = PBXBuildFile; fileRef = B1CE608A2C3E81F5000F4AA1 /* Assets.xcassets */; };
		B1CE608E2C3E81F5000F4AA1 /* LaunchScreen.storyboard in Resources */ = {isa = PBXBuildFile; fileRef = B1CE608C2C3E81F5000F4AA1 /* LaunchScreen.storyboard */; };
		B1CE60B72C3F3868000F4AA1 /* Observable.swift in Sources */ = {isa = PBXBuildFile; fileRef = B1CE60B62C3F3868000F4AA1 /* Observable.swift */; };
		B1CE60BF2C3F5C69000F4AA1 /* HTTP.swift in Sources */ = {isa = PBXBuildFile; fileRef = B1CE60BE2C3F5C69000F4AA1 /* HTTP.swift */; };
		B1CE60C12C3F5C8C000F4AA1 /* APIKey.swift in Sources */ = {isa = PBXBuildFile; fileRef = B1CE60C02C3F5C8C000F4AA1 /* APIKey.swift */; };
		B1CE60FE2C422737000F4AA1 /* Item.swift in Sources */ = {isa = PBXBuildFile; fileRef = B1CE60FD2C422737000F4AA1 /* Item.swift */; };
		B1CE61012C422758000F4AA1 /* Kingfisher in Frameworks */ = {isa = PBXBuildFile; productRef = B1CE61002C422758000F4AA1 /* Kingfisher */; };
		B1CE61042C422762000F4AA1 /* SnapKit in Frameworks */ = {isa = PBXBuildFile; productRef = B1CE61032C422762000F4AA1 /* SnapKit */; };
		B1CE61062C422762000F4AA1 /* SnapKit-Dynamic in Frameworks */ = {isa = PBXBuildFile; productRef = B1CE61052C422762000F4AA1 /* SnapKit-Dynamic */; };
		B1CE61092C4227AE000F4AA1 /* RealmSwift in Frameworks */ = {isa = PBXBuildFile; productRef = B1CE61082C4227AE000F4AA1 /* RealmSwift */; };
		B1CE610B2C4229B8000F4AA1 /* BannerCollectionViewCell.swift in Sources */ = {isa = PBXBuildFile; fileRef = B1CE610A2C4229B8000F4AA1 /* BannerCollectionViewCell.swift */; };
		B1CE61132C422AF0000F4AA1 /* UserDefaultManager.swift in Sources */ = {isa = PBXBuildFile; fileRef = B1CE61122C422AF0000F4AA1 /* UserDefaultManager.swift */; };
		B1CE61152C422B81000F4AA1 /* ReuseIdentifierProtocol.swift in Sources */ = {isa = PBXBuildFile; fileRef = B1CE61142C422B81000F4AA1 /* ReuseIdentifierProtocol.swift */; };
		B1CE61182C422CE5000F4AA1 /* BaseViewController.swift in Sources */ = {isa = PBXBuildFile; fileRef = B1CE61172C422CE5000F4AA1 /* BaseViewController.swift */; };
		B1CE611A2C422CF3000F4AA1 /* BaseTableViewCell.swift in Sources */ = {isa = PBXBuildFile; fileRef = B1CE61192C422CF3000F4AA1 /* BaseTableViewCell.swift */; };
		B1CE611C2C422D15000F4AA1 /* BaseCollectionViewCell.swift in Sources */ = {isa = PBXBuildFile; fileRef = B1CE611B2C422D15000F4AA1 /* BaseCollectionViewCell.swift */; };
		B1CE611F2C422E43000F4AA1 /* WEFont.swift in Sources */ = {isa = PBXBuildFile; fileRef = B1CE611E2C422E43000F4AA1 /* WEFont.swift */; };
/* End PBXBuildFile section */

/* Begin PBXFileReference section */
		B1CE607E2C3E81F3000F4AA1 /* WeatherMVVM.app */ = {isa = PBXFileReference; explicitFileType = wrapper.application; includeInIndex = 0; path = WeatherMVVM.app; sourceTree = BUILT_PRODUCTS_DIR; };
		B1CE60812C3E81F3000F4AA1 /* AppDelegate.swift */ = {isa = PBXFileReference; lastKnownFileType = sourcecode.swift; path = AppDelegate.swift; sourceTree = "<group>"; };
		B1CE60832C3E81F3000F4AA1 /* SceneDelegate.swift */ = {isa = PBXFileReference; lastKnownFileType = sourcecode.swift; path = SceneDelegate.swift; sourceTree = "<group>"; };
		B1CE60852C3E81F3000F4AA1 /* MainViewController.swift */ = {isa = PBXFileReference; lastKnownFileType = sourcecode.swift; path = MainViewController.swift; sourceTree = "<group>"; };
		B1CE608A2C3E81F5000F4AA1 /* Assets.xcassets */ = {isa = PBXFileReference; lastKnownFileType = folder.assetcatalog; path = Assets.xcassets; sourceTree = "<group>"; };
		B1CE608D2C3E81F5000F4AA1 /* Base */ = {isa = PBXFileReference; lastKnownFileType = file.storyboard; name = Base; path = Base.lproj/LaunchScreen.storyboard; sourceTree = "<group>"; };
		B1CE608F2C3E81F5000F4AA1 /* Info.plist */ = {isa = PBXFileReference; lastKnownFileType = text.plist.xml; path = Info.plist; sourceTree = "<group>"; };
		B1CE60B62C3F3868000F4AA1 /* Observable.swift */ = {isa = PBXFileReference; lastKnownFileType = sourcecode.swift; path = Observable.swift; sourceTree = "<group>"; };
		B1CE60BE2C3F5C69000F4AA1 /* HTTP.swift */ = {isa = PBXFileReference; lastKnownFileType = sourcecode.swift; path = HTTP.swift; sourceTree = "<group>"; };
		B1CE60C02C3F5C8C000F4AA1 /* APIKey.swift */ = {isa = PBXFileReference; lastKnownFileType = sourcecode.swift; path = APIKey.swift; sourceTree = "<group>"; };
		B1CE60FD2C422737000F4AA1 /* Item.swift */ = {isa = PBXFileReference; lastKnownFileType = sourcecode.swift; path = Item.swift; sourceTree = "<group>"; };
		B1CE610A2C4229B8000F4AA1 /* BannerCollectionViewCell.swift */ = {isa = PBXFileReference; lastKnownFileType = sourcecode.swift; path = BannerCollectionViewCell.swift; sourceTree = "<group>"; };
		B1CE61122C422AF0000F4AA1 /* UserDefaultManager.swift */ = {isa = PBXFileReference; lastKnownFileType = sourcecode.swift; path = UserDefaultManager.swift; sourceTree = "<group>"; };
		B1CE61142C422B81000F4AA1 /* ReuseIdentifierProtocol.swift */ = {isa = PBXFileReference; lastKnownFileType = sourcecode.swift; path = ReuseIdentifierProtocol.swift; sourceTree = "<group>"; };
		B1CE61172C422CE5000F4AA1 /* BaseViewController.swift */ = {isa = PBXFileReference; lastKnownFileType = sourcecode.swift; path = BaseViewController.swift; sourceTree = "<group>"; };
		B1CE61192C422CF3000F4AA1 /* BaseTableViewCell.swift */ = {isa = PBXFileReference; lastKnownFileType = sourcecode.swift; path = BaseTableViewCell.swift; sourceTree = "<group>"; };
		B1CE611B2C422D15000F4AA1 /* BaseCollectionViewCell.swift */ = {isa = PBXFileReference; lastKnownFileType = sourcecode.swift; path = BaseCollectionViewCell.swift; sourceTree = "<group>"; };
		B1CE611E2C422E43000F4AA1 /* WEFont.swift */ = {isa = PBXFileReference; lastKnownFileType = sourcecode.swift; path = WEFont.swift; sourceTree = "<group>"; };
/* End PBXFileReference section */

/* Begin PBXFrameworksBuildPhase section */
		B1CE607B2C3E81F3000F4AA1 /* Frameworks */ = {
			isa = PBXFrameworksBuildPhase;
			buildActionMask = 2147483647;
			files = (
				B1CE61092C4227AE000F4AA1 /* RealmSwift in Frameworks */,
				B1CE61012C422758000F4AA1 /* Kingfisher in Frameworks */,
				B1CE61042C422762000F4AA1 /* SnapKit in Frameworks */,
				B1CE61062C422762000F4AA1 /* SnapKit-Dynamic in Frameworks */,
			);
			runOnlyForDeploymentPostprocessing = 0;
		};
/* End PBXFrameworksBuildPhase section */

/* Begin PBXGroup section */
		B1CE60752C3E81F3000F4AA1 = {
			isa = PBXGroup;
			children = (
				B1CE60802C3E81F3000F4AA1 /* WeatherMVVM */,
				B1CE607F2C3E81F3000F4AA1 /* Products */,
			);
			sourceTree = "<group>";
		};
		B1CE607F2C3E81F3000F4AA1 /* Products */ = {
			isa = PBXGroup;
			children = (
				B1CE607E2C3E81F3000F4AA1 /* WeatherMVVM.app */,
			);
			name = Products;
			sourceTree = "<group>";
		};
		B1CE60802C3E81F3000F4AA1 /* WeatherMVVM */ = {
			isa = PBXGroup;
			children = (
				B1CE61102C422A35000F4AA1 /* Managers */,
				B1CE610D2C422A1D000F4AA1 /* Resources */,
				B1CE60BC2C3F5A92000F4AA1 /* Controllers */,
				B1CE60BB2C3F5A89000F4AA1 /* ViewModels */,
				B1CE60BA2C3F5A80000F4AA1 /* Models */,
				B1CE60B92C3F5A74000F4AA1 /* API */,
				B1CE60B82C3F5A6A000F4AA1 /* Views */,
				B1CE608F2C3E81F5000F4AA1 /* Info.plist */,
			);
			path = WeatherMVVM;
			sourceTree = "<group>";
		};
		B1CE60B82C3F5A6A000F4AA1 /* Views */ = {
			isa = PBXGroup;
			children = (
				B1CE610A2C4229B8000F4AA1 /* BannerCollectionViewCell.swift */,
			);
			path = Views;
			sourceTree = "<group>";
		};
		B1CE60B92C3F5A74000F4AA1 /* API */ = {
			isa = PBXGroup;
			children = (
				B1CE60C02C3F5C8C000F4AA1 /* APIKey.swift */,
				B1CE60BE2C3F5C69000F4AA1 /* HTTP.swift */,
			);
			path = API;
			sourceTree = "<group>";
		};
		B1CE60BA2C3F5A80000F4AA1 /* Models */ = {
			isa = PBXGroup;
			children = (
				B1CE60B62C3F3868000F4AA1 /* Observable.swift */,
				B1CE60FD2C422737000F4AA1 /* Item.swift */,
			);
			path = Models;
			sourceTree = "<group>";
		};
		B1CE60BB2C3F5A89000F4AA1 /* ViewModels */ = {
			isa = PBXGroup;
			children = (
			);
			path = ViewModels;
			sourceTree = "<group>";
		};
		B1CE60BC2C3F5A92000F4AA1 /* Controllers */ = {
			isa = PBXGroup;
			children = (
				B1CE60852C3E81F3000F4AA1 /* MainViewController.swift */,
			);
			path = Controllers;
			sourceTree = "<group>";
		};
		B1CE610D2C422A1D000F4AA1 /* Resources */ = {
			isa = PBXGroup;
			children = (
				B1CE611D2C422E21000F4AA1 /* DesignSource */,
				B1CE61162C422CB9000F4AA1 /* BaseView */,
				B1CE61112C422A6F000F4AA1 /* BaseFiles */,
				B1CE610F2C422A2F000F4AA1 /* Extensions */,
				B1CE610E2C422A28000F4AA1 /* Protocols */,
			);
			path = Resources;
			sourceTree = "<group>";
		};
		B1CE610E2C422A28000F4AA1 /* Protocols */ = {
			isa = PBXGroup;
			children = (
				B1CE61142C422B81000F4AA1 /* ReuseIdentifierProtocol.swift */,
			);
			path = Protocols;
			sourceTree = "<group>";
		};
		B1CE610F2C422A2F000F4AA1 /* Extensions */ = {
			isa = PBXGroup;
			children = (
			);
			path = Extensions;
			sourceTree = "<group>";
		};
		B1CE61102C422A35000F4AA1 /* Managers */ = {
			isa = PBXGroup;
			children = (
				B1CE61122C422AF0000F4AA1 /* UserDefaultManager.swift */,
			);
			path = Managers;
			sourceTree = "<group>";
		};
		B1CE61112C422A6F000F4AA1 /* BaseFiles */ = {
			isa = PBXGroup;
			children = (
				B1CE608C2C3E81F5000F4AA1 /* LaunchScreen.storyboard */,
				B1CE60832C3E81F3000F4AA1 /* SceneDelegate.swift */,
				B1CE60812C3E81F3000F4AA1 /* AppDelegate.swift */,
			);
			path = BaseFiles;
			sourceTree = "<group>";
		};
		B1CE61162C422CB9000F4AA1 /* BaseView */ = {
			isa = PBXGroup;
			children = (
				B1CE61172C422CE5000F4AA1 /* BaseViewController.swift */,
				B1CE61192C422CF3000F4AA1 /* BaseTableViewCell.swift */,
				B1CE611B2C422D15000F4AA1 /* BaseCollectionViewCell.swift */,
			);
			path = BaseView;
			sourceTree = "<group>";
		};
		B1CE611D2C422E21000F4AA1 /* DesignSource */ = {
			isa = PBXGroup;
			children = (
				B1CE608A2C3E81F5000F4AA1 /* Assets.xcassets */,
				B1CE611E2C422E43000F4AA1 /* WEFont.swift */,
			);
			path = DesignSource;
			sourceTree = "<group>";
		};
/* End PBXGroup section */

/* Begin PBXNativeTarget section */
		B1CE607D2C3E81F3000F4AA1 /* WeatherMVVM */ = {
			isa = PBXNativeTarget;
			buildConfigurationList = B1CE60922C3E81F5000F4AA1 /* Build configuration list for PBXNativeTarget "WeatherMVVM" */;
			buildPhases = (
				B1CE607A2C3E81F3000F4AA1 /* Sources */,
				B1CE607B2C3E81F3000F4AA1 /* Frameworks */,
				B1CE607C2C3E81F3000F4AA1 /* Resources */,
			);
			buildRules = (
			);
			dependencies = (
			);
			name = WeatherMVVM;
			packageProductDependencies = (
				B1CE61002C422758000F4AA1 /* Kingfisher */,
				B1CE61032C422762000F4AA1 /* SnapKit */,
				B1CE61052C422762000F4AA1 /* SnapKit-Dynamic */,
				B1CE61082C4227AE000F4AA1 /* RealmSwift */,
			);
			productName = WeatherMVVM;
			productReference = B1CE607E2C3E81F3000F4AA1 /* WeatherMVVM.app */;
			productType = "com.apple.product-type.application";
		};
/* End PBXNativeTarget section */

/* Begin PBXProject section */
		B1CE60762C3E81F3000F4AA1 /* Project object */ = {
			isa = PBXProject;
			attributes = {
				BuildIndependentTargetsInParallel = 1;
				LastSwiftUpdateCheck = 1520;
				LastUpgradeCheck = 1520;
				TargetAttributes = {
					B1CE607D2C3E81F3000F4AA1 = {
						CreatedOnToolsVersion = 15.2;
					};
				};
			};
			buildConfigurationList = B1CE60792C3E81F3000F4AA1 /* Build configuration list for PBXProject "WeatherMVVM" */;
			compatibilityVersion = "Xcode 14.0";
			developmentRegion = en;
			hasScannedForEncodings = 0;
			knownRegions = (
				en,
				Base,
			);
			mainGroup = B1CE60752C3E81F3000F4AA1;
			packageReferences = (
				B1CE60FF2C422758000F4AA1 /* XCRemoteSwiftPackageReference "Kingfisher" */,
				B1CE61022C422762000F4AA1 /* XCRemoteSwiftPackageReference "SnapKit" */,
				B1CE61072C4227AE000F4AA1 /* XCRemoteSwiftPackageReference "realm-swift" */,
			);
			productRefGroup = B1CE607F2C3E81F3000F4AA1 /* Products */;
			projectDirPath = "";
			projectRoot = "";
			targets = (
				B1CE607D2C3E81F3000F4AA1 /* WeatherMVVM */,
			);
		};
/* End PBXProject section */

/* Begin PBXResourcesBuildPhase section */
		B1CE607C2C3E81F3000F4AA1 /* Resources */ = {
			isa = PBXResourcesBuildPhase;
			buildActionMask = 2147483647;
			files = (
				B1CE608E2C3E81F5000F4AA1 /* LaunchScreen.storyboard in Resources */,
				B1CE608B2C3E81F5000F4AA1 /* Assets.xcassets in Resources */,
			);
			runOnlyForDeploymentPostprocessing = 0;
		};
/* End PBXResourcesBuildPhase section */

/* Begin PBXSourcesBuildPhase section */
		B1CE607A2C3E81F3000F4AA1 /* Sources */ = {
			isa = PBXSourcesBuildPhase;
			buildActionMask = 2147483647;
			files = (
				B1CE611F2C422E43000F4AA1 /* WEFont.swift in Sources */,
				B1CE60BF2C3F5C69000F4AA1 /* HTTP.swift in Sources */,
				B1CE60B72C3F3868000F4AA1 /* Observable.swift in Sources */,
				B1CE61182C422CE5000F4AA1 /* BaseViewController.swift in Sources */,
				B1CE60862C3E81F3000F4AA1 /* MainViewController.swift in Sources */,
				B1CE611A2C422CF3000F4AA1 /* BaseTableViewCell.swift in Sources */,
				B1CE60822C3E81F3000F4AA1 /* AppDelegate.swift in Sources */,
				B1CE60FE2C422737000F4AA1 /* Item.swift in Sources */,
				B1CE61152C422B81000F4AA1 /* ReuseIdentifierProtocol.swift in Sources */,
				B1CE60C12C3F5C8C000F4AA1 /* APIKey.swift in Sources */,
				B1CE61132C422AF0000F4AA1 /* UserDefaultManager.swift in Sources */,
				B1CE610B2C4229B8000F4AA1 /* BannerCollectionViewCell.swift in Sources */,
				B1CE611C2C422D15000F4AA1 /* BaseCollectionViewCell.swift in Sources */,
				B1CE60842C3E81F3000F4AA1 /* SceneDelegate.swift in Sources */,
			);
			runOnlyForDeploymentPostprocessing = 0;
		};
/* End PBXSourcesBuildPhase section */

/* Begin PBXVariantGroup section */
		B1CE608C2C3E81F5000F4AA1 /* LaunchScreen.storyboard */ = {
			isa = PBXVariantGroup;
			children = (
				B1CE608D2C3E81F5000F4AA1 /* Base */,
			);
			name = LaunchScreen.storyboard;
			sourceTree = "<group>";
		};
/* End PBXVariantGroup section */

/* Begin XCBuildConfiguration section */
		B1CE60902C3E81F5000F4AA1 /* Debug */ = {
			isa = XCBuildConfiguration;
			buildSettings = {
				ALWAYS_SEARCH_USER_PATHS = NO;
				ASSETCATALOG_COMPILER_GENERATE_SWIFT_ASSET_SYMBOL_EXTENSIONS = YES;
				CLANG_ANALYZER_NONNULL = YES;
				CLANG_ANALYZER_NUMBER_OBJECT_CONVERSION = YES_AGGRESSIVE;
				CLANG_CXX_LANGUAGE_STANDARD = "gnu++20";
				CLANG_ENABLE_MODULES = YES;
				CLANG_ENABLE_OBJC_ARC = YES;
				CLANG_ENABLE_OBJC_WEAK = YES;
				CLANG_WARN_BLOCK_CAPTURE_AUTORELEASING = YES;
				CLANG_WARN_BOOL_CONVERSION = YES;
				CLANG_WARN_COMMA = YES;
				CLANG_WARN_CONSTANT_CONVERSION = YES;
				CLANG_WARN_DEPRECATED_OBJC_IMPLEMENTATIONS = YES;
				CLANG_WARN_DIRECT_OBJC_ISA_USAGE = YES_ERROR;
				CLANG_WARN_DOCUMENTATION_COMMENTS = YES;
				CLANG_WARN_EMPTY_BODY = YES;
				CLANG_WARN_ENUM_CONVERSION = YES;
				CLANG_WARN_INFINITE_RECURSION = YES;
				CLANG_WARN_INT_CONVERSION = YES;
				CLANG_WARN_NON_LITERAL_NULL_CONVERSION = YES;
				CLANG_WARN_OBJC_IMPLICIT_RETAIN_SELF = YES;
				CLANG_WARN_OBJC_LITERAL_CONVERSION = YES;
				CLANG_WARN_OBJC_ROOT_CLASS = YES_ERROR;
				CLANG_WARN_QUOTED_INCLUDE_IN_FRAMEWORK_HEADER = YES;
				CLANG_WARN_RANGE_LOOP_ANALYSIS = YES;
				CLANG_WARN_STRICT_PROTOTYPES = YES;
				CLANG_WARN_SUSPICIOUS_MOVE = YES;
				CLANG_WARN_UNGUARDED_AVAILABILITY = YES_AGGRESSIVE;
				CLANG_WARN_UNREACHABLE_CODE = YES;
				CLANG_WARN__DUPLICATE_METHOD_MATCH = YES;
				COPY_PHASE_STRIP = NO;
				DEBUG_INFORMATION_FORMAT = dwarf;
				ENABLE_STRICT_OBJC_MSGSEND = YES;
				ENABLE_TESTABILITY = YES;
				ENABLE_USER_SCRIPT_SANDBOXING = YES;
				GCC_C_LANGUAGE_STANDARD = gnu17;
				GCC_DYNAMIC_NO_PIC = NO;
				GCC_NO_COMMON_BLOCKS = YES;
				GCC_OPTIMIZATION_LEVEL = 0;
				GCC_PREPROCESSOR_DEFINITIONS = (
					"DEBUG=1",
					"$(inherited)",
				);
				GCC_WARN_64_TO_32_BIT_CONVERSION = YES;
				GCC_WARN_ABOUT_RETURN_TYPE = YES_ERROR;
				GCC_WARN_UNDECLARED_SELECTOR = YES;
				GCC_WARN_UNINITIALIZED_AUTOS = YES_AGGRESSIVE;
				GCC_WARN_UNUSED_FUNCTION = YES;
				GCC_WARN_UNUSED_VARIABLE = YES;
				IPHONEOS_DEPLOYMENT_TARGET = 17.2;
				LOCALIZATION_PREFERS_STRING_CATALOGS = YES;
				MTL_ENABLE_DEBUG_INFO = INCLUDE_SOURCE;
				MTL_FAST_MATH = YES;
				ONLY_ACTIVE_ARCH = YES;
				SDKROOT = iphoneos;
				SWIFT_ACTIVE_COMPILATION_CONDITIONS = "DEBUG $(inherited)";
				SWIFT_OPTIMIZATION_LEVEL = "-Onone";
			};
			name = Debug;
		};
		B1CE60912C3E81F5000F4AA1 /* Release */ = {
			isa = XCBuildConfiguration;
			buildSettings = {
				ALWAYS_SEARCH_USER_PATHS = NO;
				ASSETCATALOG_COMPILER_GENERATE_SWIFT_ASSET_SYMBOL_EXTENSIONS = YES;
				CLANG_ANALYZER_NONNULL = YES;
				CLANG_ANALYZER_NUMBER_OBJECT_CONVERSION = YES_AGGRESSIVE;
				CLANG_CXX_LANGUAGE_STANDARD = "gnu++20";
				CLANG_ENABLE_MODULES = YES;
				CLANG_ENABLE_OBJC_ARC = YES;
				CLANG_ENABLE_OBJC_WEAK = YES;
				CLANG_WARN_BLOCK_CAPTURE_AUTORELEASING = YES;
				CLANG_WARN_BOOL_CONVERSION = YES;
				CLANG_WARN_COMMA = YES;
				CLANG_WARN_CONSTANT_CONVERSION = YES;
				CLANG_WARN_DEPRECATED_OBJC_IMPLEMENTATIONS = YES;
				CLANG_WARN_DIRECT_OBJC_ISA_USAGE = YES_ERROR;
				CLANG_WARN_DOCUMENTATION_COMMENTS = YES;
				CLANG_WARN_EMPTY_BODY = YES;
				CLANG_WARN_ENUM_CONVERSION = YES;
				CLANG_WARN_INFINITE_RECURSION = YES;
				CLANG_WARN_INT_CONVERSION = YES;
				CLANG_WARN_NON_LITERAL_NULL_CONVERSION = YES;
				CLANG_WARN_OBJC_IMPLICIT_RETAIN_SELF = YES;
				CLANG_WARN_OBJC_LITERAL_CONVERSION = YES;
				CLANG_WARN_OBJC_ROOT_CLASS = YES_ERROR;
				CLANG_WARN_QUOTED_INCLUDE_IN_FRAMEWORK_HEADER = YES;
				CLANG_WARN_RANGE_LOOP_ANALYSIS = YES;
				CLANG_WARN_STRICT_PROTOTYPES = YES;
				CLANG_WARN_SUSPICIOUS_MOVE = YES;
				CLANG_WARN_UNGUARDED_AVAILABILITY = YES_AGGRESSIVE;
				CLANG_WARN_UNREACHABLE_CODE = YES;
				CLANG_WARN__DUPLICATE_METHOD_MATCH = YES;
				COPY_PHASE_STRIP = NO;
				DEBUG_INFORMATION_FORMAT = "dwarf-with-dsym";
				ENABLE_NS_ASSERTIONS = NO;
				ENABLE_STRICT_OBJC_MSGSEND = YES;
				ENABLE_USER_SCRIPT_SANDBOXING = YES;
				GCC_C_LANGUAGE_STANDARD = gnu17;
				GCC_NO_COMMON_BLOCKS = YES;
				GCC_WARN_64_TO_32_BIT_CONVERSION = YES;
				GCC_WARN_ABOUT_RETURN_TYPE = YES_ERROR;
				GCC_WARN_UNDECLARED_SELECTOR = YES;
				GCC_WARN_UNINITIALIZED_AUTOS = YES_AGGRESSIVE;
				GCC_WARN_UNUSED_FUNCTION = YES;
				GCC_WARN_UNUSED_VARIABLE = YES;
				IPHONEOS_DEPLOYMENT_TARGET = 17.2;
				LOCALIZATION_PREFERS_STRING_CATALOGS = YES;
				MTL_ENABLE_DEBUG_INFO = NO;
				MTL_FAST_MATH = YES;
				SDKROOT = iphoneos;
				SWIFT_COMPILATION_MODE = wholemodule;
				VALIDATE_PRODUCT = YES;
			};
			name = Release;
		};
		B1CE60932C3E81F5000F4AA1 /* Debug */ = {
			isa = XCBuildConfiguration;
			buildSettings = {
				ASSETCATALOG_COMPILER_APPICON_NAME = AppIcon;
				ASSETCATALOG_COMPILER_GLOBAL_ACCENT_COLOR_NAME = AccentColor;
				CODE_SIGN_STYLE = Automatic;
				CURRENT_PROJECT_VERSION = 1;
				DEVELOPMENT_TEAM = A8L5QZ969G;
				GENERATE_INFOPLIST_FILE = YES;
				INFOPLIST_FILE = WeatherMVVM/Info.plist;
				INFOPLIST_KEY_UIApplicationSupportsIndirectInputEvents = YES;
				INFOPLIST_KEY_UILaunchStoryboardName = LaunchScreen;
				INFOPLIST_KEY_UISupportedInterfaceOrientations = UIInterfaceOrientationPortrait;
				INFOPLIST_KEY_UISupportedInterfaceOrientations_iPad = "UIInterfaceOrientationLandscapeLeft UIInterfaceOrientationLandscapeRight UIInterfaceOrientationPortrait UIInterfaceOrientationPortraitUpsideDown";
				IPHONEOS_DEPLOYMENT_TARGET = 16.4;
				LD_RUNPATH_SEARCH_PATHS = (
					"$(inherited)",
					"@executable_path/Frameworks",
				);
				MARKETING_VERSION = 1.0;
				PRODUCT_BUNDLE_IDENTIFIER = com.thanky.WeatherMVVM;
				PRODUCT_NAME = "$(TARGET_NAME)";
				SUPPORTED_PLATFORMS = "iphoneos iphonesimulator";
				SUPPORTS_MACCATALYST = NO;
				SUPPORTS_MAC_DESIGNED_FOR_IPHONE_IPAD = NO;
				SUPPORTS_XR_DESIGNED_FOR_IPHONE_IPAD = NO;
				SWIFT_EMIT_LOC_STRINGS = YES;
				SWIFT_VERSION = 5.0;
				TARGETED_DEVICE_FAMILY = 1;
			};
			name = Debug;
		};
		B1CE60942C3E81F5000F4AA1 /* Release */ = {
			isa = XCBuildConfiguration;
			buildSettings = {
				ASSETCATALOG_COMPILER_APPICON_NAME = AppIcon;
				ASSETCATALOG_COMPILER_GLOBAL_ACCENT_COLOR_NAME = AccentColor;
				CODE_SIGN_STYLE = Automatic;
				CURRENT_PROJECT_VERSION = 1;
				DEVELOPMENT_TEAM = A8L5QZ969G;
				GENERATE_INFOPLIST_FILE = YES;
				INFOPLIST_FILE = WeatherMVVM/Info.plist;
				INFOPLIST_KEY_UIApplicationSupportsIndirectInputEvents = YES;
				INFOPLIST_KEY_UILaunchStoryboardName = LaunchScreen;
				INFOPLIST_KEY_UISupportedInterfaceOrientations = UIInterfaceOrientationPortrait;
				INFOPLIST_KEY_UISupportedInterfaceOrientations_iPad = "UIInterfaceOrientationLandscapeLeft UIInterfaceOrientationLandscapeRight UIInterfaceOrientationPortrait UIInterfaceOrientationPortraitUpsideDown";
				IPHONEOS_DEPLOYMENT_TARGET = 16.4;
				LD_RUNPATH_SEARCH_PATHS = (
					"$(inherited)",
					"@executable_path/Frameworks",
				);
				MARKETING_VERSION = 1.0;
				PRODUCT_BUNDLE_IDENTIFIER = com.thanky.WeatherMVVM;
				PRODUCT_NAME = "$(TARGET_NAME)";
				SUPPORTED_PLATFORMS = "iphoneos iphonesimulator";
				SUPPORTS_MACCATALYST = NO;
				SUPPORTS_MAC_DESIGNED_FOR_IPHONE_IPAD = NO;
				SUPPORTS_XR_DESIGNED_FOR_IPHONE_IPAD = NO;
				SWIFT_EMIT_LOC_STRINGS = YES;
				SWIFT_VERSION = 5.0;
				TARGETED_DEVICE_FAMILY = 1;
			};
			name = Release;
		};
/* End XCBuildConfiguration section */

/* Begin XCConfigurationList section */
		B1CE60792C3E81F3000F4AA1 /* Build configuration list for PBXProject "WeatherMVVM" */ = {
			isa = XCConfigurationList;
			buildConfigurations = (
				B1CE60902C3E81F5000F4AA1 /* Debug */,
				B1CE60912C3E81F5000F4AA1 /* Release */,
			);
			defaultConfigurationIsVisible = 0;
			defaultConfigurationName = Release;
		};
		B1CE60922C3E81F5000F4AA1 /* Build configuration list for PBXNativeTarget "WeatherMVVM" */ = {
			isa = XCConfigurationList;
			buildConfigurations = (
				B1CE60932C3E81F5000F4AA1 /* Debug */,
				B1CE60942C3E81F5000F4AA1 /* Release */,
			);
			defaultConfigurationIsVisible = 0;
			defaultConfigurationName = Release;
		};
/* End XCConfigurationList section */

/* Begin XCRemoteSwiftPackageReference section */
		B1CE60FF2C422758000F4AA1 /* XCRemoteSwiftPackageReference "Kingfisher" */ = {
			isa = XCRemoteSwiftPackageReference;
			repositoryURL = "https://github.com/onevcat/Kingfisher";
			requirement = {
				kind = upToNextMajorVersion;
				minimumVersion = 7.12.0;
			};
		};
		B1CE61022C422762000F4AA1 /* XCRemoteSwiftPackageReference "SnapKit" */ = {
			isa = XCRemoteSwiftPackageReference;
			repositoryURL = "https://github.com/SnapKit/SnapKit";
			requirement = {
				kind = upToNextMajorVersion;
				minimumVersion = 5.7.1;
			};
		};
		B1CE61072C4227AE000F4AA1 /* XCRemoteSwiftPackageReference "realm-swift" */ = {
			isa = XCRemoteSwiftPackageReference;
			repositoryURL = "https://github.com/realm/realm-swift.git";
			requirement = {
				branch = master;
				kind = branch;
			};
		};
/* End XCRemoteSwiftPackageReference section */

/* Begin XCSwiftPackageProductDependency section */
		B1CE61002C422758000F4AA1 /* Kingfisher */ = {
			isa = XCSwiftPackageProductDependency;
			package = B1CE60FF2C422758000F4AA1 /* XCRemoteSwiftPackageReference "Kingfisher" */;
			productName = Kingfisher;
		};
		B1CE61032C422762000F4AA1 /* SnapKit */ = {
			isa = XCSwiftPackageProductDependency;
			package = B1CE61022C422762000F4AA1 /* XCRemoteSwiftPackageReference "SnapKit" */;
			productName = SnapKit;
		};
		B1CE61052C422762000F4AA1 /* SnapKit-Dynamic */ = {
			isa = XCSwiftPackageProductDependency;
			package = B1CE61022C422762000F4AA1 /* XCRemoteSwiftPackageReference "SnapKit" */;
			productName = "SnapKit-Dynamic";
		};
		B1CE61082C4227AE000F4AA1 /* RealmSwift */ = {
			isa = XCSwiftPackageProductDependency;
			package = B1CE61072C4227AE000F4AA1 /* XCRemoteSwiftPackageReference "realm-swift" */;
			productName = RealmSwift;
		};
/* End XCSwiftPackageProductDependency section */
	};
	rootObject = B1CE60762C3E81F3000F4AA1 /* Project object */;
}
