// !$*UTF8*$!
{
	archiveVersion = 1;
	classes = {
	};
	objectVersion = 56;
	objects = {

/* Begin PBXBuildFile section */
		B1CE60622C3E7C13000F4AA1 /* AppDelegate.swift in Sources */ = {isa = PBXBuildFile; fileRef = B1CE60612C3E7C13000F4AA1 /* AppDelegate.swift */; };
		B1CE60642C3E7C13000F4AA1 /* SceneDelegate.swift in Sources */ = {isa = PBXBuildFile; fileRef = B1CE60632C3E7C13000F4AA1 /* SceneDelegate.swift */; };
		B1CE60662C3E7C13000F4AA1 /* HomeController.swift in Sources */ = {isa = PBXBuildFile; fileRef = B1CE60652C3E7C13000F4AA1 /* HomeController.swift */; };
		B1CE606B2C3E7C15000F4AA1 /* Assets.xcassets in Resources */ = {isa = PBXBuildFile; fileRef = B1CE606A2C3E7C15000F4AA1 /* Assets.xcassets */; };
		B1CE606E2C3E7C15000F4AA1 /* LaunchScreen.storyboard in Resources */ = {isa = PBXBuildFile; fileRef = B1CE606C2C3E7C15000F4AA1 /* LaunchScreen.storyboard */; };
		B1CE609F2C3E877F000F4AA1 /* APIKey.swift in Sources */ = {isa = PBXBuildFile; fileRef = B1CE609E2C3E877F000F4AA1 /* APIKey.swift */; };
		B1CE60A12C3EA36B000F4AA1 /* Coin.swift in Sources */ = {isa = PBXBuildFile; fileRef = B1CE60A02C3EA36B000F4AA1 /* Coin.swift */; };
		B1CE60A32C3EA46C000F4AA1 /* CoinCell.swift in Sources */ = {isa = PBXBuildFile; fileRef = B1CE60A22C3EA46C000F4AA1 /* CoinCell.swift */; };
		B1CE60A52C3EAA88000F4AA1 /* ViewCryptoController.swift in Sources */ = {isa = PBXBuildFile; fileRef = B1CE60A42C3EAA88000F4AA1 /* ViewCryptoController.swift */; };
		B1CE60A72C3EB37B000F4AA1 /* ViewCryptoControllerViewModel.swift in Sources */ = {isa = PBXBuildFile; fileRef = B1CE60A62C3EB37B000F4AA1 /* ViewCryptoControllerViewModel.swift */; };
		B1CE60A92C3EB902000F4AA1 /* CoinError.swift in Sources */ = {isa = PBXBuildFile; fileRef = B1CE60A82C3EB902000F4AA1 /* CoinError.swift */; };
		B1CE60AB2C3EE394000F4AA1 /* HTTP.swift in Sources */ = {isa = PBXBuildFile; fileRef = B1CE60AA2C3EE394000F4AA1 /* HTTP.swift */; };
		B1CE60AD2C3EE49A000F4AA1 /* Endpoint.swift in Sources */ = {isa = PBXBuildFile; fileRef = B1CE60AC2C3EE49A000F4AA1 /* Endpoint.swift */; };
		B1CE60AF2C3EE955000F4AA1 /* CoinService.swift in Sources */ = {isa = PBXBuildFile; fileRef = B1CE60AE2C3EE955000F4AA1 /* CoinService.swift */; };
		B1CE60B22C3EEBA2000F4AA1 /* HomeControllerViewModel.swift in Sources */ = {isa = PBXBuildFile; fileRef = B1CE60B12C3EEBA2000F4AA1 /* HomeControllerViewModel.swift */; };
/* End PBXBuildFile section */

/* Begin PBXFileReference section */
		B1CE605E2C3E7C13000F4AA1 /* iCrypto.app */ = {isa = PBXFileReference; explicitFileType = wrapper.application; includeInIndex = 0; path = iCrypto.app; sourceTree = BUILT_PRODUCTS_DIR; };
		B1CE60612C3E7C13000F4AA1 /* AppDelegate.swift */ = {isa = PBXFileReference; lastKnownFileType = sourcecode.swift; path = AppDelegate.swift; sourceTree = "<group>"; };
		B1CE60632C3E7C13000F4AA1 /* SceneDelegate.swift */ = {isa = PBXFileReference; lastKnownFileType = sourcecode.swift; path = SceneDelegate.swift; sourceTree = "<group>"; };
		B1CE60652C3E7C13000F4AA1 /* HomeController.swift */ = {isa = PBXFileReference; lastKnownFileType = sourcecode.swift; path = HomeController.swift; sourceTree = "<group>"; };
		B1CE606A2C3E7C15000F4AA1 /* Assets.xcassets */ = {isa = PBXFileReference; lastKnownFileType = folder.assetcatalog; path = Assets.xcassets; sourceTree = "<group>"; };
		B1CE606D2C3E7C15000F4AA1 /* Base */ = {isa = PBXFileReference; lastKnownFileType = file.storyboard; name = Base; path = Base.lproj/LaunchScreen.storyboard; sourceTree = "<group>"; };
		B1CE606F2C3E7C15000F4AA1 /* Info.plist */ = {isa = PBXFileReference; lastKnownFileType = text.plist.xml; path = Info.plist; sourceTree = "<group>"; };
		B1CE609E2C3E877F000F4AA1 /* APIKey.swift */ = {isa = PBXFileReference; lastKnownFileType = sourcecode.swift; path = APIKey.swift; sourceTree = "<group>"; };
		B1CE60A02C3EA36B000F4AA1 /* Coin.swift */ = {isa = PBXFileReference; lastKnownFileType = sourcecode.swift; path = Coin.swift; sourceTree = "<group>"; };
		B1CE60A22C3EA46C000F4AA1 /* CoinCell.swift */ = {isa = PBXFileReference; lastKnownFileType = sourcecode.swift; path = CoinCell.swift; sourceTree = "<group>"; };
		B1CE60A42C3EAA88000F4AA1 /* ViewCryptoController.swift */ = {isa = PBXFileReference; lastKnownFileType = sourcecode.swift; path = ViewCryptoController.swift; sourceTree = "<group>"; };
		B1CE60A62C3EB37B000F4AA1 /* ViewCryptoControllerViewModel.swift */ = {isa = PBXFileReference; lastKnownFileType = sourcecode.swift; path = ViewCryptoControllerViewModel.swift; sourceTree = "<group>"; };
		B1CE60A82C3EB902000F4AA1 /* CoinError.swift */ = {isa = PBXFileReference; lastKnownFileType = sourcecode.swift; path = CoinError.swift; sourceTree = "<group>"; };
		B1CE60AA2C3EE394000F4AA1 /* HTTP.swift */ = {isa = PBXFileReference; lastKnownFileType = sourcecode.swift; path = HTTP.swift; sourceTree = "<group>"; };
		B1CE60AC2C3EE49A000F4AA1 /* Endpoint.swift */ = {isa = PBXFileReference; lastKnownFileType = sourcecode.swift; path = Endpoint.swift; sourceTree = "<group>"; };
		B1CE60AE2C3EE955000F4AA1 /* CoinService.swift */ = {isa = PBXFileReference; lastKnownFileType = sourcecode.swift; path = CoinService.swift; sourceTree = "<group>"; };
		B1CE60B12C3EEBA2000F4AA1 /* HomeControllerViewModel.swift */ = {isa = PBXFileReference; lastKnownFileType = sourcecode.swift; path = HomeControllerViewModel.swift; sourceTree = "<group>"; };
/* End PBXFileReference section */

/* Begin PBXFrameworksBuildPhase section */
		B1CE605B2C3E7C13000F4AA1 /* Frameworks */ = {
			isa = PBXFrameworksBuildPhase;
			buildActionMask = 2147483647;
			files = (
			);
			runOnlyForDeploymentPostprocessing = 0;
		};
/* End PBXFrameworksBuildPhase section */

/* Begin PBXGroup section */
		B1CE60552C3E7C13000F4AA1 = {
			isa = PBXGroup;
			children = (
				B1CE60602C3E7C13000F4AA1 /* iCrypto */,
				B1CE605F2C3E7C13000F4AA1 /* Products */,
			);
			sourceTree = "<group>";
		};
		B1CE605F2C3E7C13000F4AA1 /* Products */ = {
			isa = PBXGroup;
			children = (
				B1CE605E2C3E7C13000F4AA1 /* iCrypto.app */,
			);
			name = Products;
			sourceTree = "<group>";
		};
		B1CE60602C3E7C13000F4AA1 /* iCrypto */ = {
			isa = PBXGroup;
			children = (
				B1CE609B2C3E8674000F4AA1 /* Views */,
				B1CE609A2C3E866A000F4AA1 /* API */,
				B1CE60992C3E8661000F4AA1 /* Models */,
				B1CE60982C3E8657000F4AA1 /* ViewModels */,
				B1CE60952C3E84B4000F4AA1 /* Controllers */,
				B1CE60972C3E8642000F4AA1 /* Supporting */,
				B1CE606F2C3E7C15000F4AA1 /* Info.plist */,
			);
			path = iCrypto;
			sourceTree = "<group>";
		};
		B1CE60952C3E84B4000F4AA1 /* Controllers */ = {
			isa = PBXGroup;
			children = (
				B1CE60652C3E7C13000F4AA1 /* HomeController.swift */,
				B1CE60A42C3EAA88000F4AA1 /* ViewCryptoController.swift */,
			);
			path = Controllers;
			sourceTree = "<group>";
		};
		B1CE60972C3E8642000F4AA1 /* Supporting */ = {
			isa = PBXGroup;
			children = (
				B1CE60632C3E7C13000F4AA1 /* SceneDelegate.swift */,
				B1CE60612C3E7C13000F4AA1 /* AppDelegate.swift */,
				B1CE609E2C3E877F000F4AA1 /* APIKey.swift */,
				B1CE60B02C3EEA60000F4AA1 /* Base */,
				B1CE606A2C3E7C15000F4AA1 /* Assets.xcassets */,
			);
			path = Supporting;
			sourceTree = "<group>";
		};
		B1CE60982C3E8657000F4AA1 /* ViewModels */ = {
			isa = PBXGroup;
			children = (
				B1CE60A62C3EB37B000F4AA1 /* ViewCryptoControllerViewModel.swift */,
				B1CE60B12C3EEBA2000F4AA1 /* HomeControllerViewModel.swift */,
			);
			path = ViewModels;
			sourceTree = "<group>";
		};
		B1CE60992C3E8661000F4AA1 /* Models */ = {
			isa = PBXGroup;
			children = (
				B1CE60A02C3EA36B000F4AA1 /* Coin.swift */,
				B1CE60A82C3EB902000F4AA1 /* CoinError.swift */,
			);
			path = Models;
			sourceTree = "<group>";
		};
		B1CE609A2C3E866A000F4AA1 /* API */ = {
			isa = PBXGroup;
			children = (
				B1CE60AA2C3EE394000F4AA1 /* HTTP.swift */,
				B1CE60AC2C3EE49A000F4AA1 /* Endpoint.swift */,
				B1CE60AE2C3EE955000F4AA1 /* CoinService.swift */,
			);
			path = API;
			sourceTree = "<group>";
		};
		B1CE609B2C3E8674000F4AA1 /* Views */ = {
			isa = PBXGroup;
			children = (
				B1CE60A22C3EA46C000F4AA1 /* CoinCell.swift */,
			);
			path = Views;
			sourceTree = "<group>";
		};
		B1CE60B02C3EEA60000F4AA1 /* Base */ = {
			isa = PBXGroup;
			children = (
				B1CE606C2C3E7C15000F4AA1 /* LaunchScreen.storyboard */,
			);
			path = Base;
			sourceTree = "<group>";
		};
/* End PBXGroup section */

/* Begin PBXNativeTarget section */
		B1CE605D2C3E7C13000F4AA1 /* iCrypto */ = {
			isa = PBXNativeTarget;
			buildConfigurationList = B1CE60722C3E7C15000F4AA1 /* Build configuration list for PBXNativeTarget "iCrypto" */;
			buildPhases = (
				B1CE605A2C3E7C13000F4AA1 /* Sources */,
				B1CE605B2C3E7C13000F4AA1 /* Frameworks */,
				B1CE605C2C3E7C13000F4AA1 /* Resources */,
			);
			buildRules = (
			);
			dependencies = (
			);
			name = iCrypto;
			productName = iCrypto;
			productReference = B1CE605E2C3E7C13000F4AA1 /* iCrypto.app */;
			productType = "com.apple.product-type.application";
		};
/* End PBXNativeTarget section */

/* Begin PBXProject section */
		B1CE60562C3E7C13000F4AA1 /* Project object */ = {
			isa = PBXProject;
			attributes = {
				BuildIndependentTargetsInParallel = 1;
				LastSwiftUpdateCheck = 1520;
				LastUpgradeCheck = 1520;
				TargetAttributes = {
					B1CE605D2C3E7C13000F4AA1 = {
						CreatedOnToolsVersion = 15.2;
					};
				};
			};
			buildConfigurationList = B1CE60592C3E7C13000F4AA1 /* Build configuration list for PBXProject "iCrypto" */;
			compatibilityVersion = "Xcode 14.0";
			developmentRegion = en;
			hasScannedForEncodings = 0;
			knownRegions = (
				en,
				Base,
			);
			mainGroup = B1CE60552C3E7C13000F4AA1;
			productRefGroup = B1CE605F2C3E7C13000F4AA1 /* Products */;
			projectDirPath = "";
			projectRoot = "";
			targets = (
				B1CE605D2C3E7C13000F4AA1 /* iCrypto */,
			);
		};
/* End PBXProject section */

/* Begin PBXResourcesBuildPhase section */
		B1CE605C2C3E7C13000F4AA1 /* Resources */ = {
			isa = PBXResourcesBuildPhase;
			buildActionMask = 2147483647;
			files = (
				B1CE606E2C3E7C15000F4AA1 /* LaunchScreen.storyboard in Resources */,
				B1CE606B2C3E7C15000F4AA1 /* Assets.xcassets in Resources */,
			);
			runOnlyForDeploymentPostprocessing = 0;
		};
/* End PBXResourcesBuildPhase section */

/* Begin PBXSourcesBuildPhase section */
		B1CE605A2C3E7C13000F4AA1 /* Sources */ = {
			isa = PBXSourcesBuildPhase;
			buildActionMask = 2147483647;
			files = (
				B1CE60662C3E7C13000F4AA1 /* HomeController.swift in Sources */,
				B1CE60622C3E7C13000F4AA1 /* AppDelegate.swift in Sources */,
				B1CE60A72C3EB37B000F4AA1 /* ViewCryptoControllerViewModel.swift in Sources */,
				B1CE609F2C3E877F000F4AA1 /* APIKey.swift in Sources */,
				B1CE60A52C3EAA88000F4AA1 /* ViewCryptoController.swift in Sources */,
				B1CE60AB2C3EE394000F4AA1 /* HTTP.swift in Sources */,
				B1CE60A92C3EB902000F4AA1 /* CoinError.swift in Sources */,
				B1CE60A12C3EA36B000F4AA1 /* Coin.swift in Sources */,
				B1CE60B22C3EEBA2000F4AA1 /* HomeControllerViewModel.swift in Sources */,
				B1CE60A32C3EA46C000F4AA1 /* CoinCell.swift in Sources */,
				B1CE60AD2C3EE49A000F4AA1 /* Endpoint.swift in Sources */,
				B1CE60AF2C3EE955000F4AA1 /* CoinService.swift in Sources */,
				B1CE60642C3E7C13000F4AA1 /* SceneDelegate.swift in Sources */,
			);
			runOnlyForDeploymentPostprocessing = 0;
		};
/* End PBXSourcesBuildPhase section */

/* Begin PBXVariantGroup section */
		B1CE606C2C3E7C15000F4AA1 /* LaunchScreen.storyboard */ = {
			isa = PBXVariantGroup;
			children = (
				B1CE606D2C3E7C15000F4AA1 /* Base */,
			);
			name = LaunchScreen.storyboard;
			sourceTree = "<group>";
		};
/* End PBXVariantGroup section */

/* Begin XCBuildConfiguration section */
		B1CE60702C3E7C15000F4AA1 /* Debug */ = {
			isa = XCBuildConfiguration;
			buildSettings = {
				ALWAYS_SEARCH_USER_PATHS = NO;
				ASSETCATALOG_COMPILER_GENERATE_SWIFT_ASSET_SYMBOL_EXTENSIONS = YES;
				CLANG_ANALYZER_NONNULL = YES;
				CLANG_ANALYZER_NUMBER_OBJECT_CONVERSION = YES_AGGRESSIVE;
				CLANG_CXX_LANGUAGE_STANDARD = "gnu++20";
				CLANG_ENABLE_MODULES = YES;
				CLANG_ENABLE_OBJC_ARC = YES;
				CLANG_ENABLE_OBJC_WEAK = YES;
				CLANG_WARN_BLOCK_CAPTURE_AUTORELEASING = YES;
				CLANG_WARN_BOOL_CONVERSION = YES;
				CLANG_WARN_COMMA = YES;
				CLANG_WARN_CONSTANT_CONVERSION = YES;
				CLANG_WARN_DEPRECATED_OBJC_IMPLEMENTATIONS = YES;
				CLANG_WARN_DIRECT_OBJC_ISA_USAGE = YES_ERROR;
				CLANG_WARN_DOCUMENTATION_COMMENTS = YES;
				CLANG_WARN_EMPTY_BODY = YES;
				CLANG_WARN_ENUM_CONVERSION = YES;
				CLANG_WARN_INFINITE_RECURSION = YES;
				CLANG_WARN_INT_CONVERSION = YES;
				CLANG_WARN_NON_LITERAL_NULL_CONVERSION = YES;
				CLANG_WARN_OBJC_IMPLICIT_RETAIN_SELF = YES;
				CLANG_WARN_OBJC_LITERAL_CONVERSION = YES;
				CLANG_WARN_OBJC_ROOT_CLASS = YES_ERROR;
				CLANG_WARN_QUOTED_INCLUDE_IN_FRAMEWORK_HEADER = YES;
				CLANG_WARN_RANGE_LOOP_ANALYSIS = YES;
				CLANG_WARN_STRICT_PROTOTYPES = YES;
				CLANG_WARN_SUSPICIOUS_MOVE = YES;
				CLANG_WARN_UNGUARDED_AVAILABILITY = YES_AGGRESSIVE;
				CLANG_WARN_UNREACHABLE_CODE = YES;
				CLANG_WARN__DUPLICATE_METHOD_MATCH = YES;
				COPY_PHASE_STRIP = NO;
				DEBUG_INFORMATION_FORMAT = dwarf;
				ENABLE_STRICT_OBJC_MSGSEND = YES;
				ENABLE_TESTABILITY = YES;
				ENABLE_USER_SCRIPT_SANDBOXING = YES;
				GCC_C_LANGUAGE_STANDARD = gnu17;
				GCC_DYNAMIC_NO_PIC = NO;
				GCC_NO_COMMON_BLOCKS = YES;
				GCC_OPTIMIZATION_LEVEL = 0;
				GCC_PREPROCESSOR_DEFINITIONS = (
					"DEBUG=1",
					"$(inherited)",
				);
				GCC_WARN_64_TO_32_BIT_CONVERSION = YES;
				GCC_WARN_ABOUT_RETURN_TYPE = YES_ERROR;
				GCC_WARN_UNDECLARED_SELECTOR = YES;
				GCC_WARN_UNINITIALIZED_AUTOS = YES_AGGRESSIVE;
				GCC_WARN_UNUSED_FUNCTION = YES;
				GCC_WARN_UNUSED_VARIABLE = YES;
				IPHONEOS_DEPLOYMENT_TARGET = 17.2;
				LOCALIZATION_PREFERS_STRING_CATALOGS = YES;
				MTL_ENABLE_DEBUG_INFO = INCLUDE_SOURCE;
				MTL_FAST_MATH = YES;
				ONLY_ACTIVE_ARCH = YES;
				SDKROOT = iphoneos;
				SWIFT_ACTIVE_COMPILATION_CONDITIONS = "DEBUG $(inherited)";
				SWIFT_OPTIMIZATION_LEVEL = "-Onone";
			};
			name = Debug;
		};
		B1CE60712C3E7C15000F4AA1 /* Release */ = {
			isa = XCBuildConfiguration;
			buildSettings = {
				ALWAYS_SEARCH_USER_PATHS = NO;
				ASSETCATALOG_COMPILER_GENERATE_SWIFT_ASSET_SYMBOL_EXTENSIONS = YES;
				CLANG_ANALYZER_NONNULL = YES;
				CLANG_ANALYZER_NUMBER_OBJECT_CONVERSION = YES_AGGRESSIVE;
				CLANG_CXX_LANGUAGE_STANDARD = "gnu++20";
				CLANG_ENABLE_MODULES = YES;
				CLANG_ENABLE_OBJC_ARC = YES;
				CLANG_ENABLE_OBJC_WEAK = YES;
				CLANG_WARN_BLOCK_CAPTURE_AUTORELEASING = YES;
				CLANG_WARN_BOOL_CONVERSION = YES;
				CLANG_WARN_COMMA = YES;
				CLANG_WARN_CONSTANT_CONVERSION = YES;
				CLANG_WARN_DEPRECATED_OBJC_IMPLEMENTATIONS = YES;
				CLANG_WARN_DIRECT_OBJC_ISA_USAGE = YES_ERROR;
				CLANG_WARN_DOCUMENTATION_COMMENTS = YES;
				CLANG_WARN_EMPTY_BODY = YES;
				CLANG_WARN_ENUM_CONVERSION = YES;
				CLANG_WARN_INFINITE_RECURSION = YES;
				CLANG_WARN_INT_CONVERSION = YES;
				CLANG_WARN_NON_LITERAL_NULL_CONVERSION = YES;
				CLANG_WARN_OBJC_IMPLICIT_RETAIN_SELF = YES;
				CLANG_WARN_OBJC_LITERAL_CONVERSION = YES;
				CLANG_WARN_OBJC_ROOT_CLASS = YES_ERROR;
				CLANG_WARN_QUOTED_INCLUDE_IN_FRAMEWORK_HEADER = YES;
				CLANG_WARN_RANGE_LOOP_ANALYSIS = YES;
				CLANG_WARN_STRICT_PROTOTYPES = YES;
				CLANG_WARN_SUSPICIOUS_MOVE = YES;
				CLANG_WARN_UNGUARDED_AVAILABILITY = YES_AGGRESSIVE;
				CLANG_WARN_UNREACHABLE_CODE = YES;
				CLANG_WARN__DUPLICATE_METHOD_MATCH = YES;
				COPY_PHASE_STRIP = NO;
				DEBUG_INFORMATION_FORMAT = "dwarf-with-dsym";
				ENABLE_NS_ASSERTIONS = NO;
				ENABLE_STRICT_OBJC_MSGSEND = YES;
				ENABLE_USER_SCRIPT_SANDBOXING = YES;
				GCC_C_LANGUAGE_STANDARD = gnu17;
				GCC_NO_COMMON_BLOCKS = YES;
				GCC_WARN_64_TO_32_BIT_CONVERSION = YES;
				GCC_WARN_ABOUT_RETURN_TYPE = YES_ERROR;
				GCC_WARN_UNDECLARED_SELECTOR = YES;
				GCC_WARN_UNINITIALIZED_AUTOS = YES_AGGRESSIVE;
				GCC_WARN_UNUSED_FUNCTION = YES;
				GCC_WARN_UNUSED_VARIABLE = YES;
				IPHONEOS_DEPLOYMENT_TARGET = 17.2;
				LOCALIZATION_PREFERS_STRING_CATALOGS = YES;
				MTL_ENABLE_DEBUG_INFO = NO;
				MTL_FAST_MATH = YES;
				SDKROOT = iphoneos;
				SWIFT_COMPILATION_MODE = wholemodule;
				VALIDATE_PRODUCT = YES;
			};
			name = Release;
		};
		B1CE60732C3E7C15000F4AA1 /* Debug */ = {
			isa = XCBuildConfiguration;
			buildSettings = {
				ASSETCATALOG_COMPILER_APPICON_NAME = AppIcon;
				ASSETCATALOG_COMPILER_GLOBAL_ACCENT_COLOR_NAME = AccentColor;
				CODE_SIGN_STYLE = Automatic;
				CURRENT_PROJECT_VERSION = 1;
				DEVELOPMENT_TEAM = A8L5QZ969G;
				GENERATE_INFOPLIST_FILE = YES;
				INFOPLIST_FILE = iCrypto/Info.plist;
				INFOPLIST_KEY_UIApplicationSupportsIndirectInputEvents = YES;
				INFOPLIST_KEY_UILaunchStoryboardName = LaunchScreen;
				INFOPLIST_KEY_UISupportedInterfaceOrientations_iPad = "UIInterfaceOrientationPortrait UIInterfaceOrientationPortraitUpsideDown UIInterfaceOrientationLandscapeLeft UIInterfaceOrientationLandscapeRight";
				INFOPLIST_KEY_UISupportedInterfaceOrientations_iPhone = "UIInterfaceOrientationPortrait UIInterfaceOrientationLandscapeLeft UIInterfaceOrientationLandscapeRight";
				LD_RUNPATH_SEARCH_PATHS = (
					"$(inherited)",
					"@executable_path/Frameworks",
				);
				MARKETING_VERSION = 1.0;
				PRODUCT_BUNDLE_IDENTIFIER = com.thanky.iCrypto;
				PRODUCT_NAME = "$(TARGET_NAME)";
				SUPPORTED_PLATFORMS = "iphoneos iphonesimulator";
				SUPPORTS_MACCATALYST = NO;
				SUPPORTS_MAC_DESIGNED_FOR_IPHONE_IPAD = NO;
				SUPPORTS_XR_DESIGNED_FOR_IPHONE_IPAD = NO;
				SWIFT_EMIT_LOC_STRINGS = YES;
				SWIFT_VERSION = 5.0;
				TARGETED_DEVICE_FAMILY = 1;
			};
			name = Debug;
		};
		B1CE60742C3E7C15000F4AA1 /* Release */ = {
			isa = XCBuildConfiguration;
			buildSettings = {
				ASSETCATALOG_COMPILER_APPICON_NAME = AppIcon;
				ASSETCATALOG_COMPILER_GLOBAL_ACCENT_COLOR_NAME = AccentColor;
				CODE_SIGN_STYLE = Automatic;
				CURRENT_PROJECT_VERSION = 1;
				DEVELOPMENT_TEAM = A8L5QZ969G;
				GENERATE_INFOPLIST_FILE = YES;
				INFOPLIST_FILE = iCrypto/Info.plist;
				INFOPLIST_KEY_UIApplicationSupportsIndirectInputEvents = YES;
				INFOPLIST_KEY_UILaunchStoryboardName = LaunchScreen;
				INFOPLIST_KEY_UISupportedInterfaceOrientations_iPad = "UIInterfaceOrientationPortrait UIInterfaceOrientationPortraitUpsideDown UIInterfaceOrientationLandscapeLeft UIInterfaceOrientationLandscapeRight";
				INFOPLIST_KEY_UISupportedInterfaceOrientations_iPhone = "UIInterfaceOrientationPortrait UIInterfaceOrientationLandscapeLeft UIInterfaceOrientationLandscapeRight";
				LD_RUNPATH_SEARCH_PATHS = (
					"$(inherited)",
					"@executable_path/Frameworks",
				);
				MARKETING_VERSION = 1.0;
				PRODUCT_BUNDLE_IDENTIFIER = com.thanky.iCrypto;
				PRODUCT_NAME = "$(TARGET_NAME)";
				SUPPORTED_PLATFORMS = "iphoneos iphonesimulator";
				SUPPORTS_MACCATALYST = NO;
				SUPPORTS_MAC_DESIGNED_FOR_IPHONE_IPAD = NO;
				SUPPORTS_XR_DESIGNED_FOR_IPHONE_IPAD = NO;
				SWIFT_EMIT_LOC_STRINGS = YES;
				SWIFT_VERSION = 5.0;
				TARGETED_DEVICE_FAMILY = 1;
			};
			name = Release;
		};
/* End XCBuildConfiguration section */

/* Begin XCConfigurationList section */
		B1CE60592C3E7C13000F4AA1 /* Build configuration list for PBXProject "iCrypto" */ = {
			isa = XCConfigurationList;
			buildConfigurations = (
				B1CE60702C3E7C15000F4AA1 /* Debug */,
				B1CE60712C3E7C15000F4AA1 /* Release */,
			);
			defaultConfigurationIsVisible = 0;
			defaultConfigurationName = Release;
		};
		B1CE60722C3E7C15000F4AA1 /* Build configuration list for PBXNativeTarget "iCrypto" */ = {
			isa = XCConfigurationList;
			buildConfigurations = (
				B1CE60732C3E7C15000F4AA1 /* Debug */,
				B1CE60742C3E7C15000F4AA1 /* Release */,
			);
			defaultConfigurationIsVisible = 0;
			defaultConfigurationName = Release;
		};
/* End XCConfigurationList section */
	};
	rootObject = B1CE60562C3E7C13000F4AA1 /* Project object */;
}
