// !$*UTF8*$!
{
	archiveVersion = 1;
	classes = {
	};
	objectVersion = 56;
	objects = {

/* Begin PBXBuildFile section */
		B15541B02C10563800DAAB37 /* AppDelegate.swift in Sources */ = {isa = PBXBuildFile; fileRef = B15541AF2C10563800DAAB37 /* AppDelegate.swift */; };
		B15541B22C10563800DAAB37 /* SceneDelegate.swift in Sources */ = {isa = PBXBuildFile; fileRef = B15541B12C10563800DAAB37 /* SceneDelegate.swift */; };
		B15541B42C10563800DAAB37 /* LookUpLottoViewController.swift in Sources */ = {isa = PBXBuildFile; fileRef = B15541B32C10563800DAAB37 /* LookUpLottoViewController.swift */; };
		B15541B92C10563A00DAAB37 /* Assets.xcassets in Resources */ = {isa = PBXBuildFile; fileRef = B15541B82C10563A00DAAB37 /* Assets.xcassets */; };
		B15541BC2C10563A00DAAB37 /* LaunchScreen.storyboard in Resources */ = {isa = PBXBuildFile; fileRef = B15541BA2C10563A00DAAB37 /* LaunchScreen.storyboard */; };
		B15541C42C1056B400DAAB37 /* MainTabBarViewController.swift in Sources */ = {isa = PBXBuildFile; fileRef = B15541C32C1056B400DAAB37 /* MainTabBarViewController.swift */; };
		B15541C62C1057B500DAAB37 /* MyNewLottoViewController.swift in Sources */ = {isa = PBXBuildFile; fileRef = B15541C52C1057B500DAAB37 /* MyNewLottoViewController.swift */; };
		B15541CA2C1060F200DAAB37 /* Alamofire in Frameworks */ = {isa = PBXBuildFile; productRef = B15541C92C1060F200DAAB37 /* Alamofire */; };
		B15541CD2C10610000DAAB37 /* SnapKit in Frameworks */ = {isa = PBXBuildFile; productRef = B15541CC2C10610000DAAB37 /* SnapKit */; };
		B15541CF2C10644C00DAAB37 /* ReuseIdentifierProtocol.swift in Sources */ = {isa = PBXBuildFile; fileRef = B15541CE2C10644C00DAAB37 /* ReuseIdentifierProtocol.swift */; };
		B15541D12C1064E300DAAB37 /* UIColor+Extension.swift in Sources */ = {isa = PBXBuildFile; fileRef = B15541D02C1064E300DAAB37 /* UIColor+Extension.swift */; };
/* End PBXBuildFile section */

/* Begin PBXFileReference section */
		B15541AC2C10563800DAAB37 /* Lotto.app */ = {isa = PBXFileReference; explicitFileType = wrapper.application; includeInIndex = 0; path = Lotto.app; sourceTree = BUILT_PRODUCTS_DIR; };
		B15541AF2C10563800DAAB37 /* AppDelegate.swift */ = {isa = PBXFileReference; lastKnownFileType = sourcecode.swift; path = AppDelegate.swift; sourceTree = "<group>"; };
		B15541B12C10563800DAAB37 /* SceneDelegate.swift */ = {isa = PBXFileReference; lastKnownFileType = sourcecode.swift; path = SceneDelegate.swift; sourceTree = "<group>"; };
		B15541B32C10563800DAAB37 /* LookUpLottoViewController.swift */ = {isa = PBXFileReference; lastKnownFileType = sourcecode.swift; path = LookUpLottoViewController.swift; sourceTree = "<group>"; };
		B15541B82C10563A00DAAB37 /* Assets.xcassets */ = {isa = PBXFileReference; lastKnownFileType = folder.assetcatalog; path = Assets.xcassets; sourceTree = "<group>"; };
		B15541BB2C10563A00DAAB37 /* Base */ = {isa = PBXFileReference; lastKnownFileType = file.storyboard; name = Base; path = Base.lproj/LaunchScreen.storyboard; sourceTree = "<group>"; };
		B15541BD2C10563A00DAAB37 /* Info.plist */ = {isa = PBXFileReference; lastKnownFileType = text.plist.xml; path = Info.plist; sourceTree = "<group>"; };
		B15541C32C1056B400DAAB37 /* MainTabBarViewController.swift */ = {isa = PBXFileReference; lastKnownFileType = sourcecode.swift; path = MainTabBarViewController.swift; sourceTree = "<group>"; };
		B15541C52C1057B500DAAB37 /* MyNewLottoViewController.swift */ = {isa = PBXFileReference; lastKnownFileType = sourcecode.swift; path = MyNewLottoViewController.swift; sourceTree = "<group>"; };
		B15541CE2C10644C00DAAB37 /* ReuseIdentifierProtocol.swift */ = {isa = PBXFileReference; lastKnownFileType = sourcecode.swift; path = ReuseIdentifierProtocol.swift; sourceTree = "<group>"; };
		B15541D02C1064E300DAAB37 /* UIColor+Extension.swift */ = {isa = PBXFileReference; lastKnownFileType = sourcecode.swift; path = "UIColor+Extension.swift"; sourceTree = "<group>"; };
/* End PBXFileReference section */

/* Begin PBXFrameworksBuildPhase section */
		B15541A92C10563800DAAB37 /* Frameworks */ = {
			isa = PBXFrameworksBuildPhase;
			buildActionMask = 2147483647;
			files = (
				B15541CA2C1060F200DAAB37 /* Alamofire in Frameworks */,
				B15541CD2C10610000DAAB37 /* SnapKit in Frameworks */,
			);
			runOnlyForDeploymentPostprocessing = 0;
		};
/* End PBXFrameworksBuildPhase section */

/* Begin PBXGroup section */
		B15541A32C10563800DAAB37 = {
			isa = PBXGroup;
			children = (
				B15541AE2C10563800DAAB37 /* Lotto */,
				B15541AD2C10563800DAAB37 /* Products */,
			);
			sourceTree = "<group>";
		};
		B15541AD2C10563800DAAB37 /* Products */ = {
			isa = PBXGroup;
			children = (
				B15541AC2C10563800DAAB37 /* Lotto.app */,
			);
			name = Products;
			sourceTree = "<group>";
		};
		B15541AE2C10563800DAAB37 /* Lotto */ = {
			isa = PBXGroup;
			children = (
				B15541D32C10650100DAAB37 /* Protocol */,
				B15541D22C1064F400DAAB37 /* Extensions */,
				B15541C32C1056B400DAAB37 /* MainTabBarViewController.swift */,
				B15541B12C10563800DAAB37 /* SceneDelegate.swift */,
				B15541AF2C10563800DAAB37 /* AppDelegate.swift */,
				B15541C72C1057BC00DAAB37 /* ViewController */,
				B15541B82C10563A00DAAB37 /* Assets.xcassets */,
				B15541BA2C10563A00DAAB37 /* LaunchScreen.storyboard */,
				B15541BD2C10563A00DAAB37 /* Info.plist */,
			);
			path = Lotto;
			sourceTree = "<group>";
		};
		B15541C72C1057BC00DAAB37 /* ViewController */ = {
			isa = PBXGroup;
			children = (
				B15541B32C10563800DAAB37 /* LookUpLottoViewController.swift */,
				B15541C52C1057B500DAAB37 /* MyNewLottoViewController.swift */,
			);
			path = ViewController;
			sourceTree = "<group>";
		};
		B15541D22C1064F400DAAB37 /* Extensions */ = {
			isa = PBXGroup;
			children = (
				B15541D02C1064E300DAAB37 /* UIColor+Extension.swift */,
			);
			path = Extensions;
			sourceTree = "<group>";
		};
		B15541D32C10650100DAAB37 /* Protocol */ = {
			isa = PBXGroup;
			children = (
				B15541CE2C10644C00DAAB37 /* ReuseIdentifierProtocol.swift */,
			);
			path = Protocol;
			sourceTree = "<group>";
		};
/* End PBXGroup section */

/* Begin PBXNativeTarget section */
		B15541AB2C10563800DAAB37 /* Lotto */ = {
			isa = PBXNativeTarget;
			buildConfigurationList = B15541C02C10563A00DAAB37 /* Build configuration list for PBXNativeTarget "Lotto" */;
			buildPhases = (
				B15541A82C10563800DAAB37 /* Sources */,
				B15541A92C10563800DAAB37 /* Frameworks */,
				B15541AA2C10563800DAAB37 /* Resources */,
			);
			buildRules = (
			);
			dependencies = (
			);
			name = Lotto;
			packageProductDependencies = (
				B15541C92C1060F200DAAB37 /* Alamofire */,
				B15541CC2C10610000DAAB37 /* SnapKit */,
			);
			productName = Lotto;
			productReference = B15541AC2C10563800DAAB37 /* Lotto.app */;
			productType = "com.apple.product-type.application";
		};
/* End PBXNativeTarget section */

/* Begin PBXProject section */
		B15541A42C10563800DAAB37 /* Project object */ = {
			isa = PBXProject;
			attributes = {
				BuildIndependentTargetsInParallel = 1;
				LastSwiftUpdateCheck = 1520;
				LastUpgradeCheck = 1520;
				TargetAttributes = {
					B15541AB2C10563800DAAB37 = {
						CreatedOnToolsVersion = 15.2;
					};
				};
			};
			buildConfigurationList = B15541A72C10563800DAAB37 /* Build configuration list for PBXProject "Lotto" */;
			compatibilityVersion = "Xcode 14.0";
			developmentRegion = en;
			hasScannedForEncodings = 0;
			knownRegions = (
				en,
				Base,
			);
			mainGroup = B15541A32C10563800DAAB37;
			packageReferences = (
				B15541C82C1060F200DAAB37 /* XCRemoteSwiftPackageReference "Alamofire" */,
				B15541CB2C10610000DAAB37 /* XCRemoteSwiftPackageReference "SnapKit" */,
			);
			productRefGroup = B15541AD2C10563800DAAB37 /* Products */;
			projectDirPath = "";
			projectRoot = "";
			targets = (
				B15541AB2C10563800DAAB37 /* Lotto */,
			);
		};
/* End PBXProject section */

/* Begin PBXResourcesBuildPhase section */
		B15541AA2C10563800DAAB37 /* Resources */ = {
			isa = PBXResourcesBuildPhase;
			buildActionMask = 2147483647;
			files = (
				B15541BC2C10563A00DAAB37 /* LaunchScreen.storyboard in Resources */,
				B15541B92C10563A00DAAB37 /* Assets.xcassets in Resources */,
			);
			runOnlyForDeploymentPostprocessing = 0;
		};
/* End PBXResourcesBuildPhase section */

/* Begin PBXSourcesBuildPhase section */
		B15541A82C10563800DAAB37 /* Sources */ = {
			isa = PBXSourcesBuildPhase;
			buildActionMask = 2147483647;
			files = (
				B15541D12C1064E300DAAB37 /* UIColor+Extension.swift in Sources */,
				B15541B42C10563800DAAB37 /* LookUpLottoViewController.swift in Sources */,
				B15541C62C1057B500DAAB37 /* MyNewLottoViewController.swift in Sources */,
				B15541CF2C10644C00DAAB37 /* ReuseIdentifierProtocol.swift in Sources */,
				B15541C42C1056B400DAAB37 /* MainTabBarViewController.swift in Sources */,
				B15541B02C10563800DAAB37 /* AppDelegate.swift in Sources */,
				B15541B22C10563800DAAB37 /* SceneDelegate.swift in Sources */,
			);
			runOnlyForDeploymentPostprocessing = 0;
		};
/* End PBXSourcesBuildPhase section */

/* Begin PBXVariantGroup section */
		B15541BA2C10563A00DAAB37 /* LaunchScreen.storyboard */ = {
			isa = PBXVariantGroup;
			children = (
				B15541BB2C10563A00DAAB37 /* Base */,
			);
			name = LaunchScreen.storyboard;
			sourceTree = "<group>";
		};
/* End PBXVariantGroup section */

/* Begin XCBuildConfiguration section */
		B15541BE2C10563A00DAAB37 /* Debug */ = {
			isa = XCBuildConfiguration;
			buildSettings = {
				ALWAYS_SEARCH_USER_PATHS = NO;
				ASSETCATALOG_COMPILER_GENERATE_SWIFT_ASSET_SYMBOL_EXTENSIONS = YES;
				CLANG_ANALYZER_NONNULL = YES;
				CLANG_ANALYZER_NUMBER_OBJECT_CONVERSION = YES_AGGRESSIVE;
				CLANG_CXX_LANGUAGE_STANDARD = "gnu++20";
				CLANG_ENABLE_MODULES = YES;
				CLANG_ENABLE_OBJC_ARC = YES;
				CLANG_ENABLE_OBJC_WEAK = YES;
				CLANG_WARN_BLOCK_CAPTURE_AUTORELEASING = YES;
				CLANG_WARN_BOOL_CONVERSION = YES;
				CLANG_WARN_COMMA = YES;
				CLANG_WARN_CONSTANT_CONVERSION = YES;
				CLANG_WARN_DEPRECATED_OBJC_IMPLEMENTATIONS = YES;
				CLANG_WARN_DIRECT_OBJC_ISA_USAGE = YES_ERROR;
				CLANG_WARN_DOCUMENTATION_COMMENTS = YES;
				CLANG_WARN_EMPTY_BODY = YES;
				CLANG_WARN_ENUM_CONVERSION = YES;
				CLANG_WARN_INFINITE_RECURSION = YES;
				CLANG_WARN_INT_CONVERSION = YES;
				CLANG_WARN_NON_LITERAL_NULL_CONVERSION = YES;
				CLANG_WARN_OBJC_IMPLICIT_RETAIN_SELF = YES;
				CLANG_WARN_OBJC_LITERAL_CONVERSION = YES;
				CLANG_WARN_OBJC_ROOT_CLASS = YES_ERROR;
				CLANG_WARN_QUOTED_INCLUDE_IN_FRAMEWORK_HEADER = YES;
				CLANG_WARN_RANGE_LOOP_ANALYSIS = YES;
				CLANG_WARN_STRICT_PROTOTYPES = YES;
				CLANG_WARN_SUSPICIOUS_MOVE = YES;
				CLANG_WARN_UNGUARDED_AVAILABILITY = YES_AGGRESSIVE;
				CLANG_WARN_UNREACHABLE_CODE = YES;
				CLANG_WARN__DUPLICATE_METHOD_MATCH = YES;
				COPY_PHASE_STRIP = NO;
				DEBUG_INFORMATION_FORMAT = dwarf;
				ENABLE_STRICT_OBJC_MSGSEND = YES;
				ENABLE_TESTABILITY = YES;
				ENABLE_USER_SCRIPT_SANDBOXING = YES;
				GCC_C_LANGUAGE_STANDARD = gnu17;
				GCC_DYNAMIC_NO_PIC = NO;
				GCC_NO_COMMON_BLOCKS = YES;
				GCC_OPTIMIZATION_LEVEL = 0;
				GCC_PREPROCESSOR_DEFINITIONS = (
					"DEBUG=1",
					"$(inherited)",
				);
				GCC_WARN_64_TO_32_BIT_CONVERSION = YES;
				GCC_WARN_ABOUT_RETURN_TYPE = YES_ERROR;
				GCC_WARN_UNDECLARED_SELECTOR = YES;
				GCC_WARN_UNINITIALIZED_AUTOS = YES_AGGRESSIVE;
				GCC_WARN_UNUSED_FUNCTION = YES;
				GCC_WARN_UNUSED_VARIABLE = YES;
				IPHONEOS_DEPLOYMENT_TARGET = 17.2;
				LOCALIZATION_PREFERS_STRING_CATALOGS = YES;
				MTL_ENABLE_DEBUG_INFO = INCLUDE_SOURCE;
				MTL_FAST_MATH = YES;
				ONLY_ACTIVE_ARCH = YES;
				SDKROOT = iphoneos;
				SWIFT_ACTIVE_COMPILATION_CONDITIONS = "DEBUG $(inherited)";
				SWIFT_OPTIMIZATION_LEVEL = "-Onone";
			};
			name = Debug;
		};
		B15541BF2C10563A00DAAB37 /* Release */ = {
			isa = XCBuildConfiguration;
			buildSettings = {
				ALWAYS_SEARCH_USER_PATHS = NO;
				ASSETCATALOG_COMPILER_GENERATE_SWIFT_ASSET_SYMBOL_EXTENSIONS = YES;
				CLANG_ANALYZER_NONNULL = YES;
				CLANG_ANALYZER_NUMBER_OBJECT_CONVERSION = YES_AGGRESSIVE;
				CLANG_CXX_LANGUAGE_STANDARD = "gnu++20";
				CLANG_ENABLE_MODULES = YES;
				CLANG_ENABLE_OBJC_ARC = YES;
				CLANG_ENABLE_OBJC_WEAK = YES;
				CLANG_WARN_BLOCK_CAPTURE_AUTORELEASING = YES;
				CLANG_WARN_BOOL_CONVERSION = YES;
				CLANG_WARN_COMMA = YES;
				CLANG_WARN_CONSTANT_CONVERSION = YES;
				CLANG_WARN_DEPRECATED_OBJC_IMPLEMENTATIONS = YES;
				CLANG_WARN_DIRECT_OBJC_ISA_USAGE = YES_ERROR;
				CLANG_WARN_DOCUMENTATION_COMMENTS = YES;
				CLANG_WARN_EMPTY_BODY = YES;
				CLANG_WARN_ENUM_CONVERSION = YES;
				CLANG_WARN_INFINITE_RECURSION = YES;
				CLANG_WARN_INT_CONVERSION = YES;
				CLANG_WARN_NON_LITERAL_NULL_CONVERSION = YES;
				CLANG_WARN_OBJC_IMPLICIT_RETAIN_SELF = YES;
				CLANG_WARN_OBJC_LITERAL_CONVERSION = YES;
				CLANG_WARN_OBJC_ROOT_CLASS = YES_ERROR;
				CLANG_WARN_QUOTED_INCLUDE_IN_FRAMEWORK_HEADER = YES;
				CLANG_WARN_RANGE_LOOP_ANALYSIS = YES;
				CLANG_WARN_STRICT_PROTOTYPES = YES;
				CLANG_WARN_SUSPICIOUS_MOVE = YES;
				CLANG_WARN_UNGUARDED_AVAILABILITY = YES_AGGRESSIVE;
				CLANG_WARN_UNREACHABLE_CODE = YES;
				CLANG_WARN__DUPLICATE_METHOD_MATCH = YES;
				COPY_PHASE_STRIP = NO;
				DEBUG_INFORMATION_FORMAT = "dwarf-with-dsym";
				ENABLE_NS_ASSERTIONS = NO;
				ENABLE_STRICT_OBJC_MSGSEND = YES;
				ENABLE_USER_SCRIPT_SANDBOXING = YES;
				GCC_C_LANGUAGE_STANDARD = gnu17;
				GCC_NO_COMMON_BLOCKS = YES;
				GCC_WARN_64_TO_32_BIT_CONVERSION = YES;
				GCC_WARN_ABOUT_RETURN_TYPE = YES_ERROR;
				GCC_WARN_UNDECLARED_SELECTOR = YES;
				GCC_WARN_UNINITIALIZED_AUTOS = YES_AGGRESSIVE;
				GCC_WARN_UNUSED_FUNCTION = YES;
				GCC_WARN_UNUSED_VARIABLE = YES;
				IPHONEOS_DEPLOYMENT_TARGET = 17.2;
				LOCALIZATION_PREFERS_STRING_CATALOGS = YES;
				MTL_ENABLE_DEBUG_INFO = NO;
				MTL_FAST_MATH = YES;
				SDKROOT = iphoneos;
				SWIFT_COMPILATION_MODE = wholemodule;
				VALIDATE_PRODUCT = YES;
			};
			name = Release;
		};
		B15541C12C10563A00DAAB37 /* Debug */ = {
			isa = XCBuildConfiguration;
			buildSettings = {
				ASSETCATALOG_COMPILER_APPICON_NAME = AppIcon;
				ASSETCATALOG_COMPILER_GLOBAL_ACCENT_COLOR_NAME = AccentColor;
				CODE_SIGN_STYLE = Automatic;
				CURRENT_PROJECT_VERSION = 1;
				DEVELOPMENT_TEAM = A8L5QZ969G;
				GENERATE_INFOPLIST_FILE = YES;
				INFOPLIST_FILE = Lotto/Info.plist;
				INFOPLIST_KEY_UIApplicationSupportsIndirectInputEvents = YES;
				INFOPLIST_KEY_UILaunchStoryboardName = LaunchScreen;
				INFOPLIST_KEY_UISupportedInterfaceOrientations = UIInterfaceOrientationPortrait;
				INFOPLIST_KEY_UISupportedInterfaceOrientations_iPad = "UIInterfaceOrientationLandscapeLeft UIInterfaceOrientationLandscapeRight UIInterfaceOrientationPortrait UIInterfaceOrientationPortraitUpsideDown";
				IPHONEOS_DEPLOYMENT_TARGET = 16.2;
				LD_RUNPATH_SEARCH_PATHS = (
					"$(inherited)",
					"@executable_path/Frameworks",
				);
				MARKETING_VERSION = 1.0;
				PRODUCT_BUNDLE_IDENTIFIER = com.thanky.Lotto;
				PRODUCT_NAME = "$(TARGET_NAME)";
				SUPPORTED_PLATFORMS = "iphoneos iphonesimulator";
				SUPPORTS_MACCATALYST = NO;
				SUPPORTS_MAC_DESIGNED_FOR_IPHONE_IPAD = NO;
				SUPPORTS_XR_DESIGNED_FOR_IPHONE_IPAD = NO;
				SWIFT_EMIT_LOC_STRINGS = YES;
				SWIFT_VERSION = 5.0;
				TARGETED_DEVICE_FAMILY = 1;
			};
			name = Debug;
		};
		B15541C22C10563A00DAAB37 /* Release */ = {
			isa = XCBuildConfiguration;
			buildSettings = {
				ASSETCATALOG_COMPILER_APPICON_NAME = AppIcon;
				ASSETCATALOG_COMPILER_GLOBAL_ACCENT_COLOR_NAME = AccentColor;
				CODE_SIGN_STYLE = Automatic;
				CURRENT_PROJECT_VERSION = 1;
				DEVELOPMENT_TEAM = A8L5QZ969G;
				GENERATE_INFOPLIST_FILE = YES;
				INFOPLIST_FILE = Lotto/Info.plist;
				INFOPLIST_KEY_UIApplicationSupportsIndirectInputEvents = YES;
				INFOPLIST_KEY_UILaunchStoryboardName = LaunchScreen;
				INFOPLIST_KEY_UISupportedInterfaceOrientations = UIInterfaceOrientationPortrait;
				INFOPLIST_KEY_UISupportedInterfaceOrientations_iPad = "UIInterfaceOrientationLandscapeLeft UIInterfaceOrientationLandscapeRight UIInterfaceOrientationPortrait UIInterfaceOrientationPortraitUpsideDown";
				IPHONEOS_DEPLOYMENT_TARGET = 16.2;
				LD_RUNPATH_SEARCH_PATHS = (
					"$(inherited)",
					"@executable_path/Frameworks",
				);
				MARKETING_VERSION = 1.0;
				PRODUCT_BUNDLE_IDENTIFIER = com.thanky.Lotto;
				PRODUCT_NAME = "$(TARGET_NAME)";
				SUPPORTED_PLATFORMS = "iphoneos iphonesimulator";
				SUPPORTS_MACCATALYST = NO;
				SUPPORTS_MAC_DESIGNED_FOR_IPHONE_IPAD = NO;
				SUPPORTS_XR_DESIGNED_FOR_IPHONE_IPAD = NO;
				SWIFT_EMIT_LOC_STRINGS = YES;
				SWIFT_VERSION = 5.0;
				TARGETED_DEVICE_FAMILY = 1;
			};
			name = Release;
		};
/* End XCBuildConfiguration section */

/* Begin XCConfigurationList section */
		B15541A72C10563800DAAB37 /* Build configuration list for PBXProject "Lotto" */ = {
			isa = XCConfigurationList;
			buildConfigurations = (
				B15541BE2C10563A00DAAB37 /* Debug */,
				B15541BF2C10563A00DAAB37 /* Release */,
			);
			defaultConfigurationIsVisible = 0;
			defaultConfigurationName = Release;
		};
		B15541C02C10563A00DAAB37 /* Build configuration list for PBXNativeTarget "Lotto" */ = {
			isa = XCConfigurationList;
			buildConfigurations = (
				B15541C12C10563A00DAAB37 /* Debug */,
				B15541C22C10563A00DAAB37 /* Release */,
			);
			defaultConfigurationIsVisible = 0;
			defaultConfigurationName = Release;
		};
/* End XCConfigurationList section */

/* Begin XCRemoteSwiftPackageReference section */
		B15541C82C1060F200DAAB37 /* XCRemoteSwiftPackageReference "Alamofire" */ = {
			isa = XCRemoteSwiftPackageReference;
			repositoryURL = "https://github.com/Alamofire/Alamofire.git";
			requirement = {
				kind = upToNextMajorVersion;
				minimumVersion = 5.9.1;
			};
		};
		B15541CB2C10610000DAAB37 /* XCRemoteSwiftPackageReference "SnapKit" */ = {
			isa = XCRemoteSwiftPackageReference;
			repositoryURL = "https://github.com/SnapKit/SnapKit";
			requirement = {
				kind = upToNextMajorVersion;
				minimumVersion = 5.7.1;
			};
		};
/* End XCRemoteSwiftPackageReference section */

/* Begin XCSwiftPackageProductDependency section */
		B15541C92C1060F200DAAB37 /* Alamofire */ = {
			isa = XCSwiftPackageProductDependency;
			package = B15541C82C1060F200DAAB37 /* XCRemoteSwiftPackageReference "Alamofire" */;
			productName = Alamofire;
		};
		B15541CC2C10610000DAAB37 /* SnapKit */ = {
			isa = XCSwiftPackageProductDependency;
			package = B15541CB2C10610000DAAB37 /* XCRemoteSwiftPackageReference "SnapKit" */;
			productName = SnapKit;
		};
/* End XCSwiftPackageProductDependency section */
	};
	rootObject = B15541A42C10563800DAAB37 /* Project object */;
}
